Started by user [8mha:////4FOQbeLQ4kpeJP7d3ecbQf0A0KeB7XUGJvBkV9ttnkX3AAAAkx+LCAAAAAAAAABb85aBtbiIQTGjNKU4P08vOT+vOD8nVc83PyU1x6OyILUoJzMv2y+/JJUBAhiZGBgqihhk0NSjKDWzXb3RdlLBUSYGJk8GtpzUvPSSDB8G5tKinBIGIZ+sxLJE/ZzEvHT94JKizLx0a6BxUmjGOUNodHsLgAyeEgYu/dLi1CIwAQDuZFJ6vwAAAA==[0mHakunaMatata
[8mha:////4BL0yhr1+th3A1In5pHABGBOdBYkHkgK5RLTJu+A6N49AAAAoh+LCAAAAAAAAABtjTEOwjAQBM8BClpKHuFItIiK1krDC0x8GCfWnbEdkooX8TX+gCESFVvtrLSa5wtWKcKBo5UdUu8otU4GP9jS5Mixv3geZcdn2TIl9igbHBs2eJyx4YwwR1SwULBGaj0nRzbDRnX6rmuvydanHMu2V1A5c4MHCFXMWcf8hSnC9jqYxPTz/BXAFEIGsfuclm8zQVqFvQAAAA==[0m[Pipeline] Start of Pipeline
[8mha:////4JG2swWgiY2eBHtM4JCk/OpTSCdn6HX9d0we48AhaoIMAAAApR+LCAAAAAAAAABtjTEOwjAUQ3+KOrAycohUghExsUZZOEFIQkgb/d8mKe3EibgadyBQiQlLlmxL1nu+oE4RjhQdby12HpP2vA+jK4lPFLtroIm3dOGaMFGwXNpJkrGnpUrKFhaxClYC1hZ1oOTRZdiIVt1VExS65pxj2Q4CKm8GeAAThZxVzN8yR9jeRpMIf5y/AJj7DGxXvP/86jduZBmjwAAAAA==[0m[Pipeline] node
Running on [8mha:////4DLC9M0lPGyrQUe9NA4hE4TfU/iZDJmP5geugPy0qEHFAAAAoR+LCAAAAAAAAABb85aBtbiIQTGjNKU4P08vOT+vOD8nVc83PyU1x6OyILUoJzMv2y+/JJUBAhiZGBgqihhk0NSjKDWzXb3RdlLBUSYGJk8GtpzUvPSSDB8G5tKinBIGIZ+sxLJE/ZzEvHT94JKizLx0a6BxUmjGOUNodHsLgAz2EgZR/eT83ILSktQifY2k0sycEt3MPE19AHHxbH3KAAAA[0mJenkins in /var/lib/jenkins/workspace/Terraform-Pipeline
[8mha:////4Kp9az5kfmDdLuNaINNRaSB2nLWbmxCQkJm2MmLxIgFwAAAApR+LCAAAAAAAAABtjTEOwjAUQ3+KOrAycoh0gA0xsUZZOEFIQkgb/d8mKe3EibgadyBQiQlLlmxL1nu+oE4RjhQdby12HpP2vA+jK4lPFLtroIm3dOGaMFGwXNpJkrGnpUrKFhaxClYC1hZ1oOTRZdiIVt1VExS65pxj2Q4CKm8GeAAThZxVzN8yR9jeRpMIf5y/AJj7DGxXvP/86jfoP95RwAAAAA==[0m[Pipeline] {
[8mha:////4DOtjzqfyHnWiSuk411uLaPTSwbAO0GAOK3LZj5TvuJvAAAApR+LCAAAAAAAAABtjTEOwjAUQ3+KOrAycoh0gQkxsUZZOEFIQkgb/d8mKe3EibgadyBQiQlLlmxL1nu+oE4RjhQdby12HpP2vA+jK4lPFLtroIm3dOGaMFGwXNpJkrGnpUrKFhaxClYC1hZ1oOTRZdiIVt1VExS65pxj2Q4CKm8GeAAThZxVzN8yR9jeRpMIf5y/AJj7DGxXvP/86jc09154wAAAAA==[0m[Pipeline] withEnv
[8mha:////4LUn4dzb1pfUCjeNQMbcU9TnVbvGoU5rGtiHIJagZoT4AAAApR+LCAAAAAAAAABtjTEOwjAUQ3+KOrAycoh0ggUxsUZZOEFIQkgb/d8mKe3EibgadyBQiQlLlmxL1nu+oE4RjhQdby12HpP2vA+jK4lPFLtroIm3dOGaMFGwXNpJkrGnpUrKFhaxClYC1hZ1oOTRZdiIVt1VExS65pxj2Q4CKm8GeAAThZxVzN8yR9jeRpMIf5y/AJj7DGxXvP/86jek7ggRwAAAAA==[0m[Pipeline] {
[8mha:////4AqeRGn7OBG3000rN7bN5vEdQPhVkq5GvJfh/AJAhC7PAAAApR+LCAAAAAAAAABtjTEOwjAUQ3+KOrAycoh0gwExsUZZOEFIQkgb/d8mKe3EibgadyBQiQlLlmxL1nu+oE4RjhQdby12HpP2vA+jK4lPFLtroIm3dOGaMFGwXNpJkrGnpUrKFhaxClYC1hZ1oOTRZdiIVt1VExS65pxj2Q4CKm8GeAAThZxVzN8yR9jeRpMIf5y/AJj7DGxXvP/86jcChmMxwAAAAA==[0m[Pipeline] stage
[8mha:////4GakXW/WnxK+RSJgWq3+r5oR6atlzsBXsobJyW2+f+hyAAAApR+LCAAAAAAAAABtjTEOwjAUQ3+KOrAycoh0BAkxsUZZOEFIQkgb/d8mKe3EibgadyBQiQlLlmxL1nu+oE4RjhQdby12HpP2vA+jK4lPFLtroIm3dOGaMFGwXNpJkrGnpUrKFhaxClYC1hZ1oOTRZdiIVt1VExS65pxj2Q4CKm8GeAAThZxVzN8yR9jeRpMIf5y/AJj7DGxXvP/86jfpX/cvwAAAAA==[0m[Pipeline] { (Clone Repository)
[8mha:////4FnqqYVjHSt5AVVBYyuvKtxZMCH8MA0Eo14o6EXL4hNWAAAApR+LCAAAAAAAAABtjTEOwjAUQ3+KOrAycoh0BSEm1igLJwhJCGmj/9skpZ04EVfjDgQqMWHJkm3Jes8X1CnCkaLjrcXOY9Ke92F0JfGJYncNNPGWLlwTJgqWSztJMva0VEnZwiJWwUrA2qIOlDy6DBvRqrtqgkLXnHMs20FA5c0AD2CikLOK+VvmCNvbaBLhj/MXAHOfge2K959f/QbB16AVwAAAAA==[0m[Pipeline] script
[8mha:////4OSzMra9rkJgmVIx3+T7EfbjwtLYcgAXleixhUs9mXU7AAAAph+LCAAAAAAAAABtjTEOwjAQBM9BKWgpeYQDJUJUtJYbXmBiY5xYd8G+kFS8iK/xBwKRqNhqZ6XVPF9Q5gQHSl42DtuAuQ6yi72fmhwotZdIg2zoLGvCTNFJ7QZN1h1n1MQO5ogCFgqWDutIOaBnWKnG3E0VDfrqxGna9gqKYG/wAKEmM5vEXxgTrK+9zYQ/z18BjB2D2DEU283nWL4Bsam+msEAAAA=[0m[Pipeline] {
[8mha:////4J1Qs1HNLH7xkquoLzsjFqkKFt7E3ZQkQd/yblJiOMVVAAAAox+LCAAAAAAAAABtjTEOwjAQBC9BFLSUPOJCakRFa6XhBSYxxo5159gOTsWL+Bp/IBCJii1WO9vM8wXrGODIQaNV1BuKrUHvRj0vzBz6q+OMli/YMkV2ChuVG+7UacGGk4IlRQkrARtFreNoSCfYCivvsnKSdHVOYf4OAkrTDfCAQszmJEP6whRgdxu7yPTz/BXA5BOU9f5TtX8D0loxuL4AAAA=[0m[Pipeline] echo
Cloning the Git repository...
[8mha:////4I2i0oz72gHfFtCp7f7o0lOP12JFFzvbjIyMGyvJryxBAAAAox+LCAAAAAAAAABtjTEOwjAQBC9BFLSUPOICtIgqreWGF5jYGCfWnbEdkooX8TX+QCASFVusdraZ5wuWKcKRo8XWUOcoNQ6D7+20cODYXTwP2PIZG6bE3qA0g2Rt6hklZwNzihIWAlaGGs/Jkc2wFq26q8orstUpx+k7CCidvsEDCjGZs4r5C2OEzbXXienn+SuAMYQM5W7/qe0bsgYiW74AAAA=[0m[Pipeline] }
[8mha:////4CK79H5fjp8fhTP0qBy6w8QCoxBs6KZwdS2X7O87bZEWAAAAox+LCAAAAAAAAABtjTEOwjAQBDdBFLSUPMIRokKIitZKwwtMYowT6y7YF5KKF/E1/kBEJCq22plmXm8sU8SRo1ONpdZTqrzqQu+mpwaO7TXwoBq+qIopcbCqtEPJtT3NWLJYzMtyLDRWlqrAyZMTrHVjHqYIhlxxlji5g0bu6zueyPRUFhPlC2PE5tbXienX+RvA2HWCfLsTZPsP6C1U670AAAA=[0m[Pipeline] // script
[8mha:////4Dt2Fmv5eP62Yc48+eJJlNzGS6lN6wSawRP0Mq4t0G44AAAApB+LCAAAAAAAAABtjTEOwjAQBDdBFLSUPMIREgUSoqK10vACkxjjxLoL9oWk4kV8jT8QEYmKrXammdcbyxRx5OhUY6n1lCqvutC76amBY3sNPKiGL6piShysKu1Qcm1PM5YsFvOyHAuNlaUqcPLkBGvdmIcpgiFXnCVO7qCR+/qOJzI9lcVE+cIYsbn1dWL6df4GMHaCbC/It7vuAyX3kfC9AAAA[0m[Pipeline] git
The recommended git tool is: NONE
using credential github-ssh-key
Cloning the remote Git repository
Cloning repository git@github.com:yair232/status-page.git
 > git init /var/lib/jenkins/workspace/Terraform-Pipeline # timeout=10
Fetching upstream changes from git@github.com:yair232/status-page.git
 > git --version # timeout=10
 > git --version # 'git version 2.34.1'
using GIT_SSH to set credentials GitHub SSH Key for Jenkins
Verifying host key using known hosts file, will automatically accept unseen keys
 > git fetch --tags --force --progress -- git@github.com:yair232/status-page.git +refs/heads/*:refs/remotes/origin/* # timeout=10
 > git config remote.origin.url git@github.com:yair232/status-page.git # timeout=10
 > git config --add remote.origin.fetch +refs/heads/*:refs/remotes/origin/* # timeout=10
Avoid second fetch
 > git rev-parse refs/remotes/origin/main^{commit} # timeout=10
Checking out Revision efd91fa4afa820d25c130eee63a4daa0664999ed (refs/remotes/origin/main)
 > git config core.sparsecheckout # timeout=10
 > git checkout -f efd91fa4afa820d25c130eee63a4daa0664999ed # timeout=10
 > git branch -a -v --no-abbrev # timeout=10
 > git checkout -b main efd91fa4afa820d25c130eee63a4daa0664999ed # timeout=10
Commit message: "Update Jenkinsfile"
 > git rev-list --no-walk 91123dc034efdf742b7fcb033d0b85a5da7467aa # timeout=10
[8mha:////4BLM4H8d62um+iYeXqqjqv+RIigrMtuTBxgagOWj9e7QAAAApB+LCAAAAAAAAABtjTEOwjAQBDdBFLSUPMIRBRISoqK10vACkxjjxLoL9oWk4kV8jT8QEYmKrXammdcbyxRx5OhUY6n1lCqvutC76amBY3sNPKiGL6piShysKu1Qcm1PM5YsFvOyHAuNlaUqcPLkBGvdmIcpgiFXnCVO7qCR+/qOJzI9lcVE+cIYsbn1dWL6df4GMHadIN/uBNn+A97oExO9AAAA[0m[Pipeline] }
[8mha:////4MjFSApyGGd3D0gDJ4ix3+RVkzedrbwMd4IXDJ9+EqRgAAAAox+LCAAAAAAAAABtjTEOwjAQBDdBFLSUPMIRDRSIitZKwwtMYowT6y7YF5KKF/E1/kBEJCq22plmXm8sU8SRo1ONpdZTqrzqQu+mpwaO7TXwoBq+qIopcbCqtEPJtT3NWLJYzMtyLDRWlqrAyZMTrHVjHqYIhlxxlji5g0bu6zueyPRUFhPlC2PE5tbXienX+RvA2HWCfLsTZPsPn48MxL0AAAA=[0m[Pipeline] // stage
[8mha:////4FuagYFzm9cs+m9F6Be+Up9TBBffMjwsTXrlCVV7+8EZAAAAph+LCAAAAAAAAABtjTEOwjAQBM9BKWgpeYQjGigQFa3lhheY2Bgn1l2wLyQVL+Jr/IFAJCq22llpNc8XlDnBgZKXjcM2YK6D7GLvpyYHSu0l0iAbOsuaMFN0UrtBk3XHGTWxgzmigIWCpcM6Ug7oGVaqMXdTRYO+OnGatr2CItgbPECoycwm8RfGBOtrbzPhz/NXAGPHILYMxWb3OZZvz21DFMEAAAA=[0m[Pipeline] stage
[8mha:////4FKUzAfVN3I/TW3Z2W0D5z9GW//O0DhPNg8sX+Ee2kTcAAAApx+LCAAAAAAAAABtjTEOwjAUQ3+LOrAycohUTCAhpq5RFk4QmhDSRv+Xn5R24kRcjTvQUokJD5ZtyXqvNxSR4UTsRGOx9RhrL7rQuymJgbi9BhpEQxdRE0YKVig7KDK2WqqiZGFRlsNKwtpiHSh6dAk2stEPXQaNrjwnnrajhNybOzwhkxM5aU7fMjJsb72JhD/OXwCMXYJ8t5/tMD+LD0rlhNLCAAAA[0m[Pipeline] { (Terraform Init & Apply)
[8mha:////4MYiiJQRNOjJcj+0pQoOpnzIeVq3nv1FC5Vn80NuMMAwAAAApx+LCAAAAAAAAABtjTEOwjAUQ3+LOrAycohUbCDE1DXKwglCE0La6P/yk9JOnIircQdaKjHhwbItWe/1hiIynIidaCy2HmPtRRd6NyUxELfXQINo6CJqwkjBCmUHRcZWS1WULCzKclhJWFusA0WPLsFGNvqhy6DRlefE03aUkHtzhydkciInzelbRobtrTeR8Mf5C4CxS5Dv9rMd5mfxASnCIIrCAAAA[0m[Pipeline] withCredentials
WARNING: Unknown parameter(s) found for class type 'com.cloudbees.jenkins.plugins.awscredentials.AmazonWebServicesCredentialsBinding': keyIdVariable,secretVariable
WARNING: Unknown parameter(s) found for class type 'com.cloudbees.jenkins.plugins.awscredentials.AmazonWebServicesCredentialsBinding': keyIdVariable,secretVariable
Masking supported pattern matches of $AWS_ACCESS_KEY_ID or $AWS_SECRET_ACCESS_KEY
[8mha:////4IHvaOhAtaEIjLw1B1EQq70bPpeMqZdxxgAb2PVxdG7lAAAApx+LCAAAAAAAAABtjTEOwjAUQ3+LOrAycogU2BDqxBp14QShCSFp9H9JUtKJE3E17kCgEhMeLNuS9Z4vqIKHhrxmVmFvMHSGDW7UObFEvr84SszSmXWEgZxirUotSXWca0tRwayihAWHpcLOUTCoI6y4FXdRO4G6PkWftwOH0sgbPKDgmRyFj98yeVhfRxkIf5y/AJiGCOV2n223+TyrN7xWSV3CAAAA[0m[Pipeline] {
[8mha:////4PAYiuBEi4gdqbdIoIsPouwTCcksBSEUW6yCNNdp31CiAAAAph+LCAAAAAAAAABtjTEOwjAUQ3+LOrAycogUWBFT1ygLJwhNCGmj/8tPSjtxIq7GHWipxIQHy7ZkvdcbishwInaisdh6jLUXXejdlMRA3F4DDaKhi6gJIwUrlB0UGVstVVGysCjLYSVhbbEOFD26BBvZ6Icug0ZXnhNP21FC7s0dnpDJiZw0p28ZGba33kTCH+cvAMYuQX7Yzbafn8UHbGnGmsIAAAA=[0m[Pipeline] dir
Running in /var/lib/jenkins/workspace/Terraform-Pipeline/final-project-terraform
[8mha:////4Oxsf6opky9v+DMiweljMIhA7S2KloCKG2n/MbYHH7fUAAAAph+LCAAAAAAAAABtjTEOwjAUQ3+DOrAycohUdEVMrFEXThCaEJJG/7dJSjpxIq7GHWipxIQHy7ZkvdcbyhjgRMFwp7GzGFvLez+aOfFMobt5ytzRlbeEkbzmjc4NKX1ea0NJw6qCwUbAVmPrKVo0CXbCyYesvERTXVKYt6MAZtUATyjETE4ypG+ZAuzvo4qEP85fAEx9AlYfFquXZ/kBAsTc3cIAAAA=[0m[Pipeline] {
[8mha:////4GpeQBhKrRM4M78WHHjROs2RhdqeyV1KNTE0uehthjHbAAAAph+LCAAAAAAAAABtjTEOwjAUQ3+LOrAycohUKiNiYo2ycILQhJA0+r9NUtKJE3E17kBLJSY8WLYl673eUMUAJwqGOY2dxdha1vvRzIllCt3NU2aOrqwljOQ1EzoLUvq8VkFJw6qihA2HrcbWU7RoEuy4kw9Ze4mmvqQwb0cOpVUDPKHgMznJkL5lCrC/jyoS/jh/ATD1CcqmWeywPKsPpnFij8IAAAA=[0m[Pipeline] script
[8mha:////4NoTqanW/C3Iyz5pJp84s0OKnMiqXrUiTp0u7r2NsYRSAAAApx+LCAAAAAAAAABtjTEOwjAUQ3+LOrAycohUAjbE1DXKwglCE0La6P/yk9JOnIircQdaKjHhwbItWe/1hiIynIidaCy2HmPtRRd6NyUxELfXQINo6CJqwkjBCmUHRcZWS1WULCzKclhJWFusA0WPLsFGNvqhy6DRlefE03aUkHtzhydkciInzelbRobtrTeR8Mf5C4CxS5Dv9rMd5mfxAd6e6VPCAAAA[0m[Pipeline] {
[8mha:////4BpYcJYlv8uIFibnJzEnZSrMoCZlXR5EBmhJ0eXe8u92AAAApB+LCAAAAAAAAABtjTEOwjAQBC9BFLSUPOIiIagQVVrLDS8wsTFOrDtjOyQVL+Jr/IFAJCq2WO1sM88XLFOEI0eLraHOUWocBt/baeHAsbt4HrDlMzZMib1BaQbJ2tQzSs4G5hQlLASsDDWekyObYS1adVeVV2SrU47TdxBQOn2DBxRiMmcV8xfGCJtrrxPTz/NXAGPIUG53n9qHN38C26S+AAAA[0m[Pipeline] echo
Initializing and applying Terraform configuration...
[8mha:////4L7s4neNZBHVWNqMC2Pap8SaaEfE2ZJimw/l3QGkXsT1AAAApR+LCAAAAAAAAABtjTEOwjAQBC9BFLSUPOIiIUSDqNJabniBiY1xYt0Z2yGpeBFf4w8EIlGxxWpnm3m+YJkiHDlabA11jlLjMPjeTgsHjt3F84Atn7FhSuwNSjNI1qaeUXI2MKcoYSFgZajxnBzZDGvRqruqvCJbnXKcvoOA0ukbPKAQkzmrmL8wRthce52Yfp6/AhhDyFBu95/avQHjyRvdvgAAAA==[0m[Pipeline] }
[8mha:////4M2/4XifI552x1aBKVgSYF2ELoHhbANmfopKYjGVI5gEAAAApR+LCAAAAAAAAABtjTEOwjAQBC9BFLSUPOIiQUGBqNJabniBiY1xYt0Z2yGpeBFf4w8EIlGxxWpnm3m+YJkiHDlabA11jlLjMPjeTgsHjt3F84Atn7FhSuwNSjNI1qaeUXI2MKcoYSFgZajxnBzZDGvRqruqvCJbnXKcvoOA0ukbPKAQkzmrmL8wRthce52Yfp6/AhhDyFBu95/avQHljyOIvgAAAA==[0m[Pipeline] // script
[8mha:////4A9J4jVPNa0NiestOh9PZEa+LaP2HzWd1tnWFlWwSjecAAAApB+LCAAAAAAAAABtjbEOwiAURV9rHFwd/QiadDIxTq6ExS/AFhFK3qNApZNf5K/5D6JNnLzDzT13Oc8XrGOAIwXNrMLBYOwM827SZbFMYbg6yszShXWEkZxiQmVBvTotKCgpWFLVsOKwUdg5igZ1gi238i4bJ1E35xTKd+BQm36EB1S8mJMM6QtzgN1t6iPhz/NXALNPULftp/b+DQhJpXK+AAAA[0m[Pipeline] sh
+ terraform init

[0m[1mInitializing the backend...[0m
[0m[1mInitializing modules...[0m
- eks in modules/eks
- iam in modules/iam
- load_balancer in modules/load_balancer
- load_balancer.iam in modules/iam
- rds in modules/rds
- vpc in modules/vpc

[0m[1mInitializing provider plugins...[0m
- Finding latest version of hashicorp/aws...
- Installing hashicorp/aws v5.72.1...
- Installed hashicorp/aws v5.72.1 (signed by HashiCorp)

Terraform has created a lock file [1m.terraform.lock.hcl[0m to record the provider
selections it made above. Include this file in your version control repository
so that Terraform can guarantee to make the same selections by default when
you run "terraform init" in the future.[0m

[0m[1m[32mTerraform has been successfully initialized![0m[32m[0m
[0m[32m
You may now begin working with Terraform. Try running "terraform plan" to see
any changes that are required for your infrastructure. All Terraform commands
should now work.

If you ever set or change modules or backend configuration for Terraform,
rerun this command to reinitialize your working directory. If you forget, other
commands will detect it and remind you to do so if necessary.[0m
+ terraform plan -out=tfplan
[0m[1mmodule.vpc.data.aws_availability_zones.available: Reading...[0m[0m
[0m[1mmodule.vpc.data.aws_availability_zones.available: Read complete after 0s [id=us-east-1][0m

Terraform used the selected providers to generate the following execution
plan. Resource actions are indicated with the following symbols:
  [32m+[0m create[0m

Terraform will perform the following actions:

[1m  # module.eks.aws_eks_cluster.this[0m will be created
[0m  [32m+[0m[0m resource "aws_eks_cluster" "this" {
      [32m+[0m[0m arn                           = (known after apply)
      [32m+[0m[0m bootstrap_self_managed_addons = true
      [32m+[0m[0m certificate_authority         = (known after apply)
      [32m+[0m[0m cluster_id                    = (known after apply)
      [32m+[0m[0m created_at                    = (known after apply)
      [32m+[0m[0m endpoint                      = (known after apply)
      [32m+[0m[0m id                            = (known after apply)
      [32m+[0m[0m identity                      = (known after apply)
      [32m+[0m[0m name                          = "my-eks-cluster"
      [32m+[0m[0m platform_version              = (known after apply)
      [32m+[0m[0m role_arn                      = (known after apply)
      [32m+[0m[0m status                        = (known after apply)
      [32m+[0m[0m tags                          = {
          [32m+[0m[0m "Name" = "EKS Cluster"
        }
      [32m+[0m[0m tags_all                      = {
          [32m+[0m[0m "Name" = "EKS Cluster"
        }
      [32m+[0m[0m version                       = (known after apply)

      [32m+[0m[0m vpc_config {
          [32m+[0m[0m cluster_security_group_id = (known after apply)
          [32m+[0m[0m endpoint_private_access   = false
          [32m+[0m[0m endpoint_public_access    = true
          [32m+[0m[0m public_access_cidrs       = (known after apply)
          [32m+[0m[0m security_group_ids        = (known after apply)
          [32m+[0m[0m subnet_ids                = (known after apply)
          [32m+[0m[0m vpc_id                    = (known after apply)
        }
    }

[1m  # module.eks.aws_eks_node_group.this[0m will be created
[0m  [32m+[0m[0m resource "aws_eks_node_group" "this" {
      [32m+[0m[0m ami_type               = "AL2_x86_64"
      [32m+[0m[0m arn                    = (known after apply)
      [32m+[0m[0m capacity_type          = (known after apply)
      [32m+[0m[0m cluster_name           = "my-eks-cluster"
      [32m+[0m[0m disk_size              = (known after apply)
      [32m+[0m[0m id                     = (known after apply)
      [32m+[0m[0m instance_types         = [
          [32m+[0m[0m "t2.medium",
        ]
      [32m+[0m[0m node_group_name        = "my-eks-node-group"
      [32m+[0m[0m node_group_name_prefix = (known after apply)
      [32m+[0m[0m node_role_arn          = (known after apply)
      [32m+[0m[0m release_version        = (known after apply)
      [32m+[0m[0m resources              = (known after apply)
      [32m+[0m[0m status                 = (known after apply)
      [32m+[0m[0m subnet_ids             = (known after apply)
      [32m+[0m[0m tags                   = {
          [32m+[0m[0m "Name" = "EKS Node Group"
        }
      [32m+[0m[0m tags_all               = {
          [32m+[0m[0m "Name" = "EKS Node Group"
        }
      [32m+[0m[0m version                = (known after apply)

      [32m+[0m[0m scaling_config {
          [32m+[0m[0m desired_size = 2
          [32m+[0m[0m max_size     = 3
          [32m+[0m[0m min_size     = 1
        }
    }

[1m  # module.iam.aws_iam_policy.elb_policy[0m will be created
[0m  [32m+[0m[0m resource "aws_iam_policy" "elb_policy" {
      [32m+[0m[0m arn              = (known after apply)
      [32m+[0m[0m attachment_count = (known after apply)
      [32m+[0m[0m description      = "IAM policy for managing Elastic Load Balancer"
      [32m+[0m[0m id               = (known after apply)
      [32m+[0m[0m name             = (known after apply)
      [32m+[0m[0m name_prefix      = "ELBManagementPolicy-"
      [32m+[0m[0m path             = "/"
      [32m+[0m[0m policy           = jsonencode(
            {
              [32m+[0m[0m Statement = [
                  [32m+[0m[0m {
                      [32m+[0m[0m Action   = [
                          [32m+[0m[0m "elasticloadbalancing:*",
                          [32m+[0m[0m "ec2:DetachNetworkInterface",
                          [32m+[0m[0m "ec2:DescribeNetworkInterfaces",
                          [32m+[0m[0m "ec2:DeleteNetworkInterface",
                        ]
                      [32m+[0m[0m Effect   = "Allow"
                      [32m+[0m[0m Resource = "*"
                    },
                ]
              [32m+[0m[0m Version   = "2012-10-17"
            }
        )
      [32m+[0m[0m policy_id        = (known after apply)
      [32m+[0m[0m tags_all         = (known after apply)
    }

[1m  # module.iam.aws_iam_role.eks_cluster_role[0m will be created
[0m  [32m+[0m[0m resource "aws_iam_role" "eks_cluster_role" {
      [32m+[0m[0m arn                   = (known after apply)
      [32m+[0m[0m assume_role_policy    = jsonencode(
            {
              [32m+[0m[0m Statement = [
                  [32m+[0m[0m {
                      [32m+[0m[0m Action    = "sts:AssumeRole"
                      [32m+[0m[0m Effect    = "Allow"
                      [32m+[0m[0m Principal = {
                          [32m+[0m[0m Service = "eks.amazonaws.com"
                        }
                      [32m+[0m[0m Sid       = ""
                    },
                ]
              [32m+[0m[0m Version   = "2012-10-17"
            }
        )
      [32m+[0m[0m create_date           = (known after apply)
      [32m+[0m[0m force_detach_policies = false
      [32m+[0m[0m id                    = (known after apply)
      [32m+[0m[0m managed_policy_arns   = (known after apply)
      [32m+[0m[0m max_session_duration  = 3600
      [32m+[0m[0m name                  = (known after apply)
      [32m+[0m[0m name_prefix           = "eks-cluster-role-"
      [32m+[0m[0m path                  = "/"
      [32m+[0m[0m tags                  = {
          [32m+[0m[0m "Name" = "Y-R-EKS-Cluster-Role"
        }
      [32m+[0m[0m tags_all              = {
          [32m+[0m[0m "Name" = "Y-R-EKS-Cluster-Role"
        }
      [32m+[0m[0m unique_id             = (known after apply)
    }

[1m  # module.iam.aws_iam_role.eks_node_group_role[0m will be created
[0m  [32m+[0m[0m resource "aws_iam_role" "eks_node_group_role" {
      [32m+[0m[0m arn                   = (known after apply)
      [32m+[0m[0m assume_role_policy    = jsonencode(
            {
              [32m+[0m[0m Statement = [
                  [32m+[0m[0m {
                      [32m+[0m[0m Action    = "sts:AssumeRole"
                      [32m+[0m[0m Effect    = "Allow"
                      [32m+[0m[0m Principal = {
                          [32m+[0m[0m Service = "ec2.amazonaws.com"
                        }
                      [32m+[0m[0m Sid       = ""
                    },
                ]
              [32m+[0m[0m Version   = "2012-10-17"
            }
        )
      [32m+[0m[0m create_date           = (known after apply)
      [32m+[0m[0m force_detach_policies = false
      [32m+[0m[0m id                    = (known after apply)
      [32m+[0m[0m managed_policy_arns   = (known after apply)
      [32m+[0m[0m max_session_duration  = 3600
      [32m+[0m[0m name                  = (known after apply)
      [32m+[0m[0m name_prefix           = "eks-node-group-role-"
      [32m+[0m[0m path                  = "/"
      [32m+[0m[0m tags                  = {
          [32m+[0m[0m "Name" = "Y-R-EKS-Node-Group-Role"
        }
      [32m+[0m[0m tags_all              = {
          [32m+[0m[0m "Name" = "Y-R-EKS-Node-Group-Role"
        }
      [32m+[0m[0m unique_id             = (known after apply)
    }

[1m  # module.iam.aws_iam_role.elb_role[0m will be created
[0m  [32m+[0m[0m resource "aws_iam_role" "elb_role" {
      [32m+[0m[0m arn                   = (known after apply)
      [32m+[0m[0m assume_role_policy    = jsonencode(
            {
              [32m+[0m[0m Statement = [
                  [32m+[0m[0m {
                      [32m+[0m[0m Action    = "sts:AssumeRole"
                      [32m+[0m[0m Effect    = "Allow"
                      [32m+[0m[0m Principal = {
                          [32m+[0m[0m Service = "ec2.amazonaws.com"
                        }
                      [32m+[0m[0m Sid       = ""
                    },
                ]
              [32m+[0m[0m Version   = "2012-10-17"
            }
        )
      [32m+[0m[0m create_date           = (known after apply)
      [32m+[0m[0m force_detach_policies = false
      [32m+[0m[0m id                    = (known after apply)
      [32m+[0m[0m managed_policy_arns   = (known after apply)
      [32m+[0m[0m max_session_duration  = 3600
      [32m+[0m[0m name                  = (known after apply)
      [32m+[0m[0m name_prefix           = "ELBManagementRole-"
      [32m+[0m[0m path                  = "/"
      [32m+[0m[0m tags_all              = (known after apply)
      [32m+[0m[0m unique_id             = (known after apply)
    }

[1m  # module.iam.aws_iam_role_policy_attachment.ecr_read_only[0m will be created
[0m  [32m+[0m[0m resource "aws_iam_role_policy_attachment" "ecr_read_only" {
      [32m+[0m[0m id         = (known after apply)
      [32m+[0m[0m policy_arn = "arn:aws:iam::aws:policy/AmazonEC2ContainerRegistryReadOnly"
      [32m+[0m[0m role       = (known after apply)
    }

[1m  # module.iam.aws_iam_role_policy_attachment.eks_cluster_policy[0m will be created
[0m  [32m+[0m[0m resource "aws_iam_role_policy_attachment" "eks_cluster_policy" {
      [32m+[0m[0m id         = (known after apply)
      [32m+[0m[0m policy_arn = "arn:aws:iam::aws:policy/AmazonEKSClusterPolicy"
      [32m+[0m[0m role       = (known after apply)
    }

[1m  # module.iam.aws_iam_role_policy_attachment.eks_cni_policy[0m will be created
[0m  [32m+[0m[0m resource "aws_iam_role_policy_attachment" "eks_cni_policy" {
      [32m+[0m[0m id         = (known after apply)
      [32m+[0m[0m policy_arn = "arn:aws:iam::aws:policy/AmazonEKS_CNI_Policy"
      [32m+[0m[0m role       = (known after apply)
    }

[1m  # module.iam.aws_iam_role_policy_attachment.eks_worker_node_policy[0m will be created
[0m  [32m+[0m[0m resource "aws_iam_role_policy_attachment" "eks_worker_node_policy" {
      [32m+[0m[0m id         = (known after apply)
      [32m+[0m[0m policy_arn = "arn:aws:iam::aws:policy/AmazonEKSWorkerNodePolicy"
      [32m+[0m[0m role       = (known after apply)
    }

[1m  # module.iam.aws_iam_role_policy_attachment.elb_attachment[0m will be created
[0m  [32m+[0m[0m resource "aws_iam_role_policy_attachment" "elb_attachment" {
      [32m+[0m[0m id         = (known after apply)
      [32m+[0m[0m policy_arn = (known after apply)
      [32m+[0m[0m role       = (known after apply)
    }

[1m  # module.load_balancer.aws_elb.this[0m will be created
[0m  [32m+[0m[0m resource "aws_elb" "this" {
      [32m+[0m[0m arn                         = (known after apply)
      [32m+[0m[0m availability_zones          = (known after apply)
      [32m+[0m[0m connection_draining         = false
      [32m+[0m[0m connection_draining_timeout = 300
      [32m+[0m[0m cross_zone_load_balancing   = true
      [32m+[0m[0m desync_mitigation_mode      = "defensive"
      [32m+[0m[0m dns_name                    = (known after apply)
      [32m+[0m[0m id                          = (known after apply)
      [32m+[0m[0m idle_timeout                = 60
      [32m+[0m[0m instances                   = (known after apply)
      [32m+[0m[0m internal                    = (known after apply)
      [32m+[0m[0m name                        = "my-load-balancer"
      [32m+[0m[0m name_prefix                 = (known after apply)
      [32m+[0m[0m security_groups             = (known after apply)
      [32m+[0m[0m source_security_group       = (known after apply)
      [32m+[0m[0m source_security_group_id    = (known after apply)
      [32m+[0m[0m subnets                     = (known after apply)
      [32m+[0m[0m tags                        = {
          [32m+[0m[0m "Name" = "Y-R-LoadBalancer"
        }
      [32m+[0m[0m tags_all                    = {
          [32m+[0m[0m "Name" = "Y-R-LoadBalancer"
        }
      [32m+[0m[0m zone_id                     = (known after apply)

      [32m+[0m[0m health_check {
          [32m+[0m[0m healthy_threshold   = 2
          [32m+[0m[0m interval            = 30
          [32m+[0m[0m target              = "HTTP:8000/"
          [32m+[0m[0m timeout             = 5
          [32m+[0m[0m unhealthy_threshold = 2
        }

      [32m+[0m[0m listener {
          [32m+[0m[0m instance_port     = 8000
          [32m+[0m[0m instance_protocol = "HTTP"
          [32m+[0m[0m lb_port           = 80
          [32m+[0m[0m lb_protocol       = "HTTP"
        }
    }

[1m  # module.rds.aws_db_instance.db_insta[0m will be created
[0m  [32m+[0m[0m resource "aws_db_instance" "db_insta" {
      [32m+[0m[0m address                               = (known after apply)
      [32m+[0m[0m allocated_storage                     = 20
      [32m+[0m[0m apply_immediately                     = false
      [32m+[0m[0m arn                                   = (known after apply)
      [32m+[0m[0m auto_minor_version_upgrade            = true
      [32m+[0m[0m availability_zone                     = (known after apply)
      [32m+[0m[0m backup_retention_period               = (known after apply)
      [32m+[0m[0m backup_target                         = (known after apply)
      [32m+[0m[0m backup_window                         = (known after apply)
      [32m+[0m[0m ca_cert_identifier                    = (known after apply)
      [32m+[0m[0m character_set_name                    = (known after apply)
      [32m+[0m[0m copy_tags_to_snapshot                 = false
      [32m+[0m[0m db_name                               = "statuspage"
      [32m+[0m[0m db_subnet_group_name                  = "rds-private-subnet-group"
      [32m+[0m[0m dedicated_log_volume                  = false
      [32m+[0m[0m delete_automated_backups              = true
      [32m+[0m[0m domain_fqdn                           = (known after apply)
      [32m+[0m[0m endpoint                              = (known after apply)
      [32m+[0m[0m engine                                = "postgres"
      [32m+[0m[0m engine_lifecycle_support              = (known after apply)
      [32m+[0m[0m engine_version                        = (known after apply)
      [32m+[0m[0m engine_version_actual                 = (known after apply)
      [32m+[0m[0m hosted_zone_id                        = (known after apply)
      [32m+[0m[0m id                                    = (known after apply)
      [32m+[0m[0m identifier                            = "statuspage"
      [32m+[0m[0m identifier_prefix                     = (known after apply)
      [32m+[0m[0m instance_class                        = "db.t3.micro"
      [32m+[0m[0m iops                                  = (known after apply)
      [32m+[0m[0m kms_key_id                            = (known after apply)
      [32m+[0m[0m latest_restorable_time                = (known after apply)
      [32m+[0m[0m license_model                         = (known after apply)
      [32m+[0m[0m listener_endpoint                     = (known after apply)
      [32m+[0m[0m maintenance_window                    = (known after apply)
      [32m+[0m[0m master_user_secret                    = (known after apply)
      [32m+[0m[0m master_user_secret_kms_key_id         = (known after apply)
      [32m+[0m[0m monitoring_interval                   = 0
      [32m+[0m[0m monitoring_role_arn                   = (known after apply)
      [32m+[0m[0m multi_az                              = true
      [32m+[0m[0m nchar_character_set_name              = (known after apply)
      [32m+[0m[0m network_type                          = (known after apply)
      [32m+[0m[0m option_group_name                     = (known after apply)
      [32m+[0m[0m parameter_group_name                  = (known after apply)
      [32m+[0m[0m password                              = (sensitive value)
      [32m+[0m[0m performance_insights_enabled          = false
      [32m+[0m[0m performance_insights_kms_key_id       = (known after apply)
      [32m+[0m[0m performance_insights_retention_period = (known after apply)
      [32m+[0m[0m port                                  = (known after apply)
      [32m+[0m[0m publicly_accessible                   = false
      [32m+[0m[0m replica_mode                          = (known after apply)
      [32m+[0m[0m replicas                              = (known after apply)
      [32m+[0m[0m resource_id                           = (known after apply)
      [32m+[0m[0m skip_final_snapshot                   = true
      [32m+[0m[0m snapshot_identifier                   = (known after apply)
      [32m+[0m[0m status                                = (known after apply)
      [32m+[0m[0m storage_throughput                    = (known after apply)
      [32m+[0m[0m storage_type                          = (known after apply)
      [32m+[0m[0m tags                                  = {
          [32m+[0m[0m "Name" = "Y-R-db"
        }
      [32m+[0m[0m tags_all                              = {
          [32m+[0m[0m "Name" = "Y-R-db"
        }
      [32m+[0m[0m timezone                              = (known after apply)
      [32m+[0m[0m username                              = "statuspage"
      [32m+[0m[0m vpc_security_group_ids                = (known after apply)
    }

[1m  # module.rds.aws_db_subnet_group.db_subnet_group[0m will be created
[0m  [32m+[0m[0m resource "aws_db_subnet_group" "db_subnet_group" {
      [32m+[0m[0m arn                     = (known after apply)
      [32m+[0m[0m description             = "Managed by Terraform"
      [32m+[0m[0m id                      = (known after apply)
      [32m+[0m[0m name                    = "rds-private-subnet-group"
      [32m+[0m[0m name_prefix             = (known after apply)
      [32m+[0m[0m subnet_ids              = (known after apply)
      [32m+[0m[0m supported_network_types = (known after apply)
      [32m+[0m[0m tags                    = {
          [32m+[0m[0m "Name" = "RDS Private Subnet Group"
        }
      [32m+[0m[0m tags_all                = {
          [32m+[0m[0m "Name" = "RDS Private Subnet Group"
        }
      [32m+[0m[0m vpc_id                  = (known after apply)
    }

[1m  # module.rds.aws_security_group.db_SG[0m will be created
[0m  [32m+[0m[0m resource "aws_security_group" "db_SG" {
      [32m+[0m[0m arn                    = (known after apply)
      [32m+[0m[0m description            = "Managed by Terraform"
      [32m+[0m[0m egress                 = [
          [32m+[0m[0m {
              [32m+[0m[0m cidr_blocks      = [
                  [32m+[0m[0m "0.0.0.0/0",
                ]
              [32m+[0m[0m description      = ""
              [32m+[0m[0m from_port        = 0
              [32m+[0m[0m ipv6_cidr_blocks = []
              [32m+[0m[0m prefix_list_ids  = []
              [32m+[0m[0m protocol         = "-1"
              [32m+[0m[0m security_groups  = []
              [32m+[0m[0m self             = false
              [32m+[0m[0m to_port          = 0
            },
        ]
      [32m+[0m[0m id                     = (known after apply)
      [32m+[0m[0m ingress                = [
          [32m+[0m[0m {
              [32m+[0m[0m cidr_blocks      = []
              [32m+[0m[0m description      = ""
              [32m+[0m[0m from_port        = 5432
              [32m+[0m[0m ipv6_cidr_blocks = []
              [32m+[0m[0m prefix_list_ids  = []
              [32m+[0m[0m protocol         = "tcp"
              [32m+[0m[0m security_groups  = (known after apply)
              [32m+[0m[0m self             = false
              [32m+[0m[0m to_port          = 5432
            },
        ]
      [32m+[0m[0m name                   = (known after apply)
      [32m+[0m[0m name_prefix            = "db_prefix"
      [32m+[0m[0m owner_id               = (known after apply)
      [32m+[0m[0m revoke_rules_on_delete = false
      [32m+[0m[0m tags_all               = (known after apply)
      [32m+[0m[0m vpc_id                 = (known after apply)
    }

[1m  # module.vpc.aws_eip.nat[0m will be created
[0m  [32m+[0m[0m resource "aws_eip" "nat" {
      [32m+[0m[0m allocation_id        = (known after apply)
      [32m+[0m[0m arn                  = (known after apply)
      [32m+[0m[0m association_id       = (known after apply)
      [32m+[0m[0m carrier_ip           = (known after apply)
      [32m+[0m[0m customer_owned_ip    = (known after apply)
      [32m+[0m[0m domain               = (known after apply)
      [32m+[0m[0m id                   = (known after apply)
      [32m+[0m[0m instance             = (known after apply)
      [32m+[0m[0m ipam_pool_id         = (known after apply)
      [32m+[0m[0m network_border_group = (known after apply)
      [32m+[0m[0m network_interface    = (known after apply)
      [32m+[0m[0m private_dns          = (known after apply)
      [32m+[0m[0m private_ip           = (known after apply)
      [32m+[0m[0m ptr_record           = (known after apply)
      [32m+[0m[0m public_dns           = (known after apply)
      [32m+[0m[0m public_ip            = (known after apply)
      [32m+[0m[0m public_ipv4_pool     = (known after apply)
      [32m+[0m[0m tags                 = {
          [32m+[0m[0m "Name" = "Y&R NAT EIP"
        }
      [32m+[0m[0m tags_all             = {
          [32m+[0m[0m "Name" = "Y&R NAT EIP"
        }
      [32m+[0m[0m vpc                  = (known after apply)
    }

[1m  # module.vpc.aws_internet_gateway.igw[0m will be created
[0m  [32m+[0m[0m resource "aws_internet_gateway" "igw" {
      [32m+[0m[0m arn      = (known after apply)
      [32m+[0m[0m id       = (known after apply)
      [32m+[0m[0m owner_id = (known after apply)
      [32m+[0m[0m tags     = {
          [32m+[0m[0m "Name" = "Y&R IGW"
        }
      [32m+[0m[0m tags_all = {
          [32m+[0m[0m "Name" = "Y&R IGW"
        }
      [32m+[0m[0m vpc_id   = (known after apply)
    }

[1m  # module.vpc.aws_nat_gateway.nat[0m will be created
[0m  [32m+[0m[0m resource "aws_nat_gateway" "nat" {
      [32m+[0m[0m allocation_id                      = (known after apply)
      [32m+[0m[0m association_id                     = (known after apply)
      [32m+[0m[0m connectivity_type                  = "public"
      [32m+[0m[0m id                                 = (known after apply)
      [32m+[0m[0m network_interface_id               = (known after apply)
      [32m+[0m[0m private_ip                         = (known after apply)
      [32m+[0m[0m public_ip                          = (known after apply)
      [32m+[0m[0m secondary_private_ip_address_count = (known after apply)
      [32m+[0m[0m secondary_private_ip_addresses     = (known after apply)
      [32m+[0m[0m subnet_id                          = (known after apply)
      [32m+[0m[0m tags                               = {
          [32m+[0m[0m "Name" = "Y&R NAT Gateway"
        }
      [32m+[0m[0m tags_all                           = {
          [32m+[0m[0m "Name" = "Y&R NAT Gateway"
        }
    }

[1m  # module.vpc.aws_route.private_nat_route[0m will be created
[0m  [32m+[0m[0m resource "aws_route" "private_nat_route" {
      [32m+[0m[0m destination_cidr_block = "0.0.0.0/0"
      [32m+[0m[0m id                     = (known after apply)
      [32m+[0m[0m instance_id            = (known after apply)
      [32m+[0m[0m instance_owner_id      = (known after apply)
      [32m+[0m[0m nat_gateway_id         = (known after apply)
      [32m+[0m[0m network_interface_id   = (known after apply)
      [32m+[0m[0m origin                 = (known after apply)
      [32m+[0m[0m route_table_id         = (known after apply)
      [32m+[0m[0m state                  = (known after apply)
    }

[1m  # module.vpc.aws_route_table.private[0m will be created
[0m  [32m+[0m[0m resource "aws_route_table" "private" {
      [32m+[0m[0m arn              = (known after apply)
      [32m+[0m[0m id               = (known after apply)
      [32m+[0m[0m owner_id         = (known after apply)
      [32m+[0m[0m propagating_vgws = (known after apply)
      [32m+[0m[0m route            = (known after apply)
      [32m+[0m[0m tags             = {
          [32m+[0m[0m "Name" = "Y&R Private Route Table"
        }
      [32m+[0m[0m tags_all         = {
          [32m+[0m[0m "Name" = "Y&R Private Route Table"
        }
      [32m+[0m[0m vpc_id           = (known after apply)
    }

[1m  # module.vpc.aws_route_table.public[0m will be created
[0m  [32m+[0m[0m resource "aws_route_table" "public" {
      [32m+[0m[0m arn              = (known after apply)
      [32m+[0m[0m id               = (known after apply)
      [32m+[0m[0m owner_id         = (known after apply)
      [32m+[0m[0m propagating_vgws = (known after apply)
      [32m+[0m[0m route            = [
          [32m+[0m[0m {
              [32m+[0m[0m carrier_gateway_id         = ""
              [32m+[0m[0m cidr_block                 = "0.0.0.0/0"
              [32m+[0m[0m core_network_arn           = ""
              [32m+[0m[0m destination_prefix_list_id = ""
              [32m+[0m[0m egress_only_gateway_id     = ""
              [32m+[0m[0m gateway_id                 = (known after apply)
              [32m+[0m[0m ipv6_cidr_block            = ""
              [32m+[0m[0m local_gateway_id           = ""
              [32m+[0m[0m nat_gateway_id             = ""
              [32m+[0m[0m network_interface_id       = ""
              [32m+[0m[0m transit_gateway_id         = ""
              [32m+[0m[0m vpc_endpoint_id            = ""
              [32m+[0m[0m vpc_peering_connection_id  = ""
            },
        ]
      [32m+[0m[0m tags             = {
          [32m+[0m[0m "Name" = "Y&R Public Route Table"
        }
      [32m+[0m[0m tags_all         = {
          [32m+[0m[0m "Name" = "Y&R Public Route Table"
        }
      [32m+[0m[0m vpc_id           = (known after apply)
    }

[1m  # module.vpc.aws_route_table_association.private_subnet[0][0m will be created
[0m  [32m+[0m[0m resource "aws_route_table_association" "private_subnet" {
      [32m+[0m[0m id             = (known after apply)
      [32m+[0m[0m route_table_id = (known after apply)
      [32m+[0m[0m subnet_id      = (known after apply)
    }

[1m  # module.vpc.aws_route_table_association.private_subnet[1][0m will be created
[0m  [32m+[0m[0m resource "aws_route_table_association" "private_subnet" {
      [32m+[0m[0m id             = (known after apply)
      [32m+[0m[0m route_table_id = (known after apply)
      [32m+[0m[0m subnet_id      = (known after apply)
    }

[1m  # module.vpc.aws_route_table_association.public_subnet[0][0m will be created
[0m  [32m+[0m[0m resource "aws_route_table_association" "public_subnet" {
      [32m+[0m[0m id             = (known after apply)
      [32m+[0m[0m route_table_id = (known after apply)
      [32m+[0m[0m subnet_id      = (known after apply)
    }

[1m  # module.vpc.aws_route_table_association.public_subnet[1][0m will be created
[0m  [32m+[0m[0m resource "aws_route_table_association" "public_subnet" {
      [32m+[0m[0m id             = (known after apply)
      [32m+[0m[0m route_table_id = (known after apply)
      [32m+[0m[0m subnet_id      = (known after apply)
    }

[1m  # module.vpc.aws_security_group.app_security_group[0m will be created
[0m  [32m+[0m[0m resource "aws_security_group" "app_security_group" {
      [32m+[0m[0m arn                    = (known after apply)
      [32m+[0m[0m description            = "Security group for the application running on port 8000"
      [32m+[0m[0m egress                 = [
          [32m+[0m[0m {
              [32m+[0m[0m cidr_blocks      = [
                  [32m+[0m[0m "0.0.0.0/0",
                ]
              [32m+[0m[0m description      = ""
              [32m+[0m[0m from_port        = 0
              [32m+[0m[0m ipv6_cidr_blocks = []
              [32m+[0m[0m prefix_list_ids  = []
              [32m+[0m[0m protocol         = "-1"
              [32m+[0m[0m security_groups  = []
              [32m+[0m[0m self             = false
              [32m+[0m[0m to_port          = 0
            },
        ]
      [32m+[0m[0m id                     = (known after apply)
      [32m+[0m[0m ingress                = [
          [32m+[0m[0m {
              [32m+[0m[0m cidr_blocks      = [
                  [32m+[0m[0m "0.0.0.0/0",
                ]
              [32m+[0m[0m description      = ""
              [32m+[0m[0m from_port        = 8000
              [32m+[0m[0m ipv6_cidr_blocks = []
              [32m+[0m[0m prefix_list_ids  = []
              [32m+[0m[0m protocol         = "tcp"
              [32m+[0m[0m security_groups  = []
              [32m+[0m[0m self             = false
              [32m+[0m[0m to_port          = 8000
            },
        ]
      [32m+[0m[0m name                   = "app-security-group"
      [32m+[0m[0m name_prefix            = (known after apply)
      [32m+[0m[0m owner_id               = (known after apply)
      [32m+[0m[0m revoke_rules_on_delete = false
      [32m+[0m[0m tags                   = {
          [32m+[0m[0m "Name" = "Y&R Application Security Group"
        }
      [32m+[0m[0m tags_all               = {
          [32m+[0m[0m "Name" = "Y&R Application Security Group"
        }
      [32m+[0m[0m vpc_id                 = (known after apply)
    }

[1m  # module.vpc.aws_security_group.eks_node_sg[0m will be created
[0m  [32m+[0m[0m resource "aws_security_group" "eks_node_sg" {
      [32m+[0m[0m arn                    = (known after apply)
      [32m+[0m[0m description            = "EKS worker node security group"
      [32m+[0m[0m egress                 = [
          [32m+[0m[0m {
              [32m+[0m[0m cidr_blocks      = [
                  [32m+[0m[0m "0.0.0.0/0",
                ]
              [32m+[0m[0m description      = ""
              [32m+[0m[0m from_port        = 0
              [32m+[0m[0m ipv6_cidr_blocks = []
              [32m+[0m[0m prefix_list_ids  = []
              [32m+[0m[0m protocol         = "-1"
              [32m+[0m[0m security_groups  = []
              [32m+[0m[0m self             = false
              [32m+[0m[0m to_port          = 0
            },
        ]
      [32m+[0m[0m id                     = (known after apply)
      [32m+[0m[0m ingress                = [
          [32m+[0m[0m {
              [32m+[0m[0m cidr_blocks      = [
                  [32m+[0m[0m "0.0.0.0/0",
                ]
              [32m+[0m[0m description      = ""
              [32m+[0m[0m from_port        = 10250
              [32m+[0m[0m ipv6_cidr_blocks = []
              [32m+[0m[0m prefix_list_ids  = []
              [32m+[0m[0m protocol         = "tcp"
              [32m+[0m[0m security_groups  = []
              [32m+[0m[0m self             = false
              [32m+[0m[0m to_port          = 10250
            },
          [32m+[0m[0m {
              [32m+[0m[0m cidr_blocks      = [
                  [32m+[0m[0m "0.0.0.0/0",
                ]
              [32m+[0m[0m description      = ""
              [32m+[0m[0m from_port        = 30000
              [32m+[0m[0m ipv6_cidr_blocks = []
              [32m+[0m[0m prefix_list_ids  = []
              [32m+[0m[0m protocol         = "tcp"
              [32m+[0m[0m security_groups  = []
              [32m+[0m[0m self             = false
              [32m+[0m[0m to_port          = 32767
            },
          [32m+[0m[0m {
              [32m+[0m[0m cidr_blocks      = [
                  [32m+[0m[0m "0.0.0.0/0",
                ]
              [32m+[0m[0m description      = ""
              [32m+[0m[0m from_port        = 443
              [32m+[0m[0m ipv6_cidr_blocks = []
              [32m+[0m[0m prefix_list_ids  = []
              [32m+[0m[0m protocol         = "tcp"
              [32m+[0m[0m security_groups  = []
              [32m+[0m[0m self             = false
              [32m+[0m[0m to_port          = 443
            },
        ]
      [32m+[0m[0m name                   = "my-eks-cluster-eks-node-sg"
      [32m+[0m[0m name_prefix            = (known after apply)
      [32m+[0m[0m owner_id               = (known after apply)
      [32m+[0m[0m revoke_rules_on_delete = false
      [32m+[0m[0m tags                   = {
          [32m+[0m[0m "Name" = "Y&R-EKS-Node-SG"
        }
      [32m+[0m[0m tags_all               = {
          [32m+[0m[0m "Name" = "Y&R-EKS-Node-SG"
        }
      [32m+[0m[0m vpc_id                 = (known after apply)
    }

[1m  # module.vpc.aws_subnet.private[0][0m will be created
[0m  [32m+[0m[0m resource "aws_subnet" "private" {
      [32m+[0m[0m arn                                            = (known after apply)
      [32m+[0m[0m assign_ipv6_address_on_creation                = false
      [32m+[0m[0m availability_zone                              = "us-east-1a"
      [32m+[0m[0m availability_zone_id                           = (known after apply)
      [32m+[0m[0m cidr_block                                     = "10.0.2.0/24"
      [32m+[0m[0m enable_dns64                                   = false
      [32m+[0m[0m enable_resource_name_dns_a_record_on_launch    = false
      [32m+[0m[0m enable_resource_name_dns_aaaa_record_on_launch = false
      [32m+[0m[0m id                                             = (known after apply)
      [32m+[0m[0m ipv6_cidr_block_association_id                 = (known after apply)
      [32m+[0m[0m ipv6_native                                    = false
      [32m+[0m[0m map_public_ip_on_launch                        = false
      [32m+[0m[0m owner_id                                       = (known after apply)
      [32m+[0m[0m private_dns_hostname_type_on_launch            = (known after apply)
      [32m+[0m[0m tags                                           = {
          [32m+[0m[0m "Name" = "Y&R Private Subnet 1"
        }
      [32m+[0m[0m tags_all                                       = {
          [32m+[0m[0m "Name" = "Y&R Private Subnet 1"
        }
      [32m+[0m[0m vpc_id                                         = (known after apply)
    }

[1m  # module.vpc.aws_subnet.private[1][0m will be created
[0m  [32m+[0m[0m resource "aws_subnet" "private" {
      [32m+[0m[0m arn                                            = (known after apply)
      [32m+[0m[0m assign_ipv6_address_on_creation                = false
      [32m+[0m[0m availability_zone                              = "us-east-1b"
      [32m+[0m[0m availability_zone_id                           = (known after apply)
      [32m+[0m[0m cidr_block                                     = "10.0.3.0/24"
      [32m+[0m[0m enable_dns64                                   = false
      [32m+[0m[0m enable_resource_name_dns_a_record_on_launch    = false
      [32m+[0m[0m enable_resource_name_dns_aaaa_record_on_launch = false
      [32m+[0m[0m id                                             = (known after apply)
      [32m+[0m[0m ipv6_cidr_block_association_id                 = (known after apply)
      [32m+[0m[0m ipv6_native                                    = false
      [32m+[0m[0m map_public_ip_on_launch                        = false
      [32m+[0m[0m owner_id                                       = (known after apply)
      [32m+[0m[0m private_dns_hostname_type_on_launch            = (known after apply)
      [32m+[0m[0m tags                                           = {
          [32m+[0m[0m "Name" = "Y&R Private Subnet 2"
        }
      [32m+[0m[0m tags_all                                       = {
          [32m+[0m[0m "Name" = "Y&R Private Subnet 2"
        }
      [32m+[0m[0m vpc_id                                         = (known after apply)
    }

[1m  # module.vpc.aws_subnet.public[0][0m will be created
[0m  [32m+[0m[0m resource "aws_subnet" "public" {
      [32m+[0m[0m arn                                            = (known after apply)
      [32m+[0m[0m assign_ipv6_address_on_creation                = false
      [32m+[0m[0m availability_zone                              = "us-east-1a"
      [32m+[0m[0m availability_zone_id                           = (known after apply)
      [32m+[0m[0m cidr_block                                     = "10.0.0.0/24"
      [32m+[0m[0m enable_dns64                                   = false
      [32m+[0m[0m enable_resource_name_dns_a_record_on_launch    = false
      [32m+[0m[0m enable_resource_name_dns_aaaa_record_on_launch = false
      [32m+[0m[0m id                                             = (known after apply)
      [32m+[0m[0m ipv6_cidr_block_association_id                 = (known after apply)
      [32m+[0m[0m ipv6_native                                    = false
      [32m+[0m[0m map_public_ip_on_launch                        = true
      [32m+[0m[0m owner_id                                       = (known after apply)
      [32m+[0m[0m private_dns_hostname_type_on_launch            = (known after apply)
      [32m+[0m[0m tags                                           = {
          [32m+[0m[0m "Name" = "Y&R Public Subnet 1"
        }
      [32m+[0m[0m tags_all                                       = {
          [32m+[0m[0m "Name" = "Y&R Public Subnet 1"
        }
      [32m+[0m[0m vpc_id                                         = (known after apply)
    }

[1m  # module.vpc.aws_subnet.public[1][0m will be created
[0m  [32m+[0m[0m resource "aws_subnet" "public" {
      [32m+[0m[0m arn                                            = (known after apply)
      [32m+[0m[0m assign_ipv6_address_on_creation                = false
      [32m+[0m[0m availability_zone                              = "us-east-1b"
      [32m+[0m[0m availability_zone_id                           = (known after apply)
      [32m+[0m[0m cidr_block                                     = "10.0.1.0/24"
      [32m+[0m[0m enable_dns64                                   = false
      [32m+[0m[0m enable_resource_name_dns_a_record_on_launch    = false
      [32m+[0m[0m enable_resource_name_dns_aaaa_record_on_launch = false
      [32m+[0m[0m id                                             = (known after apply)
      [32m+[0m[0m ipv6_cidr_block_association_id                 = (known after apply)
      [32m+[0m[0m ipv6_native                                    = false
      [32m+[0m[0m map_public_ip_on_launch                        = true
      [32m+[0m[0m owner_id                                       = (known after apply)
      [32m+[0m[0m private_dns_hostname_type_on_launch            = (known after apply)
      [32m+[0m[0m tags                                           = {
          [32m+[0m[0m "Name" = "Y&R Public Subnet 2"
        }
      [32m+[0m[0m tags_all                                       = {
          [32m+[0m[0m "Name" = "Y&R Public Subnet 2"
        }
      [32m+[0m[0m vpc_id                                         = (known after apply)
    }

[1m  # module.vpc.aws_vpc.main[0m will be created
[0m  [32m+[0m[0m resource "aws_vpc" "main" {
      [32m+[0m[0m arn                                  = (known after apply)
      [32m+[0m[0m cidr_block                           = "10.0.0.0/16"
      [32m+[0m[0m default_network_acl_id               = (known after apply)
      [32m+[0m[0m default_route_table_id               = (known after apply)
      [32m+[0m[0m default_security_group_id            = (known after apply)
      [32m+[0m[0m dhcp_options_id                      = (known after apply)
      [32m+[0m[0m enable_dns_hostnames                 = true
      [32m+[0m[0m enable_dns_support                   = true
      [32m+[0m[0m enable_network_address_usage_metrics = (known after apply)
      [32m+[0m[0m id                                   = (known after apply)
      [32m+[0m[0m instance_tenancy                     = "default"
      [32m+[0m[0m ipv6_association_id                  = (known after apply)
      [32m+[0m[0m ipv6_cidr_block                      = (known after apply)
      [32m+[0m[0m ipv6_cidr_block_network_border_group = (known after apply)
      [32m+[0m[0m main_route_table_id                  = (known after apply)
      [32m+[0m[0m owner_id                             = (known after apply)
      [32m+[0m[0m tags                                 = {
          [32m+[0m[0m "Name" = "Y&R VPC"
        }
      [32m+[0m[0m tags_all                             = {
          [32m+[0m[0m "Name" = "Y&R VPC"
        }
    }

[1m  # module.load_balancer.module.iam.aws_iam_policy.elb_policy[0m will be created
[0m  [32m+[0m[0m resource "aws_iam_policy" "elb_policy" {
      [32m+[0m[0m arn              = (known after apply)
      [32m+[0m[0m attachment_count = (known after apply)
      [32m+[0m[0m description      = "IAM policy for managing Elastic Load Balancer"
      [32m+[0m[0m id               = (known after apply)
      [32m+[0m[0m name             = (known after apply)
      [32m+[0m[0m name_prefix      = "ELBManagementPolicy-"
      [32m+[0m[0m path             = "/"
      [32m+[0m[0m policy           = jsonencode(
            {
              [32m+[0m[0m Statement = [
                  [32m+[0m[0m {
                      [32m+[0m[0m Action   = [
                          [32m+[0m[0m "elasticloadbalancing:*",
                          [32m+[0m[0m "ec2:DetachNetworkInterface",
                          [32m+[0m[0m "ec2:DescribeNetworkInterfaces",
                          [32m+[0m[0m "ec2:DeleteNetworkInterface",
                        ]
                      [32m+[0m[0m Effect   = "Allow"
                      [32m+[0m[0m Resource = "*"
                    },
                ]
              [32m+[0m[0m Version   = "2012-10-17"
            }
        )
      [32m+[0m[0m policy_id        = (known after apply)
      [32m+[0m[0m tags_all         = (known after apply)
    }

[1m  # module.load_balancer.module.iam.aws_iam_role.eks_cluster_role[0m will be created
[0m  [32m+[0m[0m resource "aws_iam_role" "eks_cluster_role" {
      [32m+[0m[0m arn                   = (known after apply)
      [32m+[0m[0m assume_role_policy    = jsonencode(
            {
              [32m+[0m[0m Statement = [
                  [32m+[0m[0m {
                      [32m+[0m[0m Action    = "sts:AssumeRole"
                      [32m+[0m[0m Effect    = "Allow"
                      [32m+[0m[0m Principal = {
                          [32m+[0m[0m Service = "eks.amazonaws.com"
                        }
                      [32m+[0m[0m Sid       = ""
                    },
                ]
              [32m+[0m[0m Version   = "2012-10-17"
            }
        )
      [32m+[0m[0m create_date           = (known after apply)
      [32m+[0m[0m force_detach_policies = false
      [32m+[0m[0m id                    = (known after apply)
      [32m+[0m[0m managed_policy_arns   = (known after apply)
      [32m+[0m[0m max_session_duration  = 3600
      [32m+[0m[0m name                  = (known after apply)
      [32m+[0m[0m name_prefix           = "eks-cluster-role-"
      [32m+[0m[0m path                  = "/"
      [32m+[0m[0m tags                  = {
          [32m+[0m[0m "Name" = "Y-R-EKS-Cluster-Role"
        }
      [32m+[0m[0m tags_all              = {
          [32m+[0m[0m "Name" = "Y-R-EKS-Cluster-Role"
        }
      [32m+[0m[0m unique_id             = (known after apply)
    }

[1m  # module.load_balancer.module.iam.aws_iam_role.eks_node_group_role[0m will be created
[0m  [32m+[0m[0m resource "aws_iam_role" "eks_node_group_role" {
      [32m+[0m[0m arn                   = (known after apply)
      [32m+[0m[0m assume_role_policy    = jsonencode(
            {
              [32m+[0m[0m Statement = [
                  [32m+[0m[0m {
                      [32m+[0m[0m Action    = "sts:AssumeRole"
                      [32m+[0m[0m Effect    = "Allow"
                      [32m+[0m[0m Principal = {
                          [32m+[0m[0m Service = "ec2.amazonaws.com"
                        }
                      [32m+[0m[0m Sid       = ""
                    },
                ]
              [32m+[0m[0m Version   = "2012-10-17"
            }
        )
      [32m+[0m[0m create_date           = (known after apply)
      [32m+[0m[0m force_detach_policies = false
      [32m+[0m[0m id                    = (known after apply)
      [32m+[0m[0m managed_policy_arns   = (known after apply)
      [32m+[0m[0m max_session_duration  = 3600
      [32m+[0m[0m name                  = (known after apply)
      [32m+[0m[0m name_prefix           = "eks-node-group-role-"
      [32m+[0m[0m path                  = "/"
      [32m+[0m[0m tags                  = {
          [32m+[0m[0m "Name" = "Y-R-EKS-Node-Group-Role"
        }
      [32m+[0m[0m tags_all              = {
          [32m+[0m[0m "Name" = "Y-R-EKS-Node-Group-Role"
        }
      [32m+[0m[0m unique_id             = (known after apply)
    }

[1m  # module.load_balancer.module.iam.aws_iam_role.elb_role[0m will be created
[0m  [32m+[0m[0m resource "aws_iam_role" "elb_role" {
      [32m+[0m[0m arn                   = (known after apply)
      [32m+[0m[0m assume_role_policy    = jsonencode(
            {
              [32m+[0m[0m Statement = [
                  [32m+[0m[0m {
                      [32m+[0m[0m Action    = "sts:AssumeRole"
                      [32m+[0m[0m Effect    = "Allow"
                      [32m+[0m[0m Principal = {
                          [32m+[0m[0m Service = "ec2.amazonaws.com"
                        }
                      [32m+[0m[0m Sid       = ""
                    },
                ]
              [32m+[0m[0m Version   = "2012-10-17"
            }
        )
      [32m+[0m[0m create_date           = (known after apply)
      [32m+[0m[0m force_detach_policies = false
      [32m+[0m[0m id                    = (known after apply)
      [32m+[0m[0m managed_policy_arns   = (known after apply)
      [32m+[0m[0m max_session_duration  = 3600
      [32m+[0m[0m name                  = (known after apply)
      [32m+[0m[0m name_prefix           = "ELBManagementRole-"
      [32m+[0m[0m path                  = "/"
      [32m+[0m[0m tags_all              = (known after apply)
      [32m+[0m[0m unique_id             = (known after apply)
    }

[1m  # module.load_balancer.module.iam.aws_iam_role_policy_attachment.ecr_read_only[0m will be created
[0m  [32m+[0m[0m resource "aws_iam_role_policy_attachment" "ecr_read_only" {
      [32m+[0m[0m id         = (known after apply)
      [32m+[0m[0m policy_arn = "arn:aws:iam::aws:policy/AmazonEC2ContainerRegistryReadOnly"
      [32m+[0m[0m role       = (known after apply)
    }

[1m  # module.load_balancer.module.iam.aws_iam_role_policy_attachment.eks_cluster_policy[0m will be created
[0m  [32m+[0m[0m resource "aws_iam_role_policy_attachment" "eks_cluster_policy" {
      [32m+[0m[0m id         = (known after apply)
      [32m+[0m[0m policy_arn = "arn:aws:iam::aws:policy/AmazonEKSClusterPolicy"
      [32m+[0m[0m role       = (known after apply)
    }

[1m  # module.load_balancer.module.iam.aws_iam_role_policy_attachment.eks_cni_policy[0m will be created
[0m  [32m+[0m[0m resource "aws_iam_role_policy_attachment" "eks_cni_policy" {
      [32m+[0m[0m id         = (known after apply)
      [32m+[0m[0m policy_arn = "arn:aws:iam::aws:policy/AmazonEKS_CNI_Policy"
      [32m+[0m[0m role       = (known after apply)
    }

[1m  # module.load_balancer.module.iam.aws_iam_role_policy_attachment.eks_worker_node_policy[0m will be created
[0m  [32m+[0m[0m resource "aws_iam_role_policy_attachment" "eks_worker_node_policy" {
      [32m+[0m[0m id         = (known after apply)
      [32m+[0m[0m policy_arn = "arn:aws:iam::aws:policy/AmazonEKSWorkerNodePolicy"
      [32m+[0m[0m role       = (known after apply)
    }

[1m  # module.load_balancer.module.iam.aws_iam_role_policy_attachment.elb_attachment[0m will be created
[0m  [32m+[0m[0m resource "aws_iam_role_policy_attachment" "elb_attachment" {
      [32m+[0m[0m id         = (known after apply)
      [32m+[0m[0m policy_arn = (known after apply)
      [32m+[0m[0m role       = (known after apply)
    }

[1mPlan:[0m 41 to add, 0 to change, 0 to destroy.
[0m
Changes to Outputs:
  [32m+[0m[0m eks_cluster_name  = "my-eks-cluster"
  [32m+[0m[0m public_subnet_ids = [
      [32m+[0m[0m (known after apply),
      [32m+[0m[0m (known after apply),
    ]
  [32m+[0m[0m vpc_id            = (known after apply)
[90m
─────────────────────────────────────────────────────────────────────────────[0m

Saved the plan to: tfplan

To perform exactly these actions, run the following command to apply:
    terraform apply "tfplan"
+ terraform apply -auto-approve tfplan
[0m[1mmodule.iam.aws_iam_role.eks_node_group_role: Creating...[0m[0m
[0m[1mmodule.iam.aws_iam_role.elb_role: Creating...[0m[0m
[0m[1mmodule.iam.aws_iam_policy.elb_policy: Creating...[0m[0m
[0m[1mmodule.vpc.aws_vpc.main: Creating...[0m[0m
[0m[1mmodule.vpc.aws_eip.nat: Creating...[0m[0m
[0m[1mmodule.iam.aws_iam_role.eks_cluster_role: Creating...[0m[0m
[0m[1mmodule.iam.aws_iam_policy.elb_policy: Creation complete after 0s [id=arn:aws:iam::266735819819:policy/ELBManagementPolicy-20241018205001172700000002][0m
[0m[1mmodule.iam.aws_iam_role.eks_node_group_role: Creation complete after 0s [id=eks-node-group-role-20241018205001168300000001][0m
[0m[1mmodule.iam.aws_iam_role_policy_attachment.eks_cni_policy: Creating...[0m[0m
[0m[1mmodule.iam.aws_iam_role_policy_attachment.ecr_read_only: Creating...[0m[0m
[0m[1mmodule.iam.aws_iam_role_policy_attachment.eks_worker_node_policy: Creating...[0m[0m
[0m[1mmodule.iam.aws_iam_role.eks_cluster_role: Creation complete after 0s [id=eks-cluster-role-20241018205001177600000004][0m
[0m[1mmodule.iam.aws_iam_role_policy_attachment.eks_cluster_policy: Creating...[0m[0m
[0m[1mmodule.iam.aws_iam_role.elb_role: Creation complete after 0s [id=ELBManagementRole-20241018205001176300000003][0m
[0m[1mmodule.iam.aws_iam_role_policy_attachment.elb_attachment: Creating...[0m[0m
[0m[1mmodule.iam.aws_iam_role_policy_attachment.eks_worker_node_policy: Creation complete after 0s [id=eks-node-group-role-20241018205001168300000001-20241018205001395400000006][0m
[0m[1mmodule.iam.aws_iam_role_policy_attachment.eks_cni_policy: Creation complete after 0s [id=eks-node-group-role-20241018205001168300000001-20241018205001386800000005][0m
[0m[1mmodule.iam.aws_iam_role_policy_attachment.elb_attachment: Creation complete after 0s [id=ELBManagementRole-20241018205001176300000003-20241018205001413400000008][0m
[0m[1mmodule.iam.aws_iam_role_policy_attachment.ecr_read_only: Creation complete after 0s [id=eks-node-group-role-20241018205001168300000001-20241018205001401100000007][0m
[0m[1mmodule.iam.aws_iam_role_policy_attachment.eks_cluster_policy: Creation complete after 0s [id=eks-cluster-role-20241018205001177600000004-20241018205001419700000009][0m
[0m[1mmodule.vpc.aws_eip.nat: Creation complete after 1s [id=eipalloc-087f83076e5ee8825][0m
[0m[1mmodule.vpc.aws_vpc.main: Still creating... [10s elapsed][0m[0m
[0m[1mmodule.vpc.aws_vpc.main: Creation complete after 11s [id=vpc-0e89afbfe0f5becbd][0m
[0m[1mmodule.vpc.aws_subnet.private[0]: Creating...[0m[0m
[0m[1mmodule.vpc.aws_subnet.public[1]: Creating...[0m[0m
[0m[1mmodule.vpc.aws_route_table.private: Creating...[0m[0m
[0m[1mmodule.vpc.aws_internet_gateway.igw: Creating...[0m[0m
[0m[1mmodule.vpc.aws_security_group.app_security_group: Creating...[0m[0m
[0m[1mmodule.vpc.aws_security_group.eks_node_sg: Creating...[0m[0m
[0m[1mmodule.vpc.aws_subnet.private[1]: Creating...[0m[0m
[0m[1mmodule.vpc.aws_subnet.public[0]: Creating...[0m[0m
[0m[1mmodule.vpc.aws_internet_gateway.igw: Creation complete after 1s [id=igw-04b74262f2fa145b1][0m
[0m[1mmodule.vpc.aws_route_table.public: Creating...[0m[0m
[0m[1mmodule.vpc.aws_subnet.private[0]: Creation complete after 1s [id=subnet-0d49067333f9ae19f][0m
[0m[1mmodule.vpc.aws_route_table.private: Creation complete after 1s [id=rtb-0273ffa13bb9e71f5][0m
[0m[1mmodule.vpc.aws_subnet.private[1]: Creation complete after 1s [id=subnet-0ae0cf2f94d5d0ff2][0m
[0m[1mmodule.vpc.aws_route_table_association.private_subnet[1]: Creating...[0m[0m
[0m[1mmodule.rds.aws_db_subnet_group.db_subnet_group: Creating...[0m[0m
[0m[1mmodule.vpc.aws_route_table_association.private_subnet[0]: Creating...[0m[0m
[0m[1mmodule.vpc.aws_route_table_association.private_subnet[1]: Creation complete after 0s [id=rtbassoc-0a82b7d8ae5d7043a][0m
[0m[1mmodule.vpc.aws_route_table_association.private_subnet[0]: Creation complete after 0s [id=rtbassoc-02fc74ae2c75eec5b][0m
[0m[1mmodule.vpc.aws_route_table.public: Creation complete after 1s [id=rtb-0f890db5b5ca2d992][0m
[0m[1mmodule.rds.aws_db_subnet_group.db_subnet_group: Creation complete after 1s [id=rds-private-subnet-group][0m
[0m[1mmodule.vpc.aws_security_group.app_security_group: Creation complete after 2s [id=sg-0d9481b71cfcab47d][0m
[0m[1mmodule.vpc.aws_security_group.eks_node_sg: Creation complete after 2s [id=sg-081980ac06b127d64][0m
[0m[1mmodule.rds.aws_security_group.db_SG: Creating...[0m[0m
[0m[1mmodule.rds.aws_security_group.db_SG: Creation complete after 1s [id=sg-0417590e6e2769712][0m
[0m[1mmodule.rds.aws_db_instance.db_insta: Creating...[0m[0m
[0m[1mmodule.vpc.aws_subnet.public[1]: Still creating... [10s elapsed][0m[0m
[0m[1mmodule.vpc.aws_subnet.public[0]: Still creating... [10s elapsed][0m[0m
[0m[1mmodule.vpc.aws_subnet.public[0]: Creation complete after 11s [id=subnet-09ec6f38fd81e5961][0m
[0m[1mmodule.vpc.aws_subnet.public[1]: Creation complete after 11s [id=subnet-065cc42077979f674][0m
[0m[1mmodule.vpc.aws_nat_gateway.nat: Creating...[0m[0m
[0m[1mmodule.vpc.aws_route_table_association.public_subnet[1]: Creating...[0m[0m
[0m[1mmodule.eks.aws_eks_cluster.this: Creating...[0m[0m
[0m[1mmodule.vpc.aws_route_table_association.public_subnet[0]: Creating...[0m[0m
[0m[1mmodule.vpc.aws_route_table_association.public_subnet[0]: Creation complete after 0s [id=rtbassoc-09bc17115051d1309][0m
[0m[1mmodule.vpc.aws_route_table_association.public_subnet[1]: Creation complete after 0s [id=rtbassoc-0c5d910288b2713fe][0m
[0m[1mmodule.rds.aws_db_instance.db_insta: Still creating... [10s elapsed][0m[0m
[0m[1mmodule.vpc.aws_nat_gateway.nat: Still creating... [10s elapsed][0m[0m
[0m[1mmodule.eks.aws_eks_cluster.this: Still creating... [10s elapsed][0m[0m
[0m[1mmodule.rds.aws_db_instance.db_insta: Still creating... [20s elapsed][0m[0m
[0m[1mmodule.vpc.aws_nat_gateway.nat: Still creating... [20s elapsed][0m[0m
[0m[1mmodule.eks.aws_eks_cluster.this: Still creating... [20s elapsed][0m[0m
[0m[1mmodule.rds.aws_db_instance.db_insta: Still creating... [30s elapsed][0m[0m
[0m[1mmodule.vpc.aws_nat_gateway.nat: Still creating... [30s elapsed][0m[0m
[0m[1mmodule.eks.aws_eks_cluster.this: Still creating... [30s elapsed][0m[0m
[0m[1mmodule.rds.aws_db_instance.db_insta: Still creating... [40s elapsed][0m[0m
[0m[1mmodule.vpc.aws_nat_gateway.nat: Still creating... [40s elapsed][0m[0m
[0m[1mmodule.eks.aws_eks_cluster.this: Still creating... [40s elapsed][0m[0m
[0m[1mmodule.rds.aws_db_instance.db_insta: Still creating... [50s elapsed][0m[0m
[0m[1mmodule.vpc.aws_nat_gateway.nat: Still creating... [50s elapsed][0m[0m
[0m[1mmodule.eks.aws_eks_cluster.this: Still creating... [50s elapsed][0m[0m
[0m[1mmodule.rds.aws_db_instance.db_insta: Still creating... [1m0s elapsed][0m[0m
[0m[1mmodule.vpc.aws_nat_gateway.nat: Still creating... [1m0s elapsed][0m[0m
[0m[1mmodule.eks.aws_eks_cluster.this: Still creating... [1m0s elapsed][0m[0m
[0m[1mmodule.rds.aws_db_instance.db_insta: Still creating... [1m10s elapsed][0m[0m
[0m[1mmodule.vpc.aws_nat_gateway.nat: Still creating... [1m10s elapsed][0m[0m
[0m[1mmodule.eks.aws_eks_cluster.this: Still creating... [1m10s elapsed][0m[0m
[0m[1mmodule.rds.aws_db_instance.db_insta: Still creating... [1m20s elapsed][0m[0m
[0m[1mmodule.vpc.aws_nat_gateway.nat: Still creating... [1m20s elapsed][0m[0m
[0m[1mmodule.eks.aws_eks_cluster.this: Still creating... [1m20s elapsed][0m[0m
[0m[1mmodule.rds.aws_db_instance.db_insta: Still creating... [1m30s elapsed][0m[0m
[0m[1mmodule.vpc.aws_nat_gateway.nat: Still creating... [1m30s elapsed][0m[0m
[0m[1mmodule.eks.aws_eks_cluster.this: Still creating... [1m30s elapsed][0m[0m
[0m[1mmodule.rds.aws_db_instance.db_insta: Still creating... [1m40s elapsed][0m[0m
[0m[1mmodule.vpc.aws_nat_gateway.nat: Still creating... [1m40s elapsed][0m[0m
[0m[1mmodule.eks.aws_eks_cluster.this: Still creating... [1m40s elapsed][0m[0m
[0m[1mmodule.rds.aws_db_instance.db_insta: Still creating... [1m50s elapsed][0m[0m
[0m[1mmodule.vpc.aws_nat_gateway.nat: Creation complete after 1m44s [id=nat-06dbfb75cd9317f0b][0m
[0m[1mmodule.vpc.aws_route.private_nat_route: Creating...[0m[0m
[0m[1mmodule.vpc.aws_route.private_nat_route: Creation complete after 1s [id=r-rtb-0273ffa13bb9e71f51080289494][0m
[0m[1mmodule.eks.aws_eks_cluster.this: Still creating... [1m50s elapsed][0m[0m
[0m[1mmodule.rds.aws_db_instance.db_insta: Still creating... [2m0s elapsed][0m[0m
[0m[1mmodule.eks.aws_eks_cluster.this: Still creating... [2m0s elapsed][0m[0m
[0m[1mmodule.rds.aws_db_instance.db_insta: Still creating... [2m10s elapsed][0m[0m
[0m[1mmodule.eks.aws_eks_cluster.this: Still creating... [2m10s elapsed][0m[0m
[0m[1mmodule.rds.aws_db_instance.db_insta: Still creating... [2m20s elapsed][0m[0m
[0m[1mmodule.eks.aws_eks_cluster.this: Still creating... [2m20s elapsed][0m[0m
[0m[1mmodule.rds.aws_db_instance.db_insta: Still creating... [2m30s elapsed][0m[0m
[0m[1mmodule.eks.aws_eks_cluster.this: Still creating... [2m30s elapsed][0m[0m
[0m[1mmodule.rds.aws_db_instance.db_insta: Still creating... [2m40s elapsed][0m[0m
[0m[1mmodule.eks.aws_eks_cluster.this: Still creating... [2m40s elapsed][0m[0m
[0m[1mmodule.rds.aws_db_instance.db_insta: Still creating... [2m50s elapsed][0m[0m
[0m[1mmodule.eks.aws_eks_cluster.this: Still creating... [2m50s elapsed][0m[0m
[0m[1mmodule.rds.aws_db_instance.db_insta: Still creating... [3m0s elapsed][0m[0m
[0m[1mmodule.eks.aws_eks_cluster.this: Still creating... [3m0s elapsed][0m[0m
[0m[1mmodule.rds.aws_db_instance.db_insta: Still creating... [3m10s elapsed][0m[0m
[0m[1mmodule.eks.aws_eks_cluster.this: Still creating... [3m10s elapsed][0m[0m
[0m[1mmodule.rds.aws_db_instance.db_insta: Still creating... [3m20s elapsed][0m[0m
[0m[1mmodule.eks.aws_eks_cluster.this: Still creating... [3m20s elapsed][0m[0m
[0m[1mmodule.rds.aws_db_instance.db_insta: Still creating... [3m30s elapsed][0m[0m
[0m[1mmodule.eks.aws_eks_cluster.this: Still creating... [3m30s elapsed][0m[0m
[0m[1mmodule.rds.aws_db_instance.db_insta: Still creating... [3m40s elapsed][0m[0m
[0m[1mmodule.eks.aws_eks_cluster.this: Still creating... [3m40s elapsed][0m[0m
[0m[1mmodule.rds.aws_db_instance.db_insta: Still creating... [3m50s elapsed][0m[0m
[0m[1mmodule.eks.aws_eks_cluster.this: Still creating... [3m50s elapsed][0m[0m
[0m[1mmodule.rds.aws_db_instance.db_insta: Still creating... [4m0s elapsed][0m[0m
[0m[1mmodule.eks.aws_eks_cluster.this: Still creating... [4m0s elapsed][0m[0m
[0m[1mmodule.rds.aws_db_instance.db_insta: Still creating... [4m10s elapsed][0m[0m
[0m[1mmodule.eks.aws_eks_cluster.this: Still creating... [4m10s elapsed][0m[0m
[0m[1mmodule.rds.aws_db_instance.db_insta: Still creating... [4m20s elapsed][0m[0m
[0m[1mmodule.eks.aws_eks_cluster.this: Still creating... [4m20s elapsed][0m[0m
[0m[1mmodule.rds.aws_db_instance.db_insta: Still creating... [4m30s elapsed][0m[0m
[0m[1mmodule.eks.aws_eks_cluster.this: Still creating... [4m30s elapsed][0m[0m
[0m[1mmodule.rds.aws_db_instance.db_insta: Still creating... [4m40s elapsed][0m[0m
[0m[1mmodule.eks.aws_eks_cluster.this: Still creating... [4m40s elapsed][0m[0m
[0m[1mmodule.rds.aws_db_instance.db_insta: Still creating... [4m50s elapsed][0m[0m
[0m[1mmodule.eks.aws_eks_cluster.this: Still creating... [4m50s elapsed][0m[0m
[0m[1mmodule.rds.aws_db_instance.db_insta: Still creating... [5m0s elapsed][0m[0m
[0m[1mmodule.eks.aws_eks_cluster.this: Still creating... [5m0s elapsed][0m[0m
[0m[1mmodule.rds.aws_db_instance.db_insta: Still creating... [5m10s elapsed][0m[0m
[0m[1mmodule.eks.aws_eks_cluster.this: Still creating... [5m10s elapsed][0m[0m
[0m[1mmodule.rds.aws_db_instance.db_insta: Still creating... [5m20s elapsed][0m[0m
[0m[1mmodule.eks.aws_eks_cluster.this: Still creating... [5m20s elapsed][0m[0m
[0m[1mmodule.rds.aws_db_instance.db_insta: Still creating... [5m30s elapsed][0m[0m
[0m[1mmodule.eks.aws_eks_cluster.this: Still creating... [5m30s elapsed][0m[0m
[0m[1mmodule.rds.aws_db_instance.db_insta: Still creating... [5m40s elapsed][0m[0m
[0m[1mmodule.eks.aws_eks_cluster.this: Still creating... [5m40s elapsed][0m[0m
[0m[1mmodule.rds.aws_db_instance.db_insta: Still creating... [5m50s elapsed][0m[0m
[0m[1mmodule.eks.aws_eks_cluster.this: Still creating... [5m50s elapsed][0m[0m
[0m[1mmodule.rds.aws_db_instance.db_insta: Still creating... [6m0s elapsed][0m[0m
[0m[1mmodule.eks.aws_eks_cluster.this: Still creating... [6m0s elapsed][0m[0m
[0m[1mmodule.rds.aws_db_instance.db_insta: Still creating... [6m10s elapsed][0m[0m
[0m[1mmodule.eks.aws_eks_cluster.this: Still creating... [6m10s elapsed][0m[0m
[0m[1mmodule.rds.aws_db_instance.db_insta: Still creating... [6m20s elapsed][0m[0m
[0m[1mmodule.eks.aws_eks_cluster.this: Still creating... [6m20s elapsed][0m[0m
[0m[1mmodule.rds.aws_db_instance.db_insta: Still creating... [6m30s elapsed][0m[0m
[0m[1mmodule.eks.aws_eks_cluster.this: Still creating... [6m30s elapsed][0m[0m
[0m[1mmodule.rds.aws_db_instance.db_insta: Still creating... [6m40s elapsed][0m[0m
[0m[1mmodule.eks.aws_eks_cluster.this: Still creating... [6m40s elapsed][0m[0m
[0m[1mmodule.rds.aws_db_instance.db_insta: Still creating... [6m50s elapsed][0m[0m
[0m[1mmodule.eks.aws_eks_cluster.this: Still creating... [6m50s elapsed][0m[0m
[0m[1mmodule.rds.aws_db_instance.db_insta: Still creating... [7m0s elapsed][0m[0m
[0m[1mmodule.eks.aws_eks_cluster.this: Still creating... [7m0s elapsed][0m[0m
[0m[1mmodule.rds.aws_db_instance.db_insta: Still creating... [7m10s elapsed][0m[0m
[0m[1mmodule.eks.aws_eks_cluster.this: Still creating... [7m10s elapsed][0m[0m
[0m[1mmodule.rds.aws_db_instance.db_insta: Still creating... [7m20s elapsed][0m[0m
[0m[1mmodule.eks.aws_eks_cluster.this: Still creating... [7m20s elapsed][0m[0m
[0m[1mmodule.rds.aws_db_instance.db_insta: Still creating... [7m30s elapsed][0m[0m
[0m[1mmodule.eks.aws_eks_cluster.this: Still creating... [7m30s elapsed][0m[0m
[0m[1mmodule.rds.aws_db_instance.db_insta: Still creating... [7m40s elapsed][0m[0m
[0m[1mmodule.eks.aws_eks_cluster.this: Still creating... [7m40s elapsed][0m[0m
[0m[1mmodule.rds.aws_db_instance.db_insta: Still creating... [7m50s elapsed][0m[0m
[0m[1mmodule.eks.aws_eks_cluster.this: Still creating... [7m50s elapsed][0m[0m
[0m[1mmodule.rds.aws_db_instance.db_insta: Still creating... [8m0s elapsed][0m[0m
[0m[1mmodule.eks.aws_eks_cluster.this: Still creating... [8m0s elapsed][0m[0m
[0m[1mmodule.rds.aws_db_instance.db_insta: Still creating... [8m10s elapsed][0m[0m
[0m[1mmodule.eks.aws_eks_cluster.this: Still creating... [8m10s elapsed][0m[0m
[0m[1mmodule.rds.aws_db_instance.db_insta: Still creating... [8m20s elapsed][0m[0m
[0m[1mmodule.eks.aws_eks_cluster.this: Still creating... [8m20s elapsed][0m[0m
[0m[1mmodule.rds.aws_db_instance.db_insta: Still creating... [8m30s elapsed][0m[0m
[0m[1mmodule.eks.aws_eks_cluster.this: Creation complete after 8m23s [id=my-eks-cluster][0m
[0m[1mmodule.eks.aws_eks_node_group.this: Creating...[0m[0m
[0m[1mmodule.rds.aws_db_instance.db_insta: Still creating... [8m40s elapsed][0m[0m
[0m[1mmodule.eks.aws_eks_node_group.this: Still creating... [10s elapsed][0m[0m
[0m[1mmodule.rds.aws_db_instance.db_insta: Still creating... [8m50s elapsed][0m[0m
[0m[1mmodule.eks.aws_eks_node_group.this: Still creating... [20s elapsed][0m[0m
[0m[1mmodule.rds.aws_db_instance.db_insta: Still creating... [9m0s elapsed][0m[0m
[0m[1mmodule.eks.aws_eks_node_group.this: Still creating... [30s elapsed][0m[0m
[0m[1mmodule.rds.aws_db_instance.db_insta: Still creating... [9m10s elapsed][0m[0m
[0m[1mmodule.eks.aws_eks_node_group.this: Still creating... [40s elapsed][0m[0m
[0m[1mmodule.rds.aws_db_instance.db_insta: Still creating... [9m20s elapsed][0m[0m
[0m[1mmodule.eks.aws_eks_node_group.this: Still creating... [50s elapsed][0m[0m
[0m[1mmodule.rds.aws_db_instance.db_insta: Still creating... [9m30s elapsed][0m[0m
[0m[1mmodule.eks.aws_eks_node_group.this: Still creating... [1m0s elapsed][0m[0m
[0m[1mmodule.rds.aws_db_instance.db_insta: Still creating... [9m40s elapsed][0m[0m
[0m[1mmodule.eks.aws_eks_node_group.this: Still creating... [1m10s elapsed][0m[0m
[0m[1mmodule.rds.aws_db_instance.db_insta: Still creating... [9m50s elapsed][0m[0m
[0m[1mmodule.eks.aws_eks_node_group.this: Still creating... [1m20s elapsed][0m[0m
[0m[1mmodule.rds.aws_db_instance.db_insta: Still creating... [10m0s elapsed][0m[0m
[0m[1mmodule.eks.aws_eks_node_group.this: Still creating... [1m30s elapsed][0m[0m
[0m[1mmodule.rds.aws_db_instance.db_insta: Still creating... [10m10s elapsed][0m[0m
[0m[1mmodule.eks.aws_eks_node_group.this: Still creating... [1m40s elapsed][0m[0m
[0m[1mmodule.eks.aws_eks_node_group.this: Creation complete after 1m46s [id=my-eks-cluster:my-eks-node-group][0m
[0m[1mmodule.load_balancer.module.iam.aws_iam_policy.elb_policy: Creating...[0m[0m
[0m[1mmodule.load_balancer.module.iam.aws_iam_role.elb_role: Creating...[0m[0m
[0m[1mmodule.load_balancer.module.iam.aws_iam_role.eks_node_group_role: Creating...[0m[0m
[0m[1mmodule.load_balancer.aws_elb.this: Creating...[0m[0m
[0m[1mmodule.load_balancer.module.iam.aws_iam_role.eks_cluster_role: Creating...[0m[0m
[0m[1mmodule.load_balancer.module.iam.aws_iam_policy.elb_policy: Creation complete after 0s [id=arn:aws:iam::266735819819:policy/ELBManagementPolicy-2024101821003178050000000f][0m
[0m[1mmodule.load_balancer.module.iam.aws_iam_role.elb_role: Creation complete after 0s [id=ELBManagementRole-20241018210031786100000010][0m
[0m[1mmodule.load_balancer.module.iam.aws_iam_role.eks_cluster_role: Creation complete after 0s [id=eks-cluster-role-20241018210031789400000012][0m
[0m[1mmodule.load_balancer.module.iam.aws_iam_role_policy_attachment.elb_attachment: Creating...[0m[0m
[0m[1mmodule.load_balancer.module.iam.aws_iam_role.eks_node_group_role: Creation complete after 0s [id=eks-node-group-role-20241018210031786500000011][0m
[0m[1mmodule.load_balancer.module.iam.aws_iam_role_policy_attachment.eks_cluster_policy: Creating...[0m[0m
[0m[1mmodule.load_balancer.module.iam.aws_iam_role_policy_attachment.ecr_read_only: Creating...[0m[0m
[0m[1mmodule.load_balancer.module.iam.aws_iam_role_policy_attachment.eks_worker_node_policy: Creating...[0m[0m
[0m[1mmodule.load_balancer.module.iam.aws_iam_role_policy_attachment.eks_cni_policy: Creating...[0m[0m
[0m[1mmodule.load_balancer.module.iam.aws_iam_role_policy_attachment.elb_attachment: Creation complete after 0s [id=ELBManagementRole-20241018210031786100000010-20241018210032022000000013][0m
[0m[1mmodule.load_balancer.module.iam.aws_iam_role_policy_attachment.eks_worker_node_policy: Creation complete after 0s [id=eks-node-group-role-20241018210031786500000011-20241018210032038400000014][0m
[0m[1mmodule.load_balancer.module.iam.aws_iam_role_policy_attachment.eks_cluster_policy: Creation complete after 0s [id=eks-cluster-role-20241018210031789400000012-20241018210032061700000015][0m
[0m[1mmodule.load_balancer.module.iam.aws_iam_role_policy_attachment.eks_cni_policy: Creation complete after 0s [id=eks-node-group-role-20241018210031786500000011-20241018210032062200000016][0m
[0m[1mmodule.load_balancer.module.iam.aws_iam_role_policy_attachment.ecr_read_only: Creation complete after 0s [id=eks-node-group-role-20241018210031786500000011-20241018210032103600000017][0m
[0m[1mmodule.rds.aws_db_instance.db_insta: Still creating... [10m20s elapsed][0m[0m
[0m[1mmodule.load_balancer.aws_elb.this: Creation complete after 9s [id=my-load-balancer][0m
[0m[1mmodule.rds.aws_db_instance.db_insta: Still creating... [10m30s elapsed][0m[0m
[0m[1mmodule.rds.aws_db_instance.db_insta: Still creating... [10m40s elapsed][0m[0m
[0m[1mmodule.rds.aws_db_instance.db_insta: Still creating... [10m50s elapsed][0m[0m
[0m[1mmodule.rds.aws_db_instance.db_insta: Still creating... [11m0s elapsed][0m[0m
[0m[1mmodule.rds.aws_db_instance.db_insta: Still creating... [11m10s elapsed][0m[0m
[0m[1mmodule.rds.aws_db_instance.db_insta: Still creating... [11m20s elapsed][0m[0m
[0m[1mmodule.rds.aws_db_instance.db_insta: Still creating... [11m30s elapsed][0m[0m
[0m[1mmodule.rds.aws_db_instance.db_insta: Still creating... [11m40s elapsed][0m[0m
[0m[1mmodule.rds.aws_db_instance.db_insta: Still creating... [11m50s elapsed][0m[0m
[0m[1mmodule.rds.aws_db_instance.db_insta: Still creating... [12m0s elapsed][0m[0m
[0m[1mmodule.rds.aws_db_instance.db_insta: Still creating... [12m10s elapsed][0m[0m
[0m[1mmodule.rds.aws_db_instance.db_insta: Still creating... [12m20s elapsed][0m[0m
[0m[1mmodule.rds.aws_db_instance.db_insta: Still creating... [12m30s elapsed][0m[0m
[0m[1mmodule.rds.aws_db_instance.db_insta: Still creating... [12m40s elapsed][0m[0m
[0m[1mmodule.rds.aws_db_instance.db_insta: Still creating... [12m50s elapsed][0m[0m
[0m[1mmodule.rds.aws_db_instance.db_insta: Still creating... [13m0s elapsed][0m[0m
[0m[1mmodule.rds.aws_db_instance.db_insta: Still creating... [13m10s elapsed][0m[0m
[0m[1mmodule.rds.aws_db_instance.db_insta: Still creating... [13m20s elapsed][0m[0m
[0m[1mmodule.rds.aws_db_instance.db_insta: Still creating... [13m30s elapsed][0m[0m
[0m[1mmodule.rds.aws_db_instance.db_insta: Still creating... [13m40s elapsed][0m[0m
[0m[1mmodule.rds.aws_db_instance.db_insta: Still creating... [13m50s elapsed][0m[0m
[0m[1mmodule.rds.aws_db_instance.db_insta: Still creating... [14m0s elapsed][0m[0m
[0m[1mmodule.rds.aws_db_instance.db_insta: Creation complete after 14m2s [id=db-O4USAHGKR75GPJGIBJ4ETUMSKY][0m
[0m[1m[32m
Apply complete! Resources: 41 added, 0 changed, 0 destroyed.
[0m[0m[1m[32m
Outputs:

[0meks_cluster_name = "my-eks-cluster"
public_subnet_ids = [
  "subnet-09ec6f38fd81e5961",
  "subnet-065cc42077979f674",
]
vpc_id = "vpc-0e89afbfe0f5becbd"
[8mha:////4NoseK56Uk3zRe9vcEVwQdddWMN7JaE+VKfUh/1ao6uKAAAApB+LCAAAAAAAAABtjbEOwiAURV9rHFwd/QiadDPGyZWw+AXYIkLJexSodPKL/DX/QbSJk3e4uecu5/mCdQxwpKCZVTgYjJ1h3k26LJYpDFdHmVm6sI4wklNMqCyoV6cFBSUFS6oaVhw2CjtH0aBOsOVW3mXjJOrmnEL5Dhxq04/wgIoXc5IhfWEOsLtNfST8ef4KYPY+Qd3uP9W+AQPeLsW+AAAA[0m[Pipeline] }
[8mha:////4Ao8afPTrwvAMCJ7LAiu5ex3AKl/dFZMq0mx+limiHuzAAAApB+LCAAAAAAAAABtjTsOwjAQRDdBFLSUHGLDp0SpaC03nMAkxjixdoPt4FSciKtxBywiUTHFaN407/WGZfBQszfYaeothcbi4EaTFyb2/dVxwo4v2DAFdhqlTpJbfZpRctQwpyhhIWClqXEcLJkIa9Gph6qcIlOdo8/fUUBp2zs8oRDZHJWPX5g8bG5jG5h+nr8CmIYhQnnY5trvPsXVX92+AAAA[0m[Pipeline] // dir
[8mha:////4OQKNNEYE1/bsQMfBC8tk+1ZkYub20MwFlFVdgxZk2rnAAAApB+LCAAAAAAAAABtjTsOwjAQRDdBFLSUHGLDp0SpaC03nMAkxjixdoPt4FSciKtxBywiUTHFaN407/WGZfBQszfYaeothcbi4EaTFyb2/dVxwo4v2DAFdhqlTpJbfZpRctQwpyhhIWClqXEcLJkIa9Gph6qcIlOdo8/fUUBp2zs8oRDZHJWPX5g8bG5jG5h+nr8CmIYhQnnY5dpvP/Y2BGG+AAAA[0m[Pipeline] }
[8mha:////4PNmExEPUgqgoBfDbovX6wjsAcwax3SoSlDH2apUDNqoAAAApR+LCAAAAAAAAABtjTEOwjAQBC9BFLSUPOIioEIoFa3lhheYxBgn1l2wHZyKF/E1/oBFJCq2WO1sM683LIOHmr3BTlNvKTQWBzeavDCx76+OE3Z8wYYpsNModZLc6tOMkqOGOUUJCwErTY3jYMlEWItOPVTlFJnqHH3+jgJK297hCYXI5qh8/MLkYXMb28D08/wVwDQMEcr9Ltf28AE/r2G1vgAAAA==[0m[Pipeline] // withCredentials
[8mha:////4GB2pdQoBInZwxJKK3n3qtnRCOkbpbxwu7QD4LV80rfxAAAApR+LCAAAAAAAAABtjTEOwjAQBC9BFLSUPMIRSoOEqNJaaXiBiQ/jxLoztkNS8SK+xh+wiETFFqudbeb1hnUMcOJgRI80WIqdFd6NJi8xcRiujifR80V0TJEdihanljU2C7acEJYUJawkbJA6x9GSSbCVvXqoyiky1TmF/B0llFbf4QmFzOakQvrCHGB3G3Vk+nn+CmD2PkFZ17n2hw8MTDoJvgAAAA==[0m[Pipeline] }
[8mha:////4LiZr0UFI3IZXMLzxOI3Vft2GKkeZAbIf4Q3QvQ0TQI8AAAAph+LCAAAAAAAAABtjTEOwjAQBC9BFLSUPOIiBBIFSkVrueEFJjHGiXUXbAen4kV8jT9gEYmKLVY728zrDcvgoWZvsNPUWwqNxcGNJi9M7Pur44QdX7BhCuw0Sp0kt/o0o+SoYU5RwkLASlPjOFgyEdaiUw9VOUWmOkefv6OA0rZ3eEIhsjkqH78wedjcxjYw/Tx/BTANQ4Ryt8+1PXwAJWGAhL4AAAA=[0m[Pipeline] // stage
[8mha:////4KNGpp1reAec0FA0ojFiGoDShFW3DqZMnv1YAcid8i19AAAAph+LCAAAAAAAAABtjTEOwjAQBM9BKWgpeYRTIGgQFa3lhheY2Bgn1l2wLyQVL+Jr/IFAJCq22llpNc8XlDnBgZKXjcM2YK6D7GLvpyYHSu0l0iAbOsuaMFN0UrtBk3XHGTWxgzmigIWCpcM6Ug7oGVaqMXdTRYO+OnGatr2CItgbPECoycwm8RfGBOtrbzPhz/NXAGPHIHYMxWb7OZZv7d0UzsEAAAA=[0m[Pipeline] stage
[8mha:////4EwhAEzUJkWLOgP3vpCP27E+YjIw1f962qD/go/UmRD4AAAApx+LCAAAAAAAAABtjTEOwjAUQ3+LOrAycoh0QLAgpq5RFk4QmhDSRv+Xn5R24kRcjTvQUokJD5ZtyXqvNxSR4UTsRGOx9RhrL7rQuymJgbi9BhpEQxdRE0YKVig7KDK2WqqiZGFRlsNKwtpiHSh6dAk2stEPXQaNrjwnnrajhNybOzwhkxM5aU7fMjJsb72JhD/OXwCMXYJ8t5/tMD+LD02yRsvCAAAA[0m[Pipeline] { (Save Terraform State to Git)
[8mha:////4L887/DfaJLZuhZMhHZRLICVQ9TmmG59EsjU9SiUzAA2AAAAqB+LCAAAAAAAAABtjTEOwjAUQ3+LOrAycoh0QIIBMXWNsnCC0ISQNvq//KS0EyfiatyBlkpMeLBsS9Z7vaGIDCdiJxqLrcdYe9GF3k1JDMTtNdAgGrqImjBSsELZQZGx1VIVJQuLshxWEtYW60DRo0uwkY1+6DJodOU58bQdJeTe3OEJmZzISXP6lpFhe+tNJPxx/gJg7BLku/1sh/lZfADpB/iZwgAAAA==[0m[Pipeline] dir
Running in /var/lib/jenkins/workspace/Terraform-Pipeline/final-project-terraform
[8mha:////4Hvd65tymv4qWj6e2JROv0kENo89qEOoTeAZGFZwy7TcAAAAqB+LCAAAAAAAAABtjTEOwjAUQ3+LOrAycoh0YAAJMXWNsnCC0ISQNvq//KS0EyfiatyBlkpMeLBsS9Z7vaGIDCdiJxqLrcdYe9GF3k1JDMTtNdAgGrqImjBSsELZQZGx1VIVJQuLshxWEtYW60DRo0uwkY1+6DJodOU58bQdJeTe3OEJmZzISXP6lpFhe+tNJPxx/gJg7BLku/1sh/lZfAD8aiCpwgAAAA==[0m[Pipeline] {
[8mha:////4E9X8zAt8V2l2eRyaLEG+tIVzotZkol648lxAvxsjgP3AAAApx+LCAAAAAAAAABtjTEOwjAUQ3+LOrAycoh0YAEhpq5RFk4QmhDSRv+Xn5R24kRcjTvQUokJD5ZtyXqvNxSR4UTsRGOx9RhrL7rQuymJgbi9BhpEQxdRE0YKVig7KDK2WqqiZGFRlsNKwtpiHSh6dAk2stEPXQaNrjwnnrajhNybOzwhkxM5aU7fMjJsb72JhD/OXwCMXYJ8t5/tMD+LD59NhPHCAAAA[0m[Pipeline] script
[8mha:////4IuQk0Sm77sQ2wEkOYa6j87HtDwrORl4iEE6ySIuGUbNAAAAqB+LCAAAAAAAAABtjTEOwjAUQ3+LOrAycogUCRaEOrFGXThBaEJIGv1fkpR04kRcjTsQqMSEB8u2ZL3nC6rgoSGvmVXYGwydYYMbdU4ske8vjhKzdGYdYSCnWKtSS1Id59pSVDCrKGHBYamwcxQM6ggrbsVd1E6grk/R5+3AoTTyBg8oeCZH4eO3TB7W11EGwh/nLwCmIUK53WfbbT7P6g0Z/aLSwgAAAA==[0m[Pipeline] {
[8mha:////4MitDXHjNm6v70+hYt9jeoCqV+EpAOg+497TXePFPdSXAAAApB+LCAAAAAAAAABtjTEOwjAQBC9BFLSUPOICEh2iSmu54QUmNsaJdWdsh6TiRXyNPxCIRMUWq51t5vmCZYpw5GixNdQ5So3D4Hs7LRw4dhfPA7Z8xoYpsTcozSBZm3pGydnAnKKEhYCVocZzcmQzrEWr7qryimx1ynH6DgJKp2/wgEJM5qxi/sIYYXPtdWL6ef4KYAwZyv32U7vwBl2WGva+AAAA[0m[Pipeline] echo
Saving Terraform state file to Git...
[8mha:////4N4kDNHkHKq3poAVqB4lS4vZmRauEkeRtR36dXEyT7NPAAAApB+LCAAAAAAAAABtjTEOwjAQBC9BFLSUPOKCEB2iSmu54QUmNsaJdWdsh6TiRXyNPxCIRMUWq51t5vmCZYpw5GixNdQ5So3D4Hs7LRw4dhfPA7Z8xoYpsTcozSBZm3pGydnAnKKEhYCVocZzcmQzrEWr7qryimx1ynH6DgJKp2/wgEJM5qxi/sIYYXPtdWL6ef4KYAwhQ7nffWr7BlDdbXS+AAAA[0m[Pipeline] }
[8mha:////4BNMZUWCOK7xVt/5i+kBazsnPsoylIwjlb8SeKWY4BVqAAAApR+LCAAAAAAAAABtjTEOwjAQBC9BFLSUPOJShAYhqrRWGl5gYmOcWHfGdkgqXsTX+AMWkajYYrWzzbzesI4BThwM9poGS7Gz6N1o8sKJw3B1PGHPF+yYIjuNrZ5aVrpZsOWkYUlRwkrARlPnOFoyCbailw9ZOUmmOqeQv6OA0qo7PKEQ2ZxkSF+YA+xuo4pMP89fAczeJyj3da768AGWIKyJvgAAAA==[0m[Pipeline] // script
[8mha:////4JAy/ynbLBM4jPUj9Vun3XVySTCjEkRDwu8J7NynHL+9AAAAqB+LCAAAAAAAAABtjTEOwjAUQ3+LOrAycoh0oAMSYuoaZeEEIQkhbfR/SVLaiRNxNe5AoBITHizbkvWeL6higCMFyzqDvcOoHBv8aHNiE4X+4mliHZ2ZIozkDRNmEqRNu1RBycCiooQVh7VB5Sk6tAk2vJN3WXuJtj6lkLcDh9LpGzyg4JmcZEjfMgfYXkcdCX+cvwCYhwTlbp+taT7P6g3PYL2IwgAAAA==[0m[Pipeline] sshagent
[ssh-agent] Using credentials git (GitHub SSH Key for Jenkins)
$ ssh-agent
SSH_AUTH_SOCK=/tmp/ssh-XXXXXXxOeSVo/agent.2105
SSH_AGENT_PID=2110
Running ssh-add (command line suppressed)
Identity added: /var/lib/jenkins/workspace/Terraform-Pipeline/final-project-terraform@tmp/private_key_12594223312760190294.key (jenkins@example.com)
[ssh-agent] Started.
[8mha:////4J1eqo0GW3N8TEMUaS4srUvYASfFA51V9RnPkJtu2vP6AAAAph+LCAAAAAAAAABtjTEOwjAUQ3+LOrAycoh0KRNiYo2ycILQhJA0+r9NUtKJE3E17kBLJSY8WLYl673eUMUAJwqGOY2dxdha1vvRzIllCt3NU2aOrqwljOQ1EzoLUvq8VkFJw6qihA2HrcbWU7RoEuy4kw9Ze4mmvqQwb0cOpVUDPKHgMznJkL5lCrC/jyoS/jh/ATD1CcqmWeywPKsPIshjPcIAAAA=[0m[Pipeline] {
[8mha:////4CeCaGOJrEPzv3OEwqUcIkF2IDtnIjWvQnCDkg6UGXJNAAAApB+LCAAAAAAAAABtjTEOwjAQBC9BFLSUPOLSAA2iSmu54QUmNsaJdWdsh6TiRXyNPxCIRMUWq51t5vmCZYpw5GixNdQ5So3D4Hs7LRw4dhfPA7Z8xoYpsTcozSBZm3pGydnAnKKEhYCVocZzcmQzrEWr7qryimx1ynH6DgJKp2/wgEJM5qxi/sIYYXPtdWL6ef4KYAwZyu3uU/vwBj0vY+u+AAAA[0m[Pipeline] sh
+ git config --global user.email jenkins@example.com
+ git config --global user.name Jenkins CI
+ git add terraform.tfstate
+ git commit -m Update Terraform state
[main 58de0e9] Update Terraform state
 1 file changed, 1946 insertions(+)
 create mode 100644 final-project-terraform/terraform.tfstate
+ git push origin main
To github.com:yair232/status-page.git
   efd91fa..58de0e9  main -> main
[8mha:////4MljtqlRhW+YdzlmN5NFmcERwAsvKrzuLCVjZqWdaSjDAAAApB+LCAAAAAAAAABtjTEOwjAQBC9BFLSUPOLSgCgQVVrLDS8wsTFOrDtjOyQVL+Jr/IFAJCq2WO1sM88XLFOEI0eLraHOUWocBt/baeHAsbt4HrDlMzZMib1BaQbJ2tQzSs4G5hQlLASsDDWekyObYS1adVeVV2SrU47TdxBQOn2DBxRiMmcV8xfGCJtrrxPTz/NXAGMIGcrt/lO7N2y4ylS+AAAA[0m[Pipeline] }
$ ssh-agent -k
unset SSH_AUTH_SOCK;
unset SSH_AGENT_PID;
echo Agent pid 2110 killed;
[ssh-agent] Stopped.
[8mha:////4FRdLcmiHTphjbly8RZQ0UT7PhUDBsxJCO1100nsA8VQAAAApB+LCAAAAAAAAABtjTESwiAURH/iWNhaegjSpHDGsbJlaDwBJogQ5n8CRFJ5Iq/mHUQzY+UWO/u2ec8XrGOAIwXNrMLBYOwM827SZbFMYbg6yszShXWEkZxiQmVBvTotKCgpWFLVsOKwUdg5igZ1gi238i4bJ1E35xTKd+BQm36EB1S8mJMM6QtzgN1t6iPhz/NXALP3Cep2/6n2DS86m9K+AAAA[0m[Pipeline] // sshagent
[8mha:////4Ky0it8O4DNRN3Jk1OSkLhh8x3+vUNiVA3Vebyw5nwoFAAAApR+LCAAAAAAAAABtjTEOwjAQBC9BFLSUPOJSQAFCqWgtN7zAJMY4se6C7eBUvIiv8QcsIlGxxWpnm3m9YRk81OwNdpp6S6GxOLjR5IWJfX91nLDjCzZMgZ1GqZPkVp9mlBw1zClKWAhYaWocB0smwlp06qEqp8hU5+jzdxRQ2vYOTyhENkfl4xcmD5vb2Aamn+evAKZhiFDuDrm2+w9mMzBfvgAAAA==[0m[Pipeline] }
[8mha:////4DLXCFIHAR8oscdIhR9QxrrtUTe2+K9nxuyBWVwTR1eHAAAAph+LCAAAAAAAAABtjTEOwjAQBC9BFLSUPOKChBAFSkVrueEFJjHGiXUXbAen4kV8jT9gEYmKLVY728zrDcvgoWZvsNPUWwqNxcGNJi9M7Pur44QdX7BhCuw0Sp0kt/o0o+SoYU5RwkLASlPjOFgyEdaiUw9VOUWmOkefv6OA0rZ3eEIhsjkqH78wedjcxjYw/Tx/BTANQ4Ryv821O3wAi3T3Tr4AAAA=[0m[Pipeline] // dir
[8mha:////4GfP8aH4/LaQNL1O0f2zqTvTYFyfTDCv3Vi4OSX7kJaKAAAApR+LCAAAAAAAAABtjTEOwjAQBC9BFLSUPOIihKBBqWgtN7zAJMY4se6C7eBUvIiv8QcsIlGxxWpnm3m9YRk81OwNdpp6S6GxOLjR5IWJfX91nLDjCzZMgZ1GqZPkVp9mlBw1zClKWAhYaWocB0smwlp06qEqp8hU5+jzdxRQ2vYOTyhENkfl4xcmD5vb2Aamn+evAKZhiFDut7l2hw+4l6zyvgAAAA==[0m[Pipeline] }
[8mha:////4BVjEFTV8QDTOFCaCXg1GI7l6hT3dDc6ncooZV2obtwnAAAApR+LCAAAAAAAAABtjTEOwjAQBC9BFLSUPOIigVIhqrRWGl5gYmOcWHfGdkgqXsTX+AMWkajYYrWzzbzesI4BThwM9poGS7Gz6N1o8sKJw3B1PGHPF+yYIjuNrZ5aVrpZsOWkYUlRwkrARlPnOFoyCbailw9ZOUmmOqeQv6OA0qo7PKEQ2ZxkSF+YA+xuo4pMP89fAczeJyjrfa5D/QGstDHtvgAAAA==[0m[Pipeline] // stage
[8mha:////4O1/0M/nENvm9qXhiHcFnOvD7vx0zjmrvz5KmYUkzm6xAAAAph+LCAAAAAAAAABtjTEOwjAQBM9BKWgpeYRTIGgQFa3lhheY2Bgn1l2wLyQVL+Jr/IFAJCq22llpNc8XlDnBgZKXjcM2YK6D7GLvpyYHSu0l0iAbOsuaMFN0UrtBk3XHGTWxgzmigIWCpcM6Ug7oGVaqMXdTRYO+OnGatr2CItgbPECoycwm8RfGBOtrbzPhz/NXAGPHIHYMxXbzOZZvygude8EAAAA=[0m[Pipeline] stage
[8mha:////4LKDQwdYk/B911wpb6FOa56KnL+lc8Ih4xh1yf+fGTvkAAAApx+LCAAAAAAAAABtjTEOwjAUQ3+LOrAycoh0ACbE1DXKwglCE0La6P/yk9JOnIircQdaKjHhwbItWe/1hiIynIidaCy2HmPtRRd6NyUxELfXQINo6CJqwkjBCmUHRcZWS1WULCzKclhJWFusA0WPLsFGNvqhy6DRlefE03aUkHtzhydkciInzelbRobtrTeR8Mf5C4CxS5AfdrPt52fxAd9J1uLCAAAA[0m[Pipeline] { (Build Docker Image)
[8mha:////4POBdYpL9F0TCN0RwGjpUjqhFuODmW9qk9iqrZ8JxMWKAAAAph+LCAAAAAAAAABtjTEOwjAUQ3+DOrAycoh0oRNiYo26cILQhJA0+r9NUtKJE3E17kBLJSY8WLYl673eUMYAJwqGO42dxdha3vvRzIlnCt3NU+aOrrwljOQ1b3RuSOnzWhtKGlYVDDYCthpbT9GiSbATTj5k5SWa6pLCvB0FMKsGeEIhZnKSIX3LFGB/H1Uk/HH+AmDqE7D6sFi9PMsP+Y+xAMIAAAA=[0m[Pipeline] script
[8mha:////4DZtPtLX2lMeLfUOiEvEVHJYEKCBMoEvkDTfYCGtq7yFAAAAph+LCAAAAAAAAABtjTEOwjAUQ3+LOrAycoh0KgtiYo2ycILQhJA0+r9NUtKJE3E17kBLJSY8WLYl673eUMUAJwqGOY2dxdha1vvRzIllCt3NU2aOrqwljOQ1EzoLUvq8VkFJw6qihA2HrcbWU7RoEuy4kw9Ze4mmvqQwb0cOpVUDPKHgMznJkL5lCrC/jyoS/jh/ATD1CcqmWeywPKsPlyKrR8IAAAA=[0m[Pipeline] {
[8mha:////4Prc6nDpuDRfLImTvxjL5cT4uaP/KnDLIOA7c7kPiufRAAAApB+LCAAAAAAAAABtjTEOwjAQBC9BFLSUPOJSAQWiSmu54QUmNsaJdWdsh6TiRXyNPxCIRMUWq51t5vmCZYpw5GixNdQ5So3D4Hs7LRw4dhfPA7Z8xoYpsTcozSBZm3pGydnAnKKEhYCVocZzcmQzrEWr7qryimx1ynH6DgJKp2/wgEJM5qxi/sIYYXPtdWL6ef4KYAwZyu3uU/vwBkhu+A6+AAAA[0m[Pipeline] echo
Building Docker image from the Dockerfile...
[8mha:////4KZ47XgbaC4keJq/hIS5Mz0M0yG5nDB3mhrHeBlhJx4nAAAApB+LCAAAAAAAAABtjTEOwjAQBC9BFLSUPOJSgZAQVVrLDS8wsTFOrDtjOyQVL+Jr/IFAJCq2WO1sM88XLFOEI0eLraHOUWocBt/baeHAsbt4HrDlMzZMib1BaQbJ2tQzSs4G5hQlLASsDDWekyObYS1adVeVV2SrU47TdxBQOn2DBxRiMmcV8xfGCJtrrxPTz/NXAGMIGcrt/lO7N/Zh+YO+AAAA[0m[Pipeline] }
[8mha:////4M3elKOsmAA6GFEFmayfIRmjJYLkjACfZJphagg5LYNTAAAAox+LCAAAAAAAAABtjTESwiAURH/iWNhaeghSpXAcK1uGxhNggghh/idAJJUn8mreQTQzVm6xs2+b93zBOgY4UtDMKhwMxs4w7yZdFssUhqujzCxdWEcYySkmVBbUq9OCgpKCJVUNKw4bhZ2jaFAn2HIr77JxEnVzTqF8Bw616Ud4QMWLOcmQvjAH2N2mPhL+PH8FMHufoG73n2rf6eOs0b4AAAA=[0m[Pipeline] // script
[8mha:////4ABw53YJk6+iDH7+u4jv6BDzRbzX0oi4Us4tS0L+9StRAAAApR+LCAAAAAAAAABtjTEOwjAQBC9BFLSUPOJCATQoFa3lhheYxBgn1l2wHZyKF/E1/oBFJCq2WO1sM683LIOHmr3BTlNvKTQWBzeavDCx76+OE3Z8wYYpsNModZLc6tOMkqOGOUUJCwErTY3jYMlEWItOPVTlFJnqHH3+jgJK297hCYXI5qh8/MLkYXMb28D08/wVwDREKPe7XIft8AH/V2DUvgAAAA==[0m[Pipeline] sh
+ docker build -t rontz/status-page:latest .
DEPRECATED: The legacy builder is deprecated and will be removed in a future release.
            Install the buildx component to build images with BuildKit:
            https://docs.docker.com/go/buildx/

Sending build context to Docker daemon  10.62MB
Step 1/11 : FROM python:3.10-slim
 ---> 467b0be1afa5
Step 2/11 : ENV PYTHONDONTWRITEBYTECODE=1
 ---> Using cache
 ---> f8123eba2f79
Step 3/11 : ENV PYTHONUNBUFFERED=1
 ---> Using cache
 ---> e7af08fec79e
Step 4/11 : WORKDIR /opt
 ---> Using cache
 ---> ad7f4e35bc92
Step 5/11 : COPY . /opt/status-page
 ---> 2bd1c04267ef
Step 6/11 : RUN chmod +x /opt/status-page/upgrade.sh
 ---> Running in 456efee23cb7
Removing intermediate container 456efee23cb7
 ---> ebaa3f610d86
Step 7/11 : RUN pip install --upgrade pip
 ---> Running in 2d36fb2ce039
Requirement already satisfied: pip in /usr/local/lib/python3.10/site-packages (23.0.1)
Collecting pip
  Downloading pip-24.2-py3-none-any.whl (1.8 MB)
     ━━━━━━━━━━━━━━━━━━━━━━━━━━━━━━━━━━━━━━━━ 1.8/1.8 MB 20.7 MB/s eta 0:00:00
Installing collected packages: pip
  Attempting uninstall: pip
    Found existing installation: pip 23.0.1
    Uninstalling pip-23.0.1:
      Successfully uninstalled pip-23.0.1
Successfully installed pip-24.2
[91mWARNING: Running pip as the 'root' user can result in broken permissions and conflicting behaviour with the system package manager. It is recommended to use a virtual environment instead: https://pip.pypa.io/warnings/venv
[0mRemoving intermediate container 2d36fb2ce039
 ---> 3cdb5aff083c
Step 8/11 : EXPOSE 8000
 ---> Running in e5b7a1e5e8d5
Removing intermediate container e5b7a1e5e8d5
 ---> fa73d1758d34
Step 9/11 : RUN cp /opt/status-page/contrib/gunicorn.py /opt/status-page/gunicorn.py
 ---> Running in 182c0ae7b46c
Removing intermediate container 182c0ae7b46c
 ---> 5e364b638c63
Step 10/11 : RUN cp -v /opt/status-page/contrib/*.service /etc/systemd/system/
 ---> Running in 4dec9893bb59
'/opt/status-page/contrib/status-page-rq.service' -> '/etc/systemd/system/status-page-rq.service'
'/opt/status-page/contrib/status-page-scheduler.service' -> '/etc/systemd/system/status-page-scheduler.service'
'/opt/status-page/contrib/status-page.service' -> '/etc/systemd/system/status-page.service'
Removing intermediate container 4dec9893bb59
 ---> 3aa2ec3bd01a
Step 11/11 : CMD ["bash", "-c", "cd status-page && ./upgrade.sh && cd statuspage && source /opt/status-page/venv/bin/activate && gunicorn --bind 0.0.0.0:8000 statuspage.wsgi:application"]
 ---> Running in 56e34249343c
Removing intermediate container 56e34249343c
 ---> 55c7557f8a1e
Successfully built 55c7557f8a1e
Successfully tagged rontz/status-page:latest
[8mha:////4BECD+yo+yharyofLom1JY2r/yFoUJX2/rqcE1STSqd8AAAApR+LCAAAAAAAAABtjTEOwjAQBC9BFLSUPOIiJKBBqWgtN7zAJMY4se6C7eBUvIiv8QcsIlGxxWpnm3m9YRk81OwNdpp6S6GxOLjR5IWJfX91nLDjCzZMgZ1GqZPkVp9mlBw1zClKWAhYaWocB0smwlp06qEqp8hU5+jzdxRQ2vYOTyhENkfl4xcmD5vb2Aamn+evAKZhiFAetrn2uw+PSxB7vgAAAA==[0m[Pipeline] }
[8mha:////4Hn8uD6Il6Ah6zrUZfwxfg2wQ9CSUa7jwxH3fBGgmTQ3AAAApR+LCAAAAAAAAABtjTEOwjAQBC9BFLSUPOIigaBBqWgtN7zAJMY4se6C7eBUvIiv8QcsIlGxxWpnm3m9YRk81OwNdpp6S6GxOLjR5IWJfX91nLDjCzZMgZ1GqZPkVp9mlBw1zClKWAhYaWocB0smwlp06qEqp8hU5+jzdxRQ2vYOTyhENkfl4xcmD5vb2Aamn+evAKZhiFAetrn2uw+CrOBjvgAAAA==[0m[Pipeline] // stage
[8mha:////4IKxCgz+ygVcyzCLx+57NFjydeNZcpT+9oMWQxLW7J3VAAAAph+LCAAAAAAAAABtjTEOwjAQBM9BKWgpeYRTIKVBVLSWG15gEmOcWHfBvpBUvIiv8QcMkajYamel1TxfUKYIB4pOdhZ7j6nxcgijy01OFPtLoEl2dJYNYaJgpbaTptYeF9TEFpaIAlYK1habQMmjY9ioztxNFQy66sQxb3sFhW9v8AChsplN5C/MEbbXsU2EP89fAcwDg6gZinr3OZZvVxF1SsEAAAA=[0m[Pipeline] stage
[8mha:////4HPTT4wHw3UuCQS2krECTVvdAfwdrtNL+UXVcxa/N8cwAAAApx+LCAAAAAAAAABtjTEOwjAUQ3+LOrAycoh0ALEgpq5RFk4QmhDSRv+Xn5R24kRcjTvQUokJD5ZtyXqvNxSR4UTsRGOx9RhrL7rQuymJgbi9BhpEQxdRE0YKVig7KDK2WqqiZGFRlsNKwtpiHSh6dAk2stEPXQaNrjwnnrajhNybOzwhkxM5aU7fMjJsb72JhD/OXwCMXYL8sJttPz+LD7KBoKTCAAAA[0m[Pipeline] { (Test Docker Image)
[8mha:////4HUU2Fmu8pz71cV+h5XM2bq7rCYtxQnPfRIEil0I/LdkAAAApx+LCAAAAAAAAABtjTEOwjAUQ3+LOrAycoh0ARbE1DXKwglCE0La6P/yk9JOnIircQdaKjHhwbItWe/1hiIynIidaCy2HmPtRRd6NyUxELfXQINo6CJqwkjBCmUHRcZWS1WULCzKclhJWFusA0WPLsFGNvqhy6DRlefE03aUkHtzhydkciInzelbRobtrTeR8Mf5C4CxS5AfdrPt52fxAZRHx0bCAAAA[0m[Pipeline] script
[8mha:////4LEHzYZXXQ17pkgnRHNR4A9Cz40dQrjRvV22wn6S/vw9AAAAph+LCAAAAAAAAABtjTEOwjAUQ3+DOrAycoh0ogtiYo26cILQhJA0+r9NUtKJE3E17kBLJSY8WLYl673eUMYAJwqGO42dxdha3vvRzIlnCt3NU+aOrrwljOQ1b3RuSOnzWhtKGlYVDDYCthpbT9GiSbATTj5k5SWa6pLCvB0FMKsGeEIhZnKSIX3LFGB/H1Uk/HH+AmDqE7D6sFi9PMsP+urdAcIAAAA=[0m[Pipeline] {
[8mha:////4GUnT9BY5UJUnDNLRVl6GozE0tSU+w/jMBdi3JaYY2peAAAAox+LCAAAAAAAAABtjTESwiAURH/iWNhaegjSxcKxsmVoPAEmiBDmfwJEUnkir+YdRDNj5RY7+7Z5zxesY4AjBc2swsFg7AzzbtJlsUxhuDrKzNKFdYSRnGJCZUG9Oi0oKClYUtWw4rBR2DmKBnWCLbfyLhsnUTfnFMp34FCbfoQHVLyYkwzpC3OA3W3qI+HP81cAs09Qt+2n9v4N8tcxgr4AAAA=[0m[Pipeline] echo
Testing Docker image for basic functionality...
[8mha:////4MyTnDVxQleyDWSIVn0bIiY8ApgOC4fS0amGUKYYbNTGAAAApB+LCAAAAAAAAABtjbEOwiAURV9rHFwd/Qi6NSbGyZWw+AXYIkLJexSodPKL/DX/QbSJk3e4uecu5/mCdQxwpKCZVTgYjJ1h3k26LJYpDFdHmVm6sI4wklNMqCyoV6cFBSUFS6oaVhw2CjtH0aBOsOVW3mXjJOrmnEL5Dhxq04/wgIoXc5IhfWEOsLtNfST8ef4KYPY+Qd3uP9W+AagoPJm+AAAA[0m[Pipeline] }
[8mha:////4JhhNka2wknxYGdPXZEQ9fidbQRaSVudSnGD0rNpFjZ8AAAApB+LCAAAAAAAAABtjTEOwjAQBC9BFLSUPOJSgYQQVVrLDS8wsTFOrDtjOyQVL+Jr/IFAJCq2WO1sM88XLFOEI0eLraHOUWocBt/baeHAsbt4HrDlMzZMib1BaQbJ2tQzSs4G5hQlLASsDDWekyObYS1adVeVV2SrU47TdxBQOn2DBxRiMmcV8xfGCJtrrxPTz/NXAGMIGcrd/lPbN7eqacu+AAAA[0m[Pipeline] // script
[8mha:////4FFVcWgA4f1VwoZIBcWy5rNInR8kqSb505vVlBH47CrQAAAApR+LCAAAAAAAAABtjTEOwjAQBC9BFLSUPOJCgaBAqWgtN7zAJMY4se6C7eBUvIiv8QcsIlGxxWpnm3m9YRk81OwNdpp6S6GxOLjR5IWJfX91nLDjCzZMgZ1GqZPkVp9mlBw1zClKWAhYaWocB0smwlp06qEqp8hU5+jzdxRQ2vYOTyhENkfl4xcmD5vb2Aamn+evAKYhQrnf5Tpshw8rOi1bvgAAAA==[0m[Pipeline] sh
+ docker run --name test-container -d rontz/status-page:latest
d36a5c94dc07f345d13ff0c49f934da6e8d7349bd9fbe7cde1ff139d0c931b20
[8mha:////4PzBRIw1yp/l4B/tISNjUdYK8KSesliapjpAnkVUkgWvAAAAph+LCAAAAAAAAABtjTEOwjAQBC9BFLSUPOIiJAQFSkVrueEFJjHGiXUXbAen4kV8jT9gEYmKLVY728zrDcvgoWZvsNPUWwqNxcGNJi9M7Pur44QdX7BhCuw0Sp0kt/o0o+SoYU5RwkLASlPjOFgyEdaiUw9VOUWmOkefv6OA0rZ3eEIhsjkqH78wedjcxjYw/Tx/BTANEcr9LtdhO3wAags2Qr4AAAA=[0m[Pipeline] sh
+ docker exec test-container /bin/bash -c echo 'Running health check...'; sleep 2; echo 'Service is up'
Running health check...
Service is up
[8mha:////4EuypSQBIUxX0mE1oNF69VJ259emvcYnzUVb5OO9IbGzAAAAph+LCAAAAAAAAABtjTEOwjAQBC9BFLSUPOIiIQQFSkVrueEFJjHGiXUXbAen4kV8jT9gEYmKLVY728zrDcvgoWZvsNPUWwqNxcGNJi9M7Pur44QdX7BhCuw0Sp0kt/o0o+SoYU5RwkLASlPjOFgyEdaiUw9VOUWmOkefv6OA0rZ3eEIhsjkqH78wedjcxjYw/Tx/BTANEcr9LtdhO3wAqVgbab4AAAA=[0m[Pipeline] sh
+ docker stop test-container
test-container
+ docker rm test-container
test-container
[8mha:////4NRpId5IszKAOCrQedSG77nTp1AErnwgD3N7BbuhqbzgAAAApR+LCAAAAAAAAABtjTEOwjAQBC9BFLSUPOJSgKBAqWgtN7zAJMY4se6C7eBUvIiv8QcsIlGxxWpnm3m9YRk81OwNdpp6S6GxOLjR5IWJfX91nLDjCzZMgZ1GqZPkVp9mlBw1zClKWAhYaWocB0smwlp06qEqp8hU5+jzdxRQ2vYOTyhENkfl4xcmD5vb2Aamn+evAKZhiFAetrn2uw/zsoK7vgAAAA==[0m[Pipeline] }
[8mha:////4HLKRej7Wlge7WBx9NWLDN9P8Wnd94bpt+FYp1htY4ZqAAAApR+LCAAAAAAAAABtjTEOwjAQBC9BFLSUPOJSgKBAqWgtN7zAJMY4se6C7eBUvIiv8QcsIlGxxWpnm3m9YRk81OwNdpp6S6GxOLjR5IWJfX91nLDjCzZMgZ1GqZPkVp9mlBw1zClKWAhYaWocB0smwlp06qEqp8hU5+jzdxRQ2vYOTyhENkfl4xcmD5vb2Aamn+evAKZhiFAedrn22w/oF+M4vgAAAA==[0m[Pipeline] // stage
[8mha:////4G6K+tTRKTOOPMOOA7LIuhHK4AUeBZ9BD2fVeC0XEH+TAAAAph+LCAAAAAAAAABtjTEOwjAQBM9BKWgpeYRTAQWiorXc8AITG+PEugv2haTiRXyNPxCIRMVWOyut5vmCMic4UPKycdgGzHWQXez91ORAqb1EGmRDZ1kTZopOajdosu44oyZ2MEcUsFCwdFhHygE9w0o15m6qaNBXJ07TtldQBHuDBwg1mdkk/sKYYH3tbSb8ef4KYOwYxJah2G0+x/IN/vlbOsEAAAA=[0m[Pipeline] stage
[8mha:////4AVMubRqdsvsUag8mYuXYW7z18xC5XMlNKNwvfifjdzWAAAApx+LCAAAAAAAAABtjTEOwjAUQ3+LOrAycoh0AgbE1DXKwglCE0La6P/yk9JOnIircQdaKjHhwbItWe/1hiIynIidaCy2HmPtRRd6NyUxELfXQINo6CJqwkjBCmUHRcZWS1WULCzKclhJWFusA0WPLsFGNvqhy6DRlefE03aUkHtzhydkciInzelbRobtrTeR8Mf5C4CxS5AfdrPt52fxASGtDzzCAAAA[0m[Pipeline] { (Push Docker Image to Docker Hub)
[8mha:////4Lx0rR2NLmNBKDDk2Oy5a76/S/xIRGv9MxrsV+B/HJITAAAAph+LCAAAAAAAAABtjTEOwjAUQ3+DOrAycoh0owNiYo26cILQhJA0+r9NUtKJE3E17kBLJSY8WLYl673eUMYAJwqGO42dxdha3vvRzIlnCt3NU+aOrrwljOQ1b3RuSOnzWhtKGlYVDDYCthpbT9GiSbATTj5k5SWa6pLCvB0FMKsGeEIhZnKSIX3LFGB/H1Uk/HH+AmDqE7D6sFi9PMsPhRixbsIAAAA=[0m[Pipeline] script
[8mha:////4FRUidubIqGh/6ch9kya2qn99TBUmLreaLTh4Ux8dzXAAAAAph+LCAAAAAAAAABtjTEOwjAUQ3+LOrAycoh0LBJiYo2ycILQhJA0+r9NUtKJE3E17kBLJSY8WLYl673eUMUAJwqGOY2dxdha1vvRzIllCt3NU2aOrqwljOQ1EzoLUvq8VkFJw6qihA2HrcbWU7RoEuy4kw9Ze4mmvqQwb0cOpVUDPKHgMznJkL5lCrC/jyoS/jh/ATD1CcqmWeywPKsPkHVpXsIAAAA=[0m[Pipeline] {
[8mha:////4ATMoiFQviyoI8uX+kgVdWYmlUpPILpDYh5+9QxPbzJQAAAAox+LCAAAAAAAAABtjTEOwjAQBC9BFLSUPOJSAkJUaS03vMDExjix7oztkFS8iK/xBwKRqNhitbPNPF+wTBGOHC22hjpHqXEYfG+nhQPH7uJ5wJbP2DAl9galGSRrU88oORuYU5SwELAy1HhOjmyGtWjVXVVeka1OOU7fQUDp9A0eUIjJnFXMXxgjbK69Tkw/z18BjCFDud19ah/eiOvlgb4AAAA=[0m[Pipeline] echo
Pushing Docker image to Docker Hub...
[8mha:////4Ev+HgF88rQeh46Hm4bRZgRsnrLlGnFv3GpgBflxNsKvAAAApB+LCAAAAAAAAABtjTEOwjAQBC9BFLSUPOJCRyREldZKwwtMbIwT687YDknFi/gaf8AiEhVbrHa2mdcb1jHAiYPBXtNgKXYWvRtNXjhxGK6OJ+z5gh1TZKex1VPLSjcLtpw0LClKWAnYaOocR0smwVb08iErJ8lU5xTydxRQWnWHJxQim5MM6QtzgN1tVJHp5/krgNn7BGW9z3WoP97N89u+AAAA[0m[Pipeline] }
[8mha:////4PrHYbF2YxwQ/s0CYGr1JSfi3oS3LTzbViVkMBXnt7GpAAAApR+LCAAAAAAAAABtjTEOwjAQBC9BFLSUPMIRVZAQVVorDS8w8WGcWHfGdkgqXsTX+AMWkajYYrWzzbzesI4BThyM6JEGS7GzwrvR5CUmDsPV8SR6voiOKbJD0eLUssZmwZYTwpKihJWEDVLnOFoyCbayVw9VOUWmOqeQv6OE0uo7PKGQ2ZxUSF+YA+xuo45MP89fAczeJygP+1x1/QHqAxCAvgAAAA==[0m[Pipeline] // script
[8mha:////4Jr6wXMPwmOIRGNlh1zZ1uyLmnhtSrq4Op/XCOCbL2XwAAAAqB+LCAAAAAAAAABtjTEOwjAUQ3+LOrAycohUYgAk1Ik16sIJQhNC0uj/kqSkEyfiatyBQCUmPFi2Jes9X1AFDw15zazC3mDoDBvcqHNiiXx/cZSYpTPrCAM5xVqVWpLqONeWooJZRQkLDkuFnaNgUEdYcSvuonYCdX2KPm8HDqWRN3hAwTM5Ch+/ZfKwvo4yEP44fwEwDRHK3TbbfvN5Vm/f+TTIwgAAAA==[0m[Pipeline] withCredentials
Masking supported pattern matches of $DOCKER_PASS
[8mha:////4OGJQMgEVMKfc568OFJ+Ss+bv+YMgFnpJ4Y8IocCVnCCAAAAqB+LCAAAAAAAAABtjTEOwjAUQ3+LOrAycohUggUJMXWNsnCC0ISQNvq//KS0EyfiatyBlkpMeLBsS9Z7vaGIDCdiJxqLrcdYe9GF3k1JDMTtNdAgGrqImjBSsELZQZGx1VIVJQuLshxWEtYW60DRo0uwkY1+6DJodOU58bQdJeTe3OEJmZzISXP6lpFhe+tNJPxx/gJg7BLkh91s+/lZfACJxiXBwgAAAA==[0m[Pipeline] {
[8mha:////4JxGIS0GKMen2PCqgwn2JfsLvxdq9x3ygwj1rk7wiwN3AAAApR+LCAAAAAAAAABtjTEOwjAQBC9BFLSUPOJSQIGEqNJabniBiY1xYt0Z2yGpeBFf4w8EIlGxxWpnm3m+YJkiHDlabA11jlLjMPjeTgsHjt3F84Atn7FhSuwNSjNI1qaeUXI2MKcoYSFgZajxnBzZDGvRqruqvCJbnXKcvoOA0ukbPKAQkzmrmL8wRthce52Yfp6/AhhDhnK//dQuvAGulDDkvgAAAA==[0m[Pipeline] sh
+ echo ****
+ docker login -u rontz --password-stdin
WARNING! Your password will be stored unencrypted in /var/lib/jenkins/.docker/config.json.
Configure a credential helper to remove this warning. See
https://docs.docker.com/engine/reference/commandline/login/#credentials-store

Login Succeeded
+ docker push rontz/status-page:latest
The push refers to repository [docker.io/rontz/status-page]
2901aaca1cee: Preparing
5b95059361f5: Preparing
4fc936aceebe: Preparing
6acaf8151764: Preparing
ef5e0b56409d: Preparing
7f6b4f9d581b: Preparing
dfa4c16a8763: Preparing
9d6f7ae9ff33: Preparing
8d853c8add5d: Preparing
dfa4c16a8763: Waiting
9d6f7ae9ff33: Waiting
8d853c8add5d: Waiting
7f6b4f9d581b: Waiting
5b95059361f5: Pushed
2901aaca1cee: Pushed
6acaf8151764: Pushed
7f6b4f9d581b: Pushed
ef5e0b56409d: Pushed
4fc936aceebe: Pushed
9d6f7ae9ff33: Pushed
dfa4c16a8763: Pushed
8d853c8add5d: Pushed
latest: digest: sha256:97732d1fe089ee0ba07ba10c88acf1e83e0fecc39b99dd6bed0a529fa0bff41d size: 2203
+ docker logout
Removing login credentials for https://index.docker.io/v1/
[8mha:////4Fkh0oR9Cmg2CgrXi7dPDEuIAsz0ncXnG4Rk72rTleGxAAAApR+LCAAAAAAAAABtjTEOwjAQBC9BFLSUPOJSICQkRJXWcsMLTGyME+vO2A5JxYv4Gn8gEImKLVY728zzBcsU4cjRYmuoc5Qah8H3dlo4cOwungds+YwNU2JvUJpBsjb1jJKzgTlFCQsBK0ON5+TIZliLVt1V5RXZ6pTj9B0ElE7f4AGFmMxZxfyFMcLm2uvE9PP8FcAYQoZyv/vU9g0qmXSbvgAAAA==[0m[Pipeline] }
[8mha:////4PIaJe8tJaSbcWjHmQAaONUo/6cao7xbaU7KbkQraYXMAAAApR+LCAAAAAAAAABtjTEOwjAQBC9BFLSUPOIiUSAkRJXWcsMLTGyME+vO2A5JxYv4Gn8gEImKLVY728zzBcsU4cjRYmuoc5Qah8H3dlo4cOwungds+YwNU2JvUJpBsjb1jJKzgTlFCQsBK0ON5+TIZliLVt1V5RXZ6pTj9B0ElE7f4AGFmMxZxfyFMcLm2uvE9PP8FcAYQoZyv/vU9g0S2+dqvgAAAA==[0m[Pipeline] // withCredentials
[8mha:////4FRbKYvaRNaCTWCYnNRHs2q3MiMe1o6w6s2vhdb4oKt/AAAApB+LCAAAAAAAAABtjTEOwjAQBC9BFLSUPMLpCBKiSmul4QUmPowT687YDknFi/gaf8AiEhVbrHa2mdcb1jHAiYMRPdJgKXZWeDeavMTEYbg6nkTPF9ExRXYoWpxa1tgs2HJCWFKUsJKwQeocR0smwVb26qEqp8hU5xTyd5RQWn2HJxQym5MK6QtzgN1t1JHp5/krgNn7BOWhzlXvP2HQTiG+AAAA[0m[Pipeline] }
[8mha:////4Fkwm1rLFrFF6iq6BgJfshvdTqEnxaqr08p44NBVPGXaAAAApR+LCAAAAAAAAABtjTEOwjAQBC9BFLSUPOJSISIhqrRWGl5gYmOcWHfGdkgqXsTX+AMWkajYYrWzzbzesI4BThwM9poGS7Gz6N1o8sKJw3B1PGHPF+yYIjuNrZ5aVrpZsOWkYUlRwkrARlPnOFoyCbailw9ZOUmmOqeQv6OA0qo7PKEQ2ZxkSF+YA+xuo4pMP89fAczeJyjrOtdh/wEOMxFJvgAAAA==[0m[Pipeline] // stage
[8mha:////4FKT4TjgHjNtR/0k3IMY08ksRNP5ewPeb3dinvcHh0bkAAAAph+LCAAAAAAAAABtjTEOwjAQBM9BKWgpeYTTIRCiorXc8AITG+PEugv2haTiRXyNPxCIRMVWOyut5vmCMic4UPKycdgGzHWQXez91ORAqb1EGmRDZ1kTZopOajdosu44oyZ2MEcUsFCwdFhHygE9w0o15m6qaNBXJ07TtldQBHuDBwg1mdkk/sKYYH3tbSb8ef4KYOwYxIah2O4+x/INbEnRu8EAAAA=[0m[Pipeline] stage
[8mha:////4EfU9+T1PHI3cHpA89p7YkpAUtNQ15grWyx+sA2kR6MSAAAApx+LCAAAAAAAAABtjTEOwjAUQ3+LOrAycoiUkQoxdY2ycIKQhJA2+r8kKe3EibgadyBQiQkPlm3Jes8XVDHAkYJlncHeYVSODX60ObGJQn/xNLGOzkwRRvKGCTMJ0qZdqqBkYFFRworD2qDyFB3aBBveybusvURbn1LI24FD6fQNHlDwTE4ypG+ZA2yvo46EP85fAMxDgnLfZGt2n2f1Btc458LCAAAA[0m[Pipeline] { (Declarative: Post Actions)
[8mha:////4F5spRdJwNR6/JxJQ8WAXMVFqU1ts70nWjm5XhjS30FoAAAAph+LCAAAAAAAAABtjTEOwjAUQ3+LOrAycogURoSYukZZOEFoQkgb/V9+UtqJE3E17kBLJSY8WLYl673eUESGE7ETjcXWY6y96ELvpiQG4vYaaBANXURNGClYoeygyNhqqYqShUVZDisJa4t1oOjRJdjIRj90GTS68px42o4Scm/u8IRMTuSkOX3LyLC99SYS/jh/ATB2CfLDbrb9/Cw+mJlT6cIAAAA=[0m[Pipeline] script
[8mha:////4NKmoswkBCUbkD8WgYV2Xs5Nx3JhkgXyDkSvTTzwd+QEAAAApx+LCAAAAAAAAABtjTEOwjAUQ3+LOrAycohUsCHE1DXKwglCE0La6P/yk9JOnIircQdaKjHhwbItWe/1hiIynIidaCy2HmPtRRd6NyUxELfXQINo6CJqwkjBCmUHRcZWS1WULCzKclhJWFusA0WPLsFGNvqhy6DRlefE03aUkHtzhydkciInzelbRobtrTeR8Mf5C4CxS5AfdrPt52fxAfY0Sa7CAAAA[0m[Pipeline] {
[8mha:////4HNao7z0qCYtoU0TB/tMgo1rvL21D+iYx0M6QEO3E6B7AAAApB+LCAAAAAAAAABtjTEOwjAQBC9BFLSUPOIiQYUQVVrLDS8wsTFOrDtjOyQVL+Jr/IFAJCq2WO1sM88XLFOEI0eLraHOUWocBt/baeHAsbt4HrDlMzZMib1BaQbJ2tQzSs4G5hQlLASsDDWekyObYS1adVeVV2SrU47TdxBQOn2DBxRiMmcV8xfGCJtrrxPTz/NXAGPIUO63n9qFN3RjbsC+AAAA[0m[Pipeline] echo
Cleaning up workspace and Docker resources...
[8mha:////4OZvDOAMlJdBc0JNB4GMxzczZwM4TsRO/DHQ/zYkDqKUAAAApR+LCAAAAAAAAABtjTEOwjAQBC9BFLSUPOIiIRqEqNJabniBiY1xYt0Z2yGpeBFf4w8EIlGxxWpnm3m+YJkiHDlabA11jlLjMPjeTgsHjt3F84Atn7FhSuwNSjNI1qaeUXI2MKcoYSFgZajxnBzZDGvRqruqvCJbnXKcvoOA0ukbPKAQkzmrmL8wRthce52Yfp6/AhhDyFDud5/avgHsQEOYvgAAAA==[0m[Pipeline] }
[8mha:////4F9JvRqh4aEEgjQmoFMVhAGT0WtLfrnus/nf9zNe8HohAAAApR+LCAAAAAAAAABtjTEOwjAQBC9BFLSUPOIiCgqEqNJabniBiY1xYt0Z2yGpeBFf4w8EIlGxxWpnm3m+YJkiHDlabA11jlLjMPjeTgsHjt3F84Atn7FhSuwNSjNI1qaeUXI2MKcoYSFgZajxnBzZDGvRqruqvCJbnXKcvoOA0ukbPKAQkzmrmL8wRthce52Yfp6/AhhDyFDud5/avgHzwhbKvgAAAA==[0m[Pipeline] // script
[8mha:////4H+1iCBcKs0vthMrOXcQxcUkHLtY9A1R8wErshUhRZ7bAAAApB+LCAAAAAAAAABtjTEOwjAQBC9BFLSUPOJChYQQVVrLDS8wsTFOrDtjOyQVL+Jr/IFAJCq2WO1sM88XLFOEI0eLraHOUWocBt/baeHAsbt4HrDlMzZMib1BaQbJ2tQzSs4G5hQlLASsDDWekyObYS1adVeVV2SrU47TdxBQOn2DBxRiMmcV8xfGCJtrrxPTz/NXAGPIUO63n9qFNxiGhiq+AAAA[0m[Pipeline] cleanWs
[WS-CLEANUP] Deleting project workspace...
[WS-CLEANUP] Deferred wipeout is used...
[WS-CLEANUP] done
[8mha:////4BftFPRvyhzBnCDzDixYqyn7lF9rJkdr5Mcc9uA+TCEBAAAApB+LCAAAAAAAAABtjTEOwjAQBC9BFLSUPOJChxCiSmu54QUmNsaJdWdsh6TiRXyNPxCIRMUWq51t5vmCZYpw5GixNdQ5So3D4Hs7LRw4dhfPA7Z8xoYpsTcozSBZm3pGydnAnKKEhYCVocZzcmQzrEWr7qryimx1ynH6DgJKp2/wgEJM5qxi/sIYYXPtdWL6ef4KYAwZyv32U7vwBlm3nTO+AAAA[0m[Pipeline] sh
+ docker system prune -f
Total reclaimed space: 0B
[8mha:////4FwYGto5hsz4oXUZt7Y1rs1GgIdGpaUVFgqSqqPic0JVAAAAox+LCAAAAAAAAABtjTEOwjAQBC9BFLSUPOJCCUJUaS03vMDExjix7oztkFS8iK/xBwKRqNhitbPNPF+wTBGOHC22hjpHqXEYfG+nhQPH7uJ5wJbP2DAl9galGSRrU88oORuYU5SwELAy1HhOjmyGtWjVXVVeka1OOU7fQUDp9A0eUIjJnFXMXxgjbK69Tkw/z18BjCFDud9+ahfelqsFtL4AAAA=[0m[Pipeline] echo
Pipeline completed successfully!
[8mha:////4BEMK2bX9aC/Zl0NRQ+hG0+Je+CyP+Za+Xa1bWtGYOvIAAAAox+LCAAAAAAAAABtjTEOwjAQBC9BFLSUPOJCGyEqWisNLzCJMXasO8d2cCpexNf4A4FIVGyx2tlmni9YxwBHDhqtot5QbA16N+p5YebQXx1ntHzBlimyU9io3HCnTgs2nBQsKUpYCdgoah1HQzrBVlh5l5WTpKtzCvN3EFCaboAHFGI2JxnSF6YAu9vYRaaf568AJu8TlHX9qf0bHjLTyr4AAAA=[0m[Pipeline] }
[8mha:////4EXxQZraZ/IAEJcew2GeBWAjrGmVND8hvTbYXHQiqimyAAAApR+LCAAAAAAAAABtjTESgjAQRRcYC1tLDxGw03GobDM0niCGGAOZXUwWofJEXs07mJEZK3/132ve6w2rGKCmYEVnsHcYtRODH216YqLQXz1NoqOL0ISRvBGNmRpqzWnBhtjAsiyHQsLaoPYUHVqGjezUQ5VeoS3PHJI7Sshde4cnZDKVWQX+whxgexvbSPjr/A3APAwMxa6qGPL94QN2hbH0vwAAAA==[0m[Pipeline] // stage
[8mha:////4F+q6u8pn5l1PBAJ5vH+vk2h6TreorN6uXqNo95JMGNpAAAApB+LCAAAAAAAAABtjTESgjAQRRcYC1tLDxGksXGsbDM0niCSGAOZ3ZgshsoTeTXvICMzVv7qv9e81xtWKcKRohW9wcFh6pwIfrTzE5nicPWURU8X0REm8ka0JrekzWnBltjAsqKESsLaYOcpObQMG9mrh6q9QlufOc7uIKF0+g5PKORcZhX5C1OE7W3UifDX+RuAKQSGqtk1DMX+A30Ar5u+AAAA[0m[Pipeline] }
[8mha:////4KOF6paZChMhodKFiX615l4fUoDy8czOZkj/T/yKv10JAAAApB+LCAAAAAAAAABtjTEOwjAQBM+JKGgpeYQDSFSIitZKwwuMY4wT6y7YF5yKF/E1/kBEJCq22plmXm9YpAhHik62FjuPyXjZh8FNT2aK3TVQli1dpCFMFKysba6psacZa2IL80QBpYKlRRMoeXQMK9Xqh66CRledOU7uoKDwzR2eINRUZh35C2OE9W1oEuGv8zcAY98zlNvNjkHsPxcrBkW+AAAA[0m[Pipeline] // withEnv
[8mha:////4EQXYdOoS9mYC00KiR0/JWSwMcqpSjJM7lEdB0QjklCeAAAApB+LCAAAAAAAAABtjTEOwjAQBM+JKGgpeYQDgg5R0VppeIFxjHFi3QX7glPxIr7GH4iIRMVWO9PM6w2LFOFI0cnWYucxGS/7MLjpyUyxuwbKsqWLNISJgpW1zTU19jRjTWxhniigVLC0aAIlj45hpVr90FXQ6Kozx8kdFBS+ucMThJrKrCN/YYywvg1NIvx1/gZg7HuGcrvZMYj9BzEyYQ++AAAA[0m[Pipeline] }
[8mha:////4LKf2fc60jswMV4OT00VyKYYvMpE1+ovrk4+qgzoOaacAAAApB+LCAAAAAAAAABtjTEOwjAQBM+JKGgpeYQDgg5R0VppeIFxjHFi3QX7glPxIr7GH4iIRMVWO9PM6w2LFOFI0cnWYucxGS/7MLjpyUyxuwbKsqWLNISJgpW1zTU19jRjTWxhniigVLC0aAIlj45hpVr90FXQ6Kozx8kdFBS+ucMThJrKrCN/YYywvg1NIvx1/gZg7HuGcrvZM4jdB4J7JSO+AAAA[0m[Pipeline] // node
[8mha:////4InubAmC2TPiqexk1Xqv2/IYKltog/GK2nWTYjqFsm1LAAAApB+LCAAAAAAAAABtjTEOwjAQBM+JKGgpeYQDSFSIitZKwwuMY4wT6y7YF5yKF/E1/kBEJCq22plmXm9YpAhHik62FjuPyXjZh8FNT2aK3TVQli1dpCFMFKysba6psacZa2IL80QBpYKlRRMoeXQMK9Xqh66CRledOU7uoKDwzR2eINRUZh35C2OE9W1oEuGv8zcAY98zlNvNnkHsPqRiQmm+AAAA[0m[Pipeline] End of Pipeline
Finished: SUCCESS
