{
  "version": 4,
  "terraform_version": "1.6.0",
  "serial": 42,
  "lineage": "c5d7088a-4dab-dca8-eef3-dc0e119f7b72",
  "outputs": {
    "eks_cluster_name": {
      "value": "my-eks-cluster",
      "type": "string"
    },
    "public_subnet_ids": {
      "value": [
        "subnet-09ec6f38fd81e5961",
        "subnet-065cc42077979f674"
      ],
      "type": [
        "tuple",
        [
          "string",
          "string"
        ]
      ]
    },
    "vpc_id": {
      "value": "vpc-0e89afbfe0f5becbd",
      "type": "string"
    }
  },
  "resources": [
    {
      "module": "module.eks",
      "mode": "managed",
      "type": "aws_eks_cluster",
      "name": "this",
      "provider": "provider[\"registry.terraform.io/hashicorp/aws\"]",
      "instances": [
        {
          "schema_version": 1,
          "attributes": {
            "access_config": [
              {
                "authentication_mode": "CONFIG_MAP",
                "bootstrap_cluster_creator_admin_permissions": true
              }
            ],
            "arn": "arn:aws:eks:us-east-1:266735819819:cluster/my-eks-cluster",
            "bootstrap_self_managed_addons": true,
            "certificate_authority": [
              {
                "data": "LS0tLS1CRUdJTiBDRVJUSUZJQ0FURS0tLS0tCk1JSURCVENDQWUyZ0F3SUJBZ0lJWGVybmJLTlhMM293RFFZSktvWklodmNOQVFFTEJRQXdGVEVUTUJFR0ExVUUKQXhNS2EzVmlaWEp1WlhSbGN6QWVGdzB5TkRFd01UZ3lNRFV3TVRWYUZ3MHpOREV3TVRZeU1EVTFNVFZhTUJVeApFekFSQmdOVkJBTVRDbXQxWW1WeWJtVjBaWE13Z2dFaU1BMEdDU3FHU0liM0RRRUJBUVVBQTRJQkR3QXdnZ0VLCkFvSUJBUUM5aWIzM1lwMDZITENvYW9IcUdWdVRia3VrM1FmMWREZ1hmUmQwWGZVWXNKckhCNGs5eEFUdjc3TTgKNmxUeGV5WStyMHZwdkJQTWJpQWcvMDh1Vi84OGh6MkZrcXp1cFBTVG5QR0o3eFkwQlFFWEwyMEVsbFdkaWhHeQo3bkNza3lQRDhHSW5yLzBZaHYwbXNXMFFQNDBUY1h3UUc3NlpaZitjOEVHcjF0Y0hxeDFkZFJXVlp1NTl4S1VoCk84eHRsMjNuN2N4OStkcjFJWGIrRlhjblZ6ZHN5cXpQZEVsM0tuc2hZZ2R2V3FnMlNQNkFtRi91N2VRdUpsNjQKSmdaN0xYdlgzblpIaTdBdmtKVkYwUkQyaDR4bGgzL1pESnBaeVB3cFNGaVBwOFN0K0ZpUmtlL2JwZys3NUVvdgpGWmFSM1RGTUcwWjkzVjJyVnlCaHVUTWRhcDE3QWdNQkFBR2pXVEJYTUE0R0ExVWREd0VCL3dRRUF3SUNwREFQCkJnTlZIUk1CQWY4RUJUQURBUUgvTUIwR0ExVWREZ1FXQkJTY1F2WWd2MUI3UU5vMFdlcXJqYnVRVUtIaDhUQVYKQmdOVkhSRUVEakFNZ2dwcmRXSmxjbTVsZEdWek1BMEdDU3FHU0liM0RRRUJDd1VBQTRJQkFRQnRYeFlxc2p0ZwpFaXhraVFxaGJDZ1pjbWhFV251Z2JUVmR1eFFVMkgwYXhNRkNPU3FPbFk2b3VlbXpkdXB2Mk9qVHFTK0xnWHpqCm5JcnlKZVR1M0lHN2FPZm9XS1BXY1pCcElQdktZelh0S25tWnJ6VlFHTkJDUGN2N1dTY0tPTE9GVVhqUDBlbXcKSG9tcThWVXVmQ2thYXJGclFTUGNZMmlvVUVWRmpDUGl4d1F2QjVBSzB4SFUvRkF3MDM3QnQzVmxFYkdaNTJ1RgpMQ2pmSTF3dndTK1FMU2l2N0pYM1J3U0daSWF3SngvWWVJeFcwUkJNSkVZc2xWeStubjBOZzROcGFFVFFrNmhRCmxaMWh3amhuUDI2Q3BGR0hwZ0hOWHN2RzArNDRJWUpRU0hhdHIxQWpFWkIxaUxGazdQK0lYMFdjWXV6WldYQ3YKZnJyYTNxVzRuZ1diCi0tLS0tRU5EIENFUlRJRklDQVRFLS0tLS0K"
              }
            ],
            "cluster_id": null,
            "created_at": "2024-10-18T20:50:25Z",
            "enabled_cluster_log_types": null,
            "encryption_config": [],
            "endpoint": "https://5A689D470A0D16ED5F6DDB523ACBBE5B.gr7.us-east-1.eks.amazonaws.com",
            "id": "my-eks-cluster",
            "identity": [
              {
                "oidc": [
                  {
                    "issuer": "https://oidc.eks.us-east-1.amazonaws.com/id/5A689D470A0D16ED5F6DDB523ACBBE5B"
                  }
                ]
              }
            ],
            "kubernetes_network_config": [
              {
                "ip_family": "ipv4",
                "service_ipv4_cidr": "172.20.0.0/16",
                "service_ipv6_cidr": ""
              }
            ],
            "name": "my-eks-cluster",
            "outpost_config": [],
            "platform_version": "eks.6",
            "role_arn": "arn:aws:iam::266735819819:role/eks-cluster-role-20241018205001177600000004",
            "status": "ACTIVE",
            "tags": {
              "Name": "EKS Cluster"
            },
            "tags_all": {
              "Name": "EKS Cluster"
            },
            "timeouts": null,
            "upgrade_policy": [
              {
                "support_type": "EXTENDED"
              }
            ],
            "version": "1.31",
            "vpc_config": [
              {
                "cluster_security_group_id": "sg-01d21fd6b9065f16d",
                "endpoint_private_access": false,
                "endpoint_public_access": true,
                "public_access_cidrs": [
                  "0.0.0.0/0"
                ],
                "security_group_ids": [
                  "sg-081980ac06b127d64"
                ],
                "subnet_ids": [
                  "subnet-065cc42077979f674",
                  "subnet-09ec6f38fd81e5961",
                  "subnet-0ae0cf2f94d5d0ff2",
                  "subnet-0d49067333f9ae19f"
                ],
                "vpc_id": "vpc-0e89afbfe0f5becbd"
              }
            ]
          },
          "sensitive_attributes": [],
          "private": "eyJlMmJmYjczMC1lY2FhLTExZTYtOGY4OC0zNDM2M2JjN2M0YzAiOnsiY3JlYXRlIjoxODAwMDAwMDAwMDAwLCJkZWxldGUiOjkwMDAwMDAwMDAwMCwidXBkYXRlIjozNjAwMDAwMDAwMDAwfSwic2NoZW1hX3ZlcnNpb24iOiIxIn0=",
          "dependencies": [
            "module.iam.aws_iam_role.eks_cluster_role",
            "module.vpc.aws_security_group.eks_node_sg",
            "module.vpc.aws_subnet.private",
            "module.vpc.aws_subnet.public",
            "module.vpc.aws_vpc.main",
            "module.vpc.data.aws_availability_zones.available"
          ]
        }
      ]
    },
    {
      "module": "module.eks",
      "mode": "managed",
      "type": "aws_eks_node_group",
      "name": "this",
      "provider": "provider[\"registry.terraform.io/hashicorp/aws\"]",
      "instances": [
        {
          "schema_version": 0,
          "attributes": {
            "ami_type": "AL2_x86_64",
            "arn": "arn:aws:eks:us-east-1:266735819819:nodegroup/my-eks-cluster/my-eks-node-group/00c950b6-7bbd-4e28-5385-8ef4856c7699",
            "capacity_type": "ON_DEMAND",
            "cluster_name": "my-eks-cluster",
            "disk_size": 20,
            "force_update_version": null,
            "id": "my-eks-cluster:my-eks-node-group",
            "instance_types": [
              "t2.medium"
            ],
            "labels": null,
            "launch_template": [],
            "node_group_name": "my-eks-node-group",
            "node_group_name_prefix": "",
            "node_role_arn": "arn:aws:iam::266735819819:role/eks-node-group-role-20241018205001168300000001",
            "release_version": "1.31.0-20241011",
            "remote_access": [],
            "resources": [
              {
                "autoscaling_groups": [
                  {
                    "name": "eks-my-eks-node-group-00c950b6-7bbd-4e28-5385-8ef4856c7699"
                  }
                ],
                "remote_access_security_group_id": ""
              }
            ],
            "scaling_config": [
              {
                "desired_size": 2,
                "max_size": 3,
                "min_size": 1
              }
            ],
            "status": "ACTIVE",
            "subnet_ids": [
              "subnet-065cc42077979f674",
              "subnet-09ec6f38fd81e5961",
              "subnet-0ae0cf2f94d5d0ff2",
              "subnet-0d49067333f9ae19f"
            ],
            "tags": {
              "Name": "EKS Node Group"
            },
            "tags_all": {
              "Name": "EKS Node Group"
            },
            "taint": [],
            "timeouts": null,
            "update_config": [
              {
                "max_unavailable": 1,
                "max_unavailable_percentage": 0
              }
            ],
            "version": "1.31"
          },
          "sensitive_attributes": [],
          "private": "eyJlMmJmYjczMC1lY2FhLTExZTYtOGY4OC0zNDM2M2JjN2M0YzAiOnsiY3JlYXRlIjozNjAwMDAwMDAwMDAwLCJkZWxldGUiOjM2MDAwMDAwMDAwMDAsInVwZGF0ZSI6MzYwMDAwMDAwMDAwMH19",
          "dependencies": [
            "module.eks.aws_eks_cluster.this",
            "module.iam.aws_iam_role.eks_cluster_role",
            "module.iam.aws_iam_role.eks_node_group_role",
            "module.iam.aws_iam_role_policy_attachment.ecr_read_only",
            "module.iam.aws_iam_role_policy_attachment.eks_cni_policy",
            "module.iam.aws_iam_role_policy_attachment.eks_worker_node_policy",
            "module.vpc.aws_security_group.eks_node_sg",
            "module.vpc.aws_subnet.private",
            "module.vpc.aws_subnet.public",
            "module.vpc.aws_vpc.main",
            "module.vpc.data.aws_availability_zones.available"
          ]
        }
      ]
    },
    {
      "module": "module.iam",
      "mode": "managed",
      "type": "aws_iam_policy",
      "name": "elb_policy",
      "provider": "provider[\"registry.terraform.io/hashicorp/aws\"]",
      "instances": [
        {
          "schema_version": 0,
          "attributes": {
            "arn": "arn:aws:iam::266735819819:policy/ELBManagementPolicy-20241018205001172700000002",
            "attachment_count": 0,
            "description": "IAM policy for managing Elastic Load Balancer",
            "id": "arn:aws:iam::266735819819:policy/ELBManagementPolicy-20241018205001172700000002",
            "name": "ELBManagementPolicy-20241018205001172700000002",
            "name_prefix": "ELBManagementPolicy-",
            "path": "/",
            "policy": "{\"Statement\":[{\"Action\":[\"elasticloadbalancing:*\",\"ec2:DetachNetworkInterface\",\"ec2:DescribeNetworkInterfaces\",\"ec2:DeleteNetworkInterface\"],\"Effect\":\"Allow\",\"Resource\":\"*\"}],\"Version\":\"2012-10-17\"}",
            "policy_id": "ANPAT4GVRTQV76TGKKPHU",
            "tags": null,
            "tags_all": {}
          },
          "sensitive_attributes": [],
          "private": "bnVsbA=="
        }
      ]
    },
    {
      "module": "module.iam",
      "mode": "managed",
      "type": "aws_iam_role",
      "name": "eks_cluster_role",
      "provider": "provider[\"registry.terraform.io/hashicorp/aws\"]",
      "instances": [
        {
          "schema_version": 0,
          "attributes": {
            "arn": "arn:aws:iam::266735819819:role/eks-cluster-role-20241018205001177600000004",
            "assume_role_policy": "{\"Statement\":[{\"Action\":\"sts:AssumeRole\",\"Effect\":\"Allow\",\"Principal\":{\"Service\":\"eks.amazonaws.com\"},\"Sid\":\"\"}],\"Version\":\"2012-10-17\"}",
            "create_date": "2024-10-18T20:50:01Z",
            "description": "",
            "force_detach_policies": false,
            "id": "eks-cluster-role-20241018205001177600000004",
            "inline_policy": [],
            "managed_policy_arns": [],
            "max_session_duration": 3600,
            "name": "eks-cluster-role-20241018205001177600000004",
            "name_prefix": "eks-cluster-role-",
            "path": "/",
            "permissions_boundary": "",
            "tags": {
              "Name": "Y-R-EKS-Cluster-Role"
            },
            "tags_all": {
              "Name": "Y-R-EKS-Cluster-Role"
            },
            "unique_id": "AROAT4GVRTQVXVR46OMQ2"
          },
          "sensitive_attributes": [],
          "private": "bnVsbA=="
        }
      ]
    },
    {
      "module": "module.iam",
      "mode": "managed",
      "type": "aws_iam_role",
      "name": "eks_node_group_role",
      "provider": "provider[\"registry.terraform.io/hashicorp/aws\"]",
      "instances": [
        {
          "schema_version": 0,
          "attributes": {
            "arn": "arn:aws:iam::266735819819:role/eks-node-group-role-20241018205001168300000001",
            "assume_role_policy": "{\"Statement\":[{\"Action\":\"sts:AssumeRole\",\"Effect\":\"Allow\",\"Principal\":{\"Service\":\"ec2.amazonaws.com\"},\"Sid\":\"\"}],\"Version\":\"2012-10-17\"}",
            "create_date": "2024-10-18T20:50:01Z",
            "description": "",
            "force_detach_policies": false,
            "id": "eks-node-group-role-20241018205001168300000001",
            "inline_policy": [],
            "managed_policy_arns": [],
            "max_session_duration": 3600,
            "name": "eks-node-group-role-20241018205001168300000001",
            "name_prefix": "eks-node-group-role-",
            "path": "/",
            "permissions_boundary": "",
            "tags": {
              "Name": "Y-R-EKS-Node-Group-Role"
            },
            "tags_all": {
              "Name": "Y-R-EKS-Node-Group-Role"
            },
            "unique_id": "AROAT4GVRTQVV2PPZFI2W"
          },
          "sensitive_attributes": [],
          "private": "bnVsbA=="
        }
      ]
    },
    {
      "module": "module.iam",
      "mode": "managed",
      "type": "aws_iam_role",
      "name": "elb_role",
      "provider": "provider[\"registry.terraform.io/hashicorp/aws\"]",
      "instances": [
        {
          "schema_version": 0,
          "attributes": {
            "arn": "arn:aws:iam::266735819819:role/ELBManagementRole-20241018205001176300000003",
            "assume_role_policy": "{\"Statement\":[{\"Action\":\"sts:AssumeRole\",\"Effect\":\"Allow\",\"Principal\":{\"Service\":\"ec2.amazonaws.com\"},\"Sid\":\"\"}],\"Version\":\"2012-10-17\"}",
            "create_date": "2024-10-18T20:50:01Z",
            "description": "",
            "force_detach_policies": false,
            "id": "ELBManagementRole-20241018205001176300000003",
            "inline_policy": [],
            "managed_policy_arns": [],
            "max_session_duration": 3600,
            "name": "ELBManagementRole-20241018205001176300000003",
            "name_prefix": "ELBManagementRole-",
            "path": "/",
            "permissions_boundary": "",
            "tags": null,
            "tags_all": {},
            "unique_id": "AROAT4GVRTQVY6EDXF5RU"
          },
          "sensitive_attributes": [],
          "private": "bnVsbA=="
        }
      ]
    },
    {
      "module": "module.iam",
      "mode": "managed",
      "type": "aws_iam_role_policy_attachment",
      "name": "ecr_read_only",
      "provider": "provider[\"registry.terraform.io/hashicorp/aws\"]",
      "instances": [
        {
          "schema_version": 0,
          "attributes": {
            "id": "eks-node-group-role-20241018205001168300000001-20241018205001401100000007",
            "policy_arn": "arn:aws:iam::aws:policy/AmazonEC2ContainerRegistryReadOnly",
            "role": "eks-node-group-role-20241018205001168300000001"
          },
          "sensitive_attributes": [],
          "private": "bnVsbA==",
          "dependencies": [
            "module.iam.aws_iam_role.eks_node_group_role"
          ]
        }
      ]
    },
    {
      "module": "module.iam",
      "mode": "managed",
      "type": "aws_iam_role_policy_attachment",
      "name": "eks_cluster_policy",
      "provider": "provider[\"registry.terraform.io/hashicorp/aws\"]",
      "instances": [
        {
          "schema_version": 0,
          "attributes": {
            "id": "eks-cluster-role-20241018205001177600000004-20241018205001419700000009",
            "policy_arn": "arn:aws:iam::aws:policy/AmazonEKSClusterPolicy",
            "role": "eks-cluster-role-20241018205001177600000004"
          },
          "sensitive_attributes": [],
          "private": "bnVsbA==",
          "dependencies": [
            "module.iam.aws_iam_role.eks_cluster_role"
          ]
        }
      ]
    },
    {
      "module": "module.iam",
      "mode": "managed",
      "type": "aws_iam_role_policy_attachment",
      "name": "eks_cni_policy",
      "provider": "provider[\"registry.terraform.io/hashicorp/aws\"]",
      "instances": [
        {
          "schema_version": 0,
          "attributes": {
            "id": "eks-node-group-role-20241018205001168300000001-20241018205001386800000005",
            "policy_arn": "arn:aws:iam::aws:policy/AmazonEKS_CNI_Policy",
            "role": "eks-node-group-role-20241018205001168300000001"
          },
          "sensitive_attributes": [],
          "private": "bnVsbA==",
          "dependencies": [
            "module.iam.aws_iam_role.eks_node_group_role"
          ]
        }
      ]
    },
    {
      "module": "module.iam",
      "mode": "managed",
      "type": "aws_iam_role_policy_attachment",
      "name": "eks_worker_node_policy",
      "provider": "provider[\"registry.terraform.io/hashicorp/aws\"]",
      "instances": [
        {
          "schema_version": 0,
          "attributes": {
            "id": "eks-node-group-role-20241018205001168300000001-20241018205001395400000006",
            "policy_arn": "arn:aws:iam::aws:policy/AmazonEKSWorkerNodePolicy",
            "role": "eks-node-group-role-20241018205001168300000001"
          },
          "sensitive_attributes": [],
          "private": "bnVsbA==",
          "dependencies": [
            "module.iam.aws_iam_role.eks_node_group_role"
          ]
        }
      ]
    },
    {
      "module": "module.iam",
      "mode": "managed",
      "type": "aws_iam_role_policy_attachment",
      "name": "elb_attachment",
      "provider": "provider[\"registry.terraform.io/hashicorp/aws\"]",
      "instances": [
        {
          "schema_version": 0,
          "attributes": {
            "id": "ELBManagementRole-20241018205001176300000003-20241018205001413400000008",
            "policy_arn": "arn:aws:iam::266735819819:policy/ELBManagementPolicy-20241018205001172700000002",
            "role": "ELBManagementRole-20241018205001176300000003"
          },
          "sensitive_attributes": [],
          "private": "bnVsbA==",
          "dependencies": [
            "module.iam.aws_iam_policy.elb_policy",
            "module.iam.aws_iam_role.elb_role"
          ]
        }
      ]
    },
    {
      "module": "module.load_balancer",
      "mode": "managed",
      "type": "aws_elb",
      "name": "this",
      "provider": "provider[\"registry.terraform.io/hashicorp/aws\"]",
      "instances": [
        {
          "schema_version": 0,
          "attributes": {
            "access_logs": [],
            "arn": "arn:aws:elasticloadbalancing:us-east-1:266735819819:loadbalancer/my-load-balancer",
            "availability_zones": [
              "us-east-1a",
              "us-east-1b"
            ],
            "connection_draining": false,
            "connection_draining_timeout": 300,
            "cross_zone_load_balancing": true,
            "desync_mitigation_mode": "defensive",
            "dns_name": "my-load-balancer-72418911.us-east-1.elb.amazonaws.com",
            "health_check": [
              {
                "healthy_threshold": 2,
                "interval": 30,
                "target": "HTTP:8000/",
                "timeout": 5,
                "unhealthy_threshold": 2
              }
            ],
            "id": "my-load-balancer",
            "idle_timeout": 60,
            "instances": [],
            "internal": false,
            "listener": [
              {
                "instance_port": 8000,
                "instance_protocol": "HTTP",
                "lb_port": 80,
                "lb_protocol": "HTTP",
                "ssl_certificate_id": ""
              }
            ],
            "name": "my-load-balancer",
            "name_prefix": "",
            "security_groups": [
              "sg-0b3d6a4e90b973a29"
            ],
            "source_security_group": "266735819819/default",
            "source_security_group_id": "sg-0b3d6a4e90b973a29",
            "subnets": [
              "subnet-065cc42077979f674",
              "subnet-09ec6f38fd81e5961"
            ],
            "tags": {
              "Name": "Y-R-LoadBalancer"
            },
            "tags_all": {
              "Name": "Y-R-LoadBalancer"
            },
            "timeouts": null,
            "zone_id": "Z35SXDOTRQ7X7K"
          },
          "sensitive_attributes": [],
          "private": "eyJlMmJmYjczMC1lY2FhLTExZTYtOGY4OC0zNDM2M2JjN2M0YzAiOnsiY3JlYXRlIjozMDAwMDAwMDAwMDAsInVwZGF0ZSI6MzAwMDAwMDAwMDAwfX0=",
          "dependencies": [
            "module.eks.aws_eks_cluster.this",
            "module.eks.aws_eks_node_group.this",
            "module.iam.aws_iam_role.eks_cluster_role",
            "module.iam.aws_iam_role.eks_node_group_role",
            "module.iam.aws_iam_role_policy_attachment.ecr_read_only",
            "module.iam.aws_iam_role_policy_attachment.eks_cni_policy",
            "module.iam.aws_iam_role_policy_attachment.eks_worker_node_policy",
            "module.vpc.aws_eip.nat",
            "module.vpc.aws_internet_gateway.igw",
            "module.vpc.aws_nat_gateway.nat",
            "module.vpc.aws_route.private_nat_route",
            "module.vpc.aws_route_table.private",
            "module.vpc.aws_route_table.public",
            "module.vpc.aws_route_table_association.private_subnet",
            "module.vpc.aws_route_table_association.public_subnet",
            "module.vpc.aws_security_group.app_security_group",
            "module.vpc.aws_security_group.eks_node_sg",
            "module.vpc.aws_subnet.private",
            "module.vpc.aws_subnet.public",
            "module.vpc.aws_vpc.main",
            "module.vpc.data.aws_availability_zones.available"
          ]
        }
      ]
    },
    {
      "module": "module.load_balancer.module.iam",
      "mode": "managed",
      "type": "aws_iam_policy",
      "name": "elb_policy",
      "provider": "provider[\"registry.terraform.io/hashicorp/aws\"]",
      "instances": [
        {
          "schema_version": 0,
          "attributes": {
            "arn": "arn:aws:iam::266735819819:policy/ELBManagementPolicy-2024101821003178050000000f",
            "attachment_count": 0,
            "description": "IAM policy for managing Elastic Load Balancer",
            "id": "arn:aws:iam::266735819819:policy/ELBManagementPolicy-2024101821003178050000000f",
            "name": "ELBManagementPolicy-2024101821003178050000000f",
            "name_prefix": "ELBManagementPolicy-",
            "path": "/",
            "policy": "{\"Statement\":[{\"Action\":[\"elasticloadbalancing:*\",\"ec2:DetachNetworkInterface\",\"ec2:DescribeNetworkInterfaces\",\"ec2:DeleteNetworkInterface\"],\"Effect\":\"Allow\",\"Resource\":\"*\"}],\"Version\":\"2012-10-17\"}",
            "policy_id": "ANPAT4GVRTQVXQY24MXME",
            "tags": null,
            "tags_all": {}
          },
          "sensitive_attributes": [],
          "private": "bnVsbA==",
          "dependencies": [
            "module.eks.aws_eks_cluster.this",
            "module.eks.aws_eks_node_group.this",
            "module.iam.aws_iam_role.eks_cluster_role",
            "module.iam.aws_iam_role.eks_node_group_role",
            "module.iam.aws_iam_role_policy_attachment.ecr_read_only",
            "module.iam.aws_iam_role_policy_attachment.eks_cni_policy",
            "module.iam.aws_iam_role_policy_attachment.eks_worker_node_policy",
            "module.vpc.aws_eip.nat",
            "module.vpc.aws_internet_gateway.igw",
            "module.vpc.aws_nat_gateway.nat",
            "module.vpc.aws_route.private_nat_route",
            "module.vpc.aws_route_table.private",
            "module.vpc.aws_route_table.public",
            "module.vpc.aws_route_table_association.private_subnet",
            "module.vpc.aws_route_table_association.public_subnet",
            "module.vpc.aws_security_group.app_security_group",
            "module.vpc.aws_security_group.eks_node_sg",
            "module.vpc.aws_subnet.private",
            "module.vpc.aws_subnet.public",
            "module.vpc.aws_vpc.main",
            "module.vpc.data.aws_availability_zones.available"
          ]
        }
      ]
    },
    {
      "module": "module.load_balancer.module.iam",
      "mode": "managed",
      "type": "aws_iam_role",
      "name": "eks_cluster_role",
      "provider": "provider[\"registry.terraform.io/hashicorp/aws\"]",
      "instances": [
        {
          "schema_version": 0,
          "attributes": {
            "arn": "arn:aws:iam::266735819819:role/eks-cluster-role-20241018210031789400000012",
            "assume_role_policy": "{\"Statement\":[{\"Action\":\"sts:AssumeRole\",\"Effect\":\"Allow\",\"Principal\":{\"Service\":\"eks.amazonaws.com\"},\"Sid\":\"\"}],\"Version\":\"2012-10-17\"}",
            "create_date": "2024-10-18T21:00:31Z",
            "description": "",
            "force_detach_policies": false,
            "id": "eks-cluster-role-20241018210031789400000012",
            "inline_policy": [],
            "managed_policy_arns": [],
            "max_session_duration": 3600,
            "name": "eks-cluster-role-20241018210031789400000012",
            "name_prefix": "eks-cluster-role-",
            "path": "/",
            "permissions_boundary": "",
            "tags": {
              "Name": "Y-R-EKS-Cluster-Role"
            },
            "tags_all": {
              "Name": "Y-R-EKS-Cluster-Role"
            },
            "unique_id": "AROAT4GVRTQVTHBAW7H4A"
          },
          "sensitive_attributes": [],
          "private": "bnVsbA==",
          "dependencies": [
            "module.eks.aws_eks_cluster.this",
            "module.eks.aws_eks_node_group.this",
            "module.iam.aws_iam_role.eks_cluster_role",
            "module.iam.aws_iam_role.eks_node_group_role",
            "module.iam.aws_iam_role_policy_attachment.ecr_read_only",
            "module.iam.aws_iam_role_policy_attachment.eks_cni_policy",
            "module.iam.aws_iam_role_policy_attachment.eks_worker_node_policy",
            "module.vpc.aws_eip.nat",
            "module.vpc.aws_internet_gateway.igw",
            "module.vpc.aws_nat_gateway.nat",
            "module.vpc.aws_route.private_nat_route",
            "module.vpc.aws_route_table.private",
            "module.vpc.aws_route_table.public",
            "module.vpc.aws_route_table_association.private_subnet",
            "module.vpc.aws_route_table_association.public_subnet",
            "module.vpc.aws_security_group.app_security_group",
            "module.vpc.aws_security_group.eks_node_sg",
            "module.vpc.aws_subnet.private",
            "module.vpc.aws_subnet.public",
            "module.vpc.aws_vpc.main",
            "module.vpc.data.aws_availability_zones.available"
          ]
        }
      ]
    },
    {
      "module": "module.load_balancer.module.iam",
      "mode": "managed",
      "type": "aws_iam_role",
      "name": "eks_node_group_role",
      "provider": "provider[\"registry.terraform.io/hashicorp/aws\"]",
      "instances": [
        {
          "schema_version": 0,
          "attributes": {
            "arn": "arn:aws:iam::266735819819:role/eks-node-group-role-20241018210031786500000011",
            "assume_role_policy": "{\"Statement\":[{\"Action\":\"sts:AssumeRole\",\"Effect\":\"Allow\",\"Principal\":{\"Service\":\"ec2.amazonaws.com\"},\"Sid\":\"\"}],\"Version\":\"2012-10-17\"}",
            "create_date": "2024-10-18T21:00:31Z",
            "description": "",
            "force_detach_policies": false,
            "id": "eks-node-group-role-20241018210031786500000011",
            "inline_policy": [],
            "managed_policy_arns": [],
            "max_session_duration": 3600,
            "name": "eks-node-group-role-20241018210031786500000011",
            "name_prefix": "eks-node-group-role-",
            "path": "/",
            "permissions_boundary": "",
            "tags": {
              "Name": "Y-R-EKS-Node-Group-Role"
            },
            "tags_all": {
              "Name": "Y-R-EKS-Node-Group-Role"
            },
            "unique_id": "AROAT4GVRTQV5ICBYQAZ3"
          },
          "sensitive_attributes": [],
          "private": "bnVsbA==",
          "dependencies": [
            "module.eks.aws_eks_cluster.this",
            "module.eks.aws_eks_node_group.this",
            "module.iam.aws_iam_role.eks_cluster_role",
            "module.iam.aws_iam_role.eks_node_group_role",
            "module.iam.aws_iam_role_policy_attachment.ecr_read_only",
            "module.iam.aws_iam_role_policy_attachment.eks_cni_policy",
            "module.iam.aws_iam_role_policy_attachment.eks_worker_node_policy",
            "module.vpc.aws_eip.nat",
            "module.vpc.aws_internet_gateway.igw",
            "module.vpc.aws_nat_gateway.nat",
            "module.vpc.aws_route.private_nat_route",
            "module.vpc.aws_route_table.private",
            "module.vpc.aws_route_table.public",
            "module.vpc.aws_route_table_association.private_subnet",
            "module.vpc.aws_route_table_association.public_subnet",
            "module.vpc.aws_security_group.app_security_group",
            "module.vpc.aws_security_group.eks_node_sg",
            "module.vpc.aws_subnet.private",
            "module.vpc.aws_subnet.public",
            "module.vpc.aws_vpc.main",
            "module.vpc.data.aws_availability_zones.available"
          ]
        }
      ]
    },
    {
      "module": "module.load_balancer.module.iam",
      "mode": "managed",
      "type": "aws_iam_role",
      "name": "elb_role",
      "provider": "provider[\"registry.terraform.io/hashicorp/aws\"]",
      "instances": [
        {
          "schema_version": 0,
          "attributes": {
            "arn": "arn:aws:iam::266735819819:role/ELBManagementRole-20241018210031786100000010",
            "assume_role_policy": "{\"Statement\":[{\"Action\":\"sts:AssumeRole\",\"Effect\":\"Allow\",\"Principal\":{\"Service\":\"ec2.amazonaws.com\"},\"Sid\":\"\"}],\"Version\":\"2012-10-17\"}",
            "create_date": "2024-10-18T21:00:31Z",
            "description": "",
            "force_detach_policies": false,
            "id": "ELBManagementRole-20241018210031786100000010",
            "inline_policy": [],
            "managed_policy_arns": [],
            "max_session_duration": 3600,
            "name": "ELBManagementRole-20241018210031786100000010",
            "name_prefix": "ELBManagementRole-",
            "path": "/",
            "permissions_boundary": "",
            "tags": null,
            "tags_all": {},
            "unique_id": "AROAT4GVRTQVTF2KUV34M"
          },
          "sensitive_attributes": [],
          "private": "bnVsbA==",
          "dependencies": [
            "module.eks.aws_eks_cluster.this",
            "module.eks.aws_eks_node_group.this",
            "module.iam.aws_iam_role.eks_cluster_role",
            "module.iam.aws_iam_role.eks_node_group_role",
            "module.iam.aws_iam_role_policy_attachment.ecr_read_only",
            "module.iam.aws_iam_role_policy_attachment.eks_cni_policy",
            "module.iam.aws_iam_role_policy_attachment.eks_worker_node_policy",
            "module.vpc.aws_eip.nat",
            "module.vpc.aws_internet_gateway.igw",
            "module.vpc.aws_nat_gateway.nat",
            "module.vpc.aws_route.private_nat_route",
            "module.vpc.aws_route_table.private",
            "module.vpc.aws_route_table.public",
            "module.vpc.aws_route_table_association.private_subnet",
            "module.vpc.aws_route_table_association.public_subnet",
            "module.vpc.aws_security_group.app_security_group",
            "module.vpc.aws_security_group.eks_node_sg",
            "module.vpc.aws_subnet.private",
            "module.vpc.aws_subnet.public",
            "module.vpc.aws_vpc.main",
            "module.vpc.data.aws_availability_zones.available"
          ]
        }
      ]
    },
    {
      "module": "module.load_balancer.module.iam",
      "mode": "managed",
      "type": "aws_iam_role_policy_attachment",
      "name": "ecr_read_only",
      "provider": "provider[\"registry.terraform.io/hashicorp/aws\"]",
      "instances": [
        {
          "schema_version": 0,
          "attributes": {
            "id": "eks-node-group-role-20241018210031786500000011-20241018210032103600000017",
            "policy_arn": "arn:aws:iam::aws:policy/AmazonEC2ContainerRegistryReadOnly",
            "role": "eks-node-group-role-20241018210031786500000011"
          },
          "sensitive_attributes": [],
          "private": "bnVsbA==",
          "dependencies": [
            "module.eks.aws_eks_cluster.this",
            "module.eks.aws_eks_node_group.this",
            "module.iam.aws_iam_role.eks_cluster_role",
            "module.iam.aws_iam_role.eks_node_group_role",
            "module.iam.aws_iam_role_policy_attachment.ecr_read_only",
            "module.iam.aws_iam_role_policy_attachment.eks_cni_policy",
            "module.iam.aws_iam_role_policy_attachment.eks_worker_node_policy",
            "module.load_balancer.module.iam.aws_iam_role.eks_node_group_role",
            "module.vpc.aws_eip.nat",
            "module.vpc.aws_internet_gateway.igw",
            "module.vpc.aws_nat_gateway.nat",
            "module.vpc.aws_route.private_nat_route",
            "module.vpc.aws_route_table.private",
            "module.vpc.aws_route_table.public",
            "module.vpc.aws_route_table_association.private_subnet",
            "module.vpc.aws_route_table_association.public_subnet",
            "module.vpc.aws_security_group.app_security_group",
            "module.vpc.aws_security_group.eks_node_sg",
            "module.vpc.aws_subnet.private",
            "module.vpc.aws_subnet.public",
            "module.vpc.aws_vpc.main",
            "module.vpc.data.aws_availability_zones.available"
          ]
        }
      ]
    },
    {
      "module": "module.load_balancer.module.iam",
      "mode": "managed",
      "type": "aws_iam_role_policy_attachment",
      "name": "eks_cluster_policy",
      "provider": "provider[\"registry.terraform.io/hashicorp/aws\"]",
      "instances": [
        {
          "schema_version": 0,
          "attributes": {
            "id": "eks-cluster-role-20241018210031789400000012-20241018210032061700000015",
            "policy_arn": "arn:aws:iam::aws:policy/AmazonEKSClusterPolicy",
            "role": "eks-cluster-role-20241018210031789400000012"
          },
          "sensitive_attributes": [],
          "private": "bnVsbA==",
          "dependencies": [
            "module.eks.aws_eks_cluster.this",
            "module.eks.aws_eks_node_group.this",
            "module.iam.aws_iam_role.eks_cluster_role",
            "module.iam.aws_iam_role.eks_node_group_role",
            "module.iam.aws_iam_role_policy_attachment.ecr_read_only",
            "module.iam.aws_iam_role_policy_attachment.eks_cni_policy",
            "module.iam.aws_iam_role_policy_attachment.eks_worker_node_policy",
            "module.load_balancer.module.iam.aws_iam_role.eks_cluster_role",
            "module.vpc.aws_eip.nat",
            "module.vpc.aws_internet_gateway.igw",
            "module.vpc.aws_nat_gateway.nat",
            "module.vpc.aws_route.private_nat_route",
            "module.vpc.aws_route_table.private",
            "module.vpc.aws_route_table.public",
            "module.vpc.aws_route_table_association.private_subnet",
            "module.vpc.aws_route_table_association.public_subnet",
            "module.vpc.aws_security_group.app_security_group",
            "module.vpc.aws_security_group.eks_node_sg",
            "module.vpc.aws_subnet.private",
            "module.vpc.aws_subnet.public",
            "module.vpc.aws_vpc.main",
            "module.vpc.data.aws_availability_zones.available"
          ]
        }
      ]
    },
    {
      "module": "module.load_balancer.module.iam",
      "mode": "managed",
      "type": "aws_iam_role_policy_attachment",
      "name": "eks_cni_policy",
      "provider": "provider[\"registry.terraform.io/hashicorp/aws\"]",
      "instances": [
        {
          "schema_version": 0,
          "attributes": {
            "id": "eks-node-group-role-20241018210031786500000011-20241018210032062200000016",
            "policy_arn": "arn:aws:iam::aws:policy/AmazonEKS_CNI_Policy",
            "role": "eks-node-group-role-20241018210031786500000011"
          },
          "sensitive_attributes": [],
          "private": "bnVsbA==",
          "dependencies": [
            "module.eks.aws_eks_cluster.this",
            "module.eks.aws_eks_node_group.this",
            "module.iam.aws_iam_role.eks_cluster_role",
            "module.iam.aws_iam_role.eks_node_group_role",
            "module.iam.aws_iam_role_policy_attachment.ecr_read_only",
            "module.iam.aws_iam_role_policy_attachment.eks_cni_policy",
            "module.iam.aws_iam_role_policy_attachment.eks_worker_node_policy",
            "module.load_balancer.module.iam.aws_iam_role.eks_node_group_role",
            "module.vpc.aws_eip.nat",
            "module.vpc.aws_internet_gateway.igw",
            "module.vpc.aws_nat_gateway.nat",
            "module.vpc.aws_route.private_nat_route",
            "module.vpc.aws_route_table.private",
            "module.vpc.aws_route_table.public",
            "module.vpc.aws_route_table_association.private_subnet",
            "module.vpc.aws_route_table_association.public_subnet",
            "module.vpc.aws_security_group.app_security_group",
            "module.vpc.aws_security_group.eks_node_sg",
            "module.vpc.aws_subnet.private",
            "module.vpc.aws_subnet.public",
            "module.vpc.aws_vpc.main",
            "module.vpc.data.aws_availability_zones.available"
          ]
        }
      ]
    },
    {
      "module": "module.load_balancer.module.iam",
      "mode": "managed",
      "type": "aws_iam_role_policy_attachment",
      "name": "eks_worker_node_policy",
      "provider": "provider[\"registry.terraform.io/hashicorp/aws\"]",
      "instances": [
        {
          "schema_version": 0,
          "attributes": {
            "id": "eks-node-group-role-20241018210031786500000011-20241018210032038400000014",
            "policy_arn": "arn:aws:iam::aws:policy/AmazonEKSWorkerNodePolicy",
            "role": "eks-node-group-role-20241018210031786500000011"
          },
          "sensitive_attributes": [],
          "private": "bnVsbA==",
          "dependencies": [
            "module.eks.aws_eks_cluster.this",
            "module.eks.aws_eks_node_group.this",
            "module.iam.aws_iam_role.eks_cluster_role",
            "module.iam.aws_iam_role.eks_node_group_role",
            "module.iam.aws_iam_role_policy_attachment.ecr_read_only",
            "module.iam.aws_iam_role_policy_attachment.eks_cni_policy",
            "module.iam.aws_iam_role_policy_attachment.eks_worker_node_policy",
            "module.load_balancer.module.iam.aws_iam_role.eks_node_group_role",
            "module.vpc.aws_eip.nat",
            "module.vpc.aws_internet_gateway.igw",
            "module.vpc.aws_nat_gateway.nat",
            "module.vpc.aws_route.private_nat_route",
            "module.vpc.aws_route_table.private",
            "module.vpc.aws_route_table.public",
            "module.vpc.aws_route_table_association.private_subnet",
            "module.vpc.aws_route_table_association.public_subnet",
            "module.vpc.aws_security_group.app_security_group",
            "module.vpc.aws_security_group.eks_node_sg",
            "module.vpc.aws_subnet.private",
            "module.vpc.aws_subnet.public",
            "module.vpc.aws_vpc.main",
            "module.vpc.data.aws_availability_zones.available"
          ]
        }
      ]
    },
    {
      "module": "module.load_balancer.module.iam",
      "mode": "managed",
      "type": "aws_iam_role_policy_attachment",
      "name": "elb_attachment",
      "provider": "provider[\"registry.terraform.io/hashicorp/aws\"]",
      "instances": [
        {
          "schema_version": 0,
          "attributes": {
            "id": "ELBManagementRole-20241018210031786100000010-20241018210032022000000013",
            "policy_arn": "arn:aws:iam::266735819819:policy/ELBManagementPolicy-2024101821003178050000000f",
            "role": "ELBManagementRole-20241018210031786100000010"
          },
          "sensitive_attributes": [],
          "private": "bnVsbA==",
          "dependencies": [
            "module.eks.aws_eks_cluster.this",
            "module.eks.aws_eks_node_group.this",
            "module.iam.aws_iam_role.eks_cluster_role",
            "module.iam.aws_iam_role.eks_node_group_role",
            "module.iam.aws_iam_role_policy_attachment.ecr_read_only",
            "module.iam.aws_iam_role_policy_attachment.eks_cni_policy",
            "module.iam.aws_iam_role_policy_attachment.eks_worker_node_policy",
            "module.load_balancer.module.iam.aws_iam_policy.elb_policy",
            "module.load_balancer.module.iam.aws_iam_role.elb_role",
            "module.vpc.aws_eip.nat",
            "module.vpc.aws_internet_gateway.igw",
            "module.vpc.aws_nat_gateway.nat",
            "module.vpc.aws_route.private_nat_route",
            "module.vpc.aws_route_table.private",
            "module.vpc.aws_route_table.public",
            "module.vpc.aws_route_table_association.private_subnet",
            "module.vpc.aws_route_table_association.public_subnet",
            "module.vpc.aws_security_group.app_security_group",
            "module.vpc.aws_security_group.eks_node_sg",
            "module.vpc.aws_subnet.private",
            "module.vpc.aws_subnet.public",
            "module.vpc.aws_vpc.main",
            "module.vpc.data.aws_availability_zones.available"
          ]
        }
      ]
    },
    {
      "module": "module.rds",
      "mode": "managed",
      "type": "aws_db_instance",
      "name": "db_insta",
      "provider": "provider[\"registry.terraform.io/hashicorp/aws\"]",
      "instances": [
        {
          "schema_version": 2,
          "attributes": {
            "address": "statuspage.ch0qwscg4fi5.us-east-1.rds.amazonaws.com",
            "allocated_storage": 20,
            "allow_major_version_upgrade": null,
            "apply_immediately": false,
            "arn": "arn:aws:rds:us-east-1:266735819819:db:statuspage",
            "auto_minor_version_upgrade": true,
            "availability_zone": "us-east-1a",
            "backup_retention_period": 0,
            "backup_target": "region",
            "backup_window": "05:26-05:56",
            "blue_green_update": [],
            "ca_cert_identifier": "rds-ca-rsa2048-g1",
            "character_set_name": "",
            "copy_tags_to_snapshot": false,
            "custom_iam_instance_profile": "",
            "customer_owned_ip_enabled": false,
            "db_name": "statuspage",
            "db_subnet_group_name": "rds-private-subnet-group",
            "dedicated_log_volume": false,
            "delete_automated_backups": true,
            "deletion_protection": false,
            "domain": "",
            "domain_auth_secret_arn": "",
            "domain_dns_ips": null,
            "domain_fqdn": "",
            "domain_iam_role_name": "",
            "domain_ou": "",
            "enabled_cloudwatch_logs_exports": null,
            "endpoint": "statuspage.ch0qwscg4fi5.us-east-1.rds.amazonaws.com:5432",
            "engine": "postgres",
            "engine_lifecycle_support": "open-source-rds-extended-support",
            "engine_version": "16.3",
            "engine_version_actual": "16.3",
            "final_snapshot_identifier": null,
            "hosted_zone_id": "Z2R2ITUGPM61AM",
            "iam_database_authentication_enabled": false,
            "id": "db-O4USAHGKR75GPJGIBJ4ETUMSKY",
            "identifier": "statuspage",
            "identifier_prefix": "",
            "instance_class": "db.t3.micro",
            "iops": 0,
            "kms_key_id": "",
            "latest_restorable_time": "",
            "license_model": "postgresql-license",
            "listener_endpoint": [],
            "maintenance_window": "mon:06:09-mon:06:39",
            "manage_master_user_password": null,
            "master_user_secret": [],
            "master_user_secret_kms_key_id": null,
            "max_allocated_storage": 0,
            "monitoring_interval": 0,
            "monitoring_role_arn": "",
            "multi_az": true,
            "nchar_character_set_name": "",
            "network_type": "IPV4",
            "option_group_name": "default:postgres-16",
            "parameter_group_name": "default.postgres16",
            "password": "mypassword",
            "performance_insights_enabled": false,
            "performance_insights_kms_key_id": "",
            "performance_insights_retention_period": 0,
            "port": 5432,
            "publicly_accessible": false,
            "replica_mode": "",
            "replicas": [],
            "replicate_source_db": "",
            "resource_id": "db-O4USAHGKR75GPJGIBJ4ETUMSKY",
            "restore_to_point_in_time": [],
            "s3_import": [],
            "skip_final_snapshot": true,
            "snapshot_identifier": null,
            "status": "available",
            "storage_encrypted": false,
            "storage_throughput": 0,
            "storage_type": "gp2",
            "tags": {
              "Name": "Y-R-db"
            },
            "tags_all": {
              "Name": "Y-R-db"
            },
            "timeouts": null,
            "timezone": "",
            "upgrade_storage_config": null,
            "username": "statuspage",
            "vpc_security_group_ids": [
              "sg-0417590e6e2769712"
            ]
          },
          "sensitive_attributes": [],
          "private": "eyJlMmJmYjczMC1lY2FhLTExZTYtOGY4OC0zNDM2M2JjN2M0YzAiOnsiY3JlYXRlIjoyNDAwMDAwMDAwMDAwLCJkZWxldGUiOjM2MDAwMDAwMDAwMDAsInVwZGF0ZSI6NDgwMDAwMDAwMDAwMH0sInNjaGVtYV92ZXJzaW9uIjoiMiJ9",
          "dependencies": [
            "module.rds.aws_db_subnet_group.db_subnet_group",
            "module.rds.aws_security_group.db_SG",
            "module.vpc.aws_security_group.eks_node_sg",
            "module.vpc.aws_subnet.private",
            "module.vpc.aws_vpc.main",
            "module.vpc.data.aws_availability_zones.available"
          ]
        }
      ]
    },
    {
      "module": "module.rds",
      "mode": "managed",
      "type": "aws_db_subnet_group",
      "name": "db_subnet_group",
      "provider": "provider[\"registry.terraform.io/hashicorp/aws\"]",
      "instances": [
        {
          "schema_version": 0,
          "attributes": {
            "arn": "arn:aws:rds:us-east-1:266735819819:subgrp:rds-private-subnet-group",
            "description": "Managed by Terraform",
            "id": "rds-private-subnet-group",
            "name": "rds-private-subnet-group",
            "name_prefix": "",
            "subnet_ids": [
              "subnet-0ae0cf2f94d5d0ff2",
              "subnet-0d49067333f9ae19f"
            ],
            "supported_network_types": [
              "IPV4"
            ],
            "tags": {
              "Name": "RDS Private Subnet Group"
            },
            "tags_all": {
              "Name": "RDS Private Subnet Group"
            },
            "vpc_id": "vpc-0e89afbfe0f5becbd"
          },
          "sensitive_attributes": [],
          "private": "bnVsbA==",
          "dependencies": [
            "module.vpc.aws_subnet.private",
            "module.vpc.aws_vpc.main",
            "module.vpc.data.aws_availability_zones.available"
          ]
        }
      ]
    },
    {
      "module": "module.rds",
      "mode": "managed",
      "type": "aws_security_group",
      "name": "db_SG",
      "provider": "provider[\"registry.terraform.io/hashicorp/aws\"]",
      "instances": [
        {
          "schema_version": 1,
          "attributes": {
            "arn": "arn:aws:ec2:us-east-1:266735819819:security-group/sg-0417590e6e2769712",
            "description": "Managed by Terraform",
            "egress": [
              {
                "cidr_blocks": [
                  "0.0.0.0/0"
                ],
                "description": "",
                "from_port": 0,
                "ipv6_cidr_blocks": [],
                "prefix_list_ids": [],
                "protocol": "-1",
                "security_groups": [],
                "self": false,
                "to_port": 0
              }
            ],
            "id": "sg-0417590e6e2769712",
            "ingress": [
              {
                "cidr_blocks": [],
                "description": "",
                "from_port": 5432,
                "ipv6_cidr_blocks": [],
                "prefix_list_ids": [],
                "protocol": "tcp",
                "security_groups": [
                  "sg-081980ac06b127d64"
                ],
                "self": false,
                "to_port": 5432
              }
            ],
            "name": "db_prefix2024101820501391910000000c",
            "name_prefix": "db_prefix",
            "owner_id": "266735819819",
            "revoke_rules_on_delete": false,
            "tags": null,
            "tags_all": {},
            "timeouts": null,
            "vpc_id": "vpc-0e89afbfe0f5becbd"
          },
          "sensitive_attributes": [],
          "private": "eyJlMmJmYjczMC1lY2FhLTExZTYtOGY4OC0zNDM2M2JjN2M0YzAiOnsiY3JlYXRlIjo2MDAwMDAwMDAwMDAsImRlbGV0ZSI6OTAwMDAwMDAwMDAwfSwic2NoZW1hX3ZlcnNpb24iOiIxIn0=",
          "dependencies": [
            "module.vpc.aws_security_group.eks_node_sg",
            "module.vpc.aws_vpc.main"
          ]
        }
      ]
    },
    {
      "module": "module.vpc",
      "mode": "data",
      "type": "aws_availability_zones",
      "name": "available",
      "provider": "provider[\"registry.terraform.io/hashicorp/aws\"]",
      "instances": [
        {
          "schema_version": 0,
          "attributes": {
            "all_availability_zones": null,
            "exclude_names": null,
            "exclude_zone_ids": null,
            "filter": null,
            "group_names": [
              "us-east-1"
            ],
            "id": "us-east-1",
            "names": [
              "us-east-1a",
              "us-east-1b",
              "us-east-1c",
              "us-east-1d",
              "us-east-1e",
              "us-east-1f"
            ],
            "state": null,
            "timeouts": null,
            "zone_ids": [
              "use1-az2",
              "use1-az4",
              "use1-az6",
              "use1-az1",
              "use1-az3",
              "use1-az5"
            ]
          },
          "sensitive_attributes": []
        }
      ]
    },
    {
      "module": "module.vpc",
      "mode": "managed",
      "type": "aws_eip",
      "name": "nat",
      "provider": "provider[\"registry.terraform.io/hashicorp/aws\"]",
      "instances": [
        {
          "schema_version": 0,
          "attributes": {
            "address": null,
            "allocation_id": "eipalloc-087f83076e5ee8825",
            "arn": "arn:aws:ec2:us-east-1:266735819819:elastic-ip/eipalloc-087f83076e5ee8825",
            "associate_with_private_ip": null,
            "association_id": "",
            "carrier_ip": "",
            "customer_owned_ip": "",
            "customer_owned_ipv4_pool": "",
            "domain": "vpc",
            "id": "eipalloc-087f83076e5ee8825",
            "instance": "",
            "ipam_pool_id": null,
            "network_border_group": "us-east-1",
            "network_interface": "",
            "private_dns": null,
            "private_ip": "",
            "ptr_record": "",
            "public_dns": "ec2-54-161-199-99.compute-1.amazonaws.com",
            "public_ip": "54.161.199.99",
            "public_ipv4_pool": "amazon",
            "tags": {
              "Name": "Y\u0026R NAT EIP"
            },
            "tags_all": {
              "Name": "Y\u0026R NAT EIP"
            },
            "timeouts": null,
            "vpc": true
          },
          "sensitive_attributes": [],
          "private": "eyJlMmJmYjczMC1lY2FhLTExZTYtOGY4OC0zNDM2M2JjN2M0YzAiOnsiZGVsZXRlIjoxODAwMDAwMDAwMDAsInJlYWQiOjkwMDAwMDAwMDAwMCwidXBkYXRlIjozMDAwMDAwMDAwMDB9fQ=="
        }
      ]
    },
    {
      "module": "module.vpc",
      "mode": "managed",
      "type": "aws_internet_gateway",
      "name": "igw",
      "provider": "provider[\"registry.terraform.io/hashicorp/aws\"]",
      "instances": [
        {
          "schema_version": 0,
          "attributes": {
            "arn": "arn:aws:ec2:us-east-1:266735819819:internet-gateway/igw-04b74262f2fa145b1",
            "id": "igw-04b74262f2fa145b1",
            "owner_id": "266735819819",
            "tags": {
              "Name": "Y\u0026R IGW"
            },
            "tags_all": {
              "Name": "Y\u0026R IGW"
            },
            "timeouts": null,
            "vpc_id": "vpc-0e89afbfe0f5becbd"
          },
          "sensitive_attributes": [],
          "private": "eyJlMmJmYjczMC1lY2FhLTExZTYtOGY4OC0zNDM2M2JjN2M0YzAiOnsiY3JlYXRlIjoxMjAwMDAwMDAwMDAwLCJkZWxldGUiOjEyMDAwMDAwMDAwMDAsInVwZGF0ZSI6MTIwMDAwMDAwMDAwMH19",
          "dependencies": [
            "module.vpc.aws_vpc.main"
          ]
        }
      ]
    },
    {
      "module": "module.vpc",
      "mode": "managed",
      "type": "aws_nat_gateway",
      "name": "nat",
      "provider": "provider[\"registry.terraform.io/hashicorp/aws\"]",
      "instances": [
        {
          "schema_version": 0,
          "attributes": {
            "allocation_id": "eipalloc-087f83076e5ee8825",
            "association_id": "eipassoc-0416eabb9c2553378",
            "connectivity_type": "public",
            "id": "nat-06dbfb75cd9317f0b",
            "network_interface_id": "eni-02dffb190f6d799d3",
            "private_ip": "10.0.0.187",
            "public_ip": "54.161.199.99",
            "secondary_allocation_ids": null,
            "secondary_private_ip_address_count": 0,
            "secondary_private_ip_addresses": [],
            "subnet_id": "subnet-09ec6f38fd81e5961",
            "tags": {
              "Name": "Y\u0026R NAT Gateway"
            },
            "tags_all": {
              "Name": "Y\u0026R NAT Gateway"
            },
            "timeouts": null
          },
          "sensitive_attributes": [],
          "private": "eyJlMmJmYjczMC1lY2FhLTExZTYtOGY4OC0zNDM2M2JjN2M0YzAiOnsiY3JlYXRlIjo2MDAwMDAwMDAwMDAsImRlbGV0ZSI6MTgwMDAwMDAwMDAwMCwidXBkYXRlIjo2MDAwMDAwMDAwMDB9fQ==",
          "dependencies": [
            "module.vpc.aws_eip.nat",
            "module.vpc.aws_subnet.public",
            "module.vpc.aws_vpc.main",
            "module.vpc.data.aws_availability_zones.available"
          ]
        }
      ]
    },
    {
      "module": "module.vpc",
      "mode": "managed",
      "type": "aws_route",
      "name": "private_nat_route",
      "provider": "provider[\"registry.terraform.io/hashicorp/aws\"]",
      "instances": [
        {
          "schema_version": 0,
          "attributes": {
            "carrier_gateway_id": "",
            "core_network_arn": "",
            "destination_cidr_block": "0.0.0.0/0",
            "destination_ipv6_cidr_block": "",
            "destination_prefix_list_id": "",
            "egress_only_gateway_id": "",
            "gateway_id": "",
            "id": "r-rtb-0273ffa13bb9e71f51080289494",
            "instance_id": "",
            "instance_owner_id": "",
            "local_gateway_id": "",
            "nat_gateway_id": "nat-06dbfb75cd9317f0b",
            "network_interface_id": "",
            "origin": "CreateRoute",
            "route_table_id": "rtb-0273ffa13bb9e71f5",
            "state": "active",
            "timeouts": null,
            "transit_gateway_id": "",
            "vpc_endpoint_id": "",
            "vpc_peering_connection_id": ""
          },
          "sensitive_attributes": [],
          "private": "eyJlMmJmYjczMC1lY2FhLTExZTYtOGY4OC0zNDM2M2JjN2M0YzAiOnsiY3JlYXRlIjozMDAwMDAwMDAwMDAsImRlbGV0ZSI6MzAwMDAwMDAwMDAwLCJ1cGRhdGUiOjEyMDAwMDAwMDAwMH19",
          "dependencies": [
            "module.vpc.aws_eip.nat",
            "module.vpc.aws_nat_gateway.nat",
            "module.vpc.aws_route_table.private",
            "module.vpc.aws_subnet.public",
            "module.vpc.aws_vpc.main",
            "module.vpc.data.aws_availability_zones.available"
          ]
        }
      ]
    },
    {
      "module": "module.vpc",
      "mode": "managed",
      "type": "aws_route_table",
      "name": "private",
      "provider": "provider[\"registry.terraform.io/hashicorp/aws\"]",
      "instances": [
        {
          "schema_version": 0,
          "attributes": {
            "arn": "arn:aws:ec2:us-east-1:266735819819:route-table/rtb-0273ffa13bb9e71f5",
            "id": "rtb-0273ffa13bb9e71f5",
            "owner_id": "266735819819",
            "propagating_vgws": [],
            "route": [],
            "tags": {
              "Name": "Y\u0026R Private Route Table"
            },
            "tags_all": {
              "Name": "Y\u0026R Private Route Table"
            },
            "timeouts": null,
            "vpc_id": "vpc-0e89afbfe0f5becbd"
          },
          "sensitive_attributes": [],
          "private": "eyJlMmJmYjczMC1lY2FhLTExZTYtOGY4OC0zNDM2M2JjN2M0YzAiOnsiY3JlYXRlIjozMDAwMDAwMDAwMDAsImRlbGV0ZSI6MzAwMDAwMDAwMDAwLCJ1cGRhdGUiOjEyMDAwMDAwMDAwMH19",
          "dependencies": [
            "module.vpc.aws_vpc.main"
          ]
        }
      ]
    },
    {
      "module": "module.vpc",
      "mode": "managed",
      "type": "aws_route_table",
      "name": "public",
      "provider": "provider[\"registry.terraform.io/hashicorp/aws\"]",
      "instances": [
        {
          "schema_version": 0,
          "attributes": {
            "arn": "arn:aws:ec2:us-east-1:266735819819:route-table/rtb-0f890db5b5ca2d992",
            "id": "rtb-0f890db5b5ca2d992",
            "owner_id": "266735819819",
            "propagating_vgws": [],
            "route": [
              {
                "carrier_gateway_id": "",
                "cidr_block": "0.0.0.0/0",
                "core_network_arn": "",
                "destination_prefix_list_id": "",
                "egress_only_gateway_id": "",
                "gateway_id": "igw-04b74262f2fa145b1",
                "ipv6_cidr_block": "",
                "local_gateway_id": "",
                "nat_gateway_id": "",
                "network_interface_id": "",
                "transit_gateway_id": "",
                "vpc_endpoint_id": "",
                "vpc_peering_connection_id": ""
              }
            ],
            "tags": {
              "Name": "Y\u0026R Public Route Table"
            },
            "tags_all": {
              "Name": "Y\u0026R Public Route Table"
            },
            "timeouts": null,
            "vpc_id": "vpc-0e89afbfe0f5becbd"
          },
          "sensitive_attributes": [],
          "private": "eyJlMmJmYjczMC1lY2FhLTExZTYtOGY4OC0zNDM2M2JjN2M0YzAiOnsiY3JlYXRlIjozMDAwMDAwMDAwMDAsImRlbGV0ZSI6MzAwMDAwMDAwMDAwLCJ1cGRhdGUiOjEyMDAwMDAwMDAwMH19",
          "dependencies": [
            "module.vpc.aws_internet_gateway.igw",
            "module.vpc.aws_vpc.main"
          ]
        }
      ]
    },
    {
      "module": "module.vpc",
      "mode": "managed",
      "type": "aws_route_table_association",
      "name": "private_subnet",
      "provider": "provider[\"registry.terraform.io/hashicorp/aws\"]",
      "instances": [
        {
          "index_key": 0,
          "schema_version": 0,
          "attributes": {
            "gateway_id": "",
            "id": "rtbassoc-02fc74ae2c75eec5b",
            "route_table_id": "rtb-0273ffa13bb9e71f5",
            "subnet_id": "subnet-0d49067333f9ae19f",
            "timeouts": null
          },
          "sensitive_attributes": [],
          "private": "eyJlMmJmYjczMC1lY2FhLTExZTYtOGY4OC0zNDM2M2JjN2M0YzAiOnsiY3JlYXRlIjozMDAwMDAwMDAwMDAsImRlbGV0ZSI6MzAwMDAwMDAwMDAwLCJ1cGRhdGUiOjEyMDAwMDAwMDAwMH19",
          "dependencies": [
            "module.vpc.aws_route_table.private",
            "module.vpc.aws_subnet.private",
            "module.vpc.aws_vpc.main",
            "module.vpc.data.aws_availability_zones.available"
          ]
        },
        {
          "index_key": 1,
          "schema_version": 0,
          "attributes": {
            "gateway_id": "",
            "id": "rtbassoc-0a82b7d8ae5d7043a",
            "route_table_id": "rtb-0273ffa13bb9e71f5",
            "subnet_id": "subnet-0ae0cf2f94d5d0ff2",
            "timeouts": null
          },
          "sensitive_attributes": [],
          "private": "eyJlMmJmYjczMC1lY2FhLTExZTYtOGY4OC0zNDM2M2JjN2M0YzAiOnsiY3JlYXRlIjozMDAwMDAwMDAwMDAsImRlbGV0ZSI6MzAwMDAwMDAwMDAwLCJ1cGRhdGUiOjEyMDAwMDAwMDAwMH19",
          "dependencies": [
            "module.vpc.aws_route_table.private",
            "module.vpc.aws_subnet.private",
            "module.vpc.aws_vpc.main",
            "module.vpc.data.aws_availability_zones.available"
          ]
        }
      ]
    },
    {
      "module": "module.vpc",
      "mode": "managed",
      "type": "aws_route_table_association",
      "name": "public_subnet",
      "provider": "provider[\"registry.terraform.io/hashicorp/aws\"]",
      "instances": [
        {
          "index_key": 0,
          "schema_version": 0,
          "attributes": {
            "gateway_id": "",
            "id": "rtbassoc-09bc17115051d1309",
            "route_table_id": "rtb-0f890db5b5ca2d992",
            "subnet_id": "subnet-09ec6f38fd81e5961",
            "timeouts": null
          },
          "sensitive_attributes": [],
          "private": "eyJlMmJmYjczMC1lY2FhLTExZTYtOGY4OC0zNDM2M2JjN2M0YzAiOnsiY3JlYXRlIjozMDAwMDAwMDAwMDAsImRlbGV0ZSI6MzAwMDAwMDAwMDAwLCJ1cGRhdGUiOjEyMDAwMDAwMDAwMH19",
          "dependencies": [
            "module.vpc.aws_internet_gateway.igw",
            "module.vpc.aws_route_table.public",
            "module.vpc.aws_subnet.public",
            "module.vpc.aws_vpc.main",
            "module.vpc.data.aws_availability_zones.available"
          ]
        },
        {
          "index_key": 1,
          "schema_version": 0,
          "attributes": {
            "gateway_id": "",
            "id": "rtbassoc-0c5d910288b2713fe",
            "route_table_id": "rtb-0f890db5b5ca2d992",
            "subnet_id": "subnet-065cc42077979f674",
            "timeouts": null
          },
          "sensitive_attributes": [],
          "private": "eyJlMmJmYjczMC1lY2FhLTExZTYtOGY4OC0zNDM2M2JjN2M0YzAiOnsiY3JlYXRlIjozMDAwMDAwMDAwMDAsImRlbGV0ZSI6MzAwMDAwMDAwMDAwLCJ1cGRhdGUiOjEyMDAwMDAwMDAwMH19",
          "dependencies": [
            "module.vpc.aws_internet_gateway.igw",
            "module.vpc.aws_route_table.public",
            "module.vpc.aws_subnet.public",
            "module.vpc.aws_vpc.main",
            "module.vpc.data.aws_availability_zones.available"
          ]
        }
      ]
    },
    {
      "module": "module.vpc",
      "mode": "managed",
      "type": "aws_security_group",
      "name": "app_security_group",
      "provider": "provider[\"registry.terraform.io/hashicorp/aws\"]",
      "instances": [
        {
          "schema_version": 1,
          "attributes": {
            "arn": "arn:aws:ec2:us-east-1:266735819819:security-group/sg-0d9481b71cfcab47d",
            "description": "Security group for the application running on port 8000",
            "egress": [
              {
                "cidr_blocks": [
                  "0.0.0.0/0"
                ],
                "description": "",
                "from_port": 0,
                "ipv6_cidr_blocks": [],
                "prefix_list_ids": [],
                "protocol": "-1",
                "security_groups": [],
                "self": false,
                "to_port": 0
              }
            ],
            "id": "sg-0d9481b71cfcab47d",
            "ingress": [
              {
                "cidr_blocks": [
                  "0.0.0.0/0"
                ],
                "description": "",
                "from_port": 8000,
                "ipv6_cidr_blocks": [],
                "prefix_list_ids": [],
                "protocol": "tcp",
                "security_groups": [],
                "self": false,
                "to_port": 8000
              }
            ],
            "name": "app-security-group",
            "name_prefix": "",
            "owner_id": "266735819819",
            "revoke_rules_on_delete": false,
            "tags": {
              "Name": "Y\u0026R Application Security Group"
            },
            "tags_all": {
              "Name": "Y\u0026R Application Security Group"
            },
            "timeouts": null,
            "vpc_id": "vpc-0e89afbfe0f5becbd"
          },
          "sensitive_attributes": [],
          "private": "eyJlMmJmYjczMC1lY2FhLTExZTYtOGY4OC0zNDM2M2JjN2M0YzAiOnsiY3JlYXRlIjo2MDAwMDAwMDAwMDAsImRlbGV0ZSI6OTAwMDAwMDAwMDAwfSwic2NoZW1hX3ZlcnNpb24iOiIxIn0=",
          "dependencies": [
            "module.vpc.aws_vpc.main"
          ]
        }
      ]
    },
    {
      "module": "module.vpc",
      "mode": "managed",
      "type": "aws_security_group",
      "name": "eks_node_sg",
      "provider": "provider[\"registry.terraform.io/hashicorp/aws\"]",
      "instances": [
        {
          "schema_version": 1,
          "attributes": {
            "arn": "arn:aws:ec2:us-east-1:266735819819:security-group/sg-081980ac06b127d64",
            "description": "EKS worker node security group",
            "egress": [
              {
                "cidr_blocks": [
                  "0.0.0.0/0"
                ],
                "description": "",
                "from_port": 0,
                "ipv6_cidr_blocks": [],
                "prefix_list_ids": [],
                "protocol": "-1",
                "security_groups": [],
                "self": false,
                "to_port": 0
              }
            ],
            "id": "sg-081980ac06b127d64",
            "ingress": [
              {
                "cidr_blocks": [
                  "0.0.0.0/0"
                ],
                "description": "",
                "from_port": 10250,
                "ipv6_cidr_blocks": [],
                "prefix_list_ids": [],
                "protocol": "tcp",
                "security_groups": [],
                "self": false,
                "to_port": 10250
              },
              {
                "cidr_blocks": [
                  "0.0.0.0/0"
                ],
                "description": "",
                "from_port": 30000,
                "ipv6_cidr_blocks": [],
                "prefix_list_ids": [],
                "protocol": "tcp",
                "security_groups": [],
                "self": false,
                "to_port": 32767
              },
              {
                "cidr_blocks": [
                  "0.0.0.0/0"
                ],
                "description": "",
                "from_port": 443,
                "ipv6_cidr_blocks": [],
                "prefix_list_ids": [],
                "protocol": "tcp",
                "security_groups": [],
                "self": false,
                "to_port": 443
              }
            ],
            "name": "my-eks-cluster-eks-node-sg",
            "name_prefix": "",
            "owner_id": "266735819819",
            "revoke_rules_on_delete": false,
            "tags": {
              "Name": "Y\u0026R-EKS-Node-SG"
            },
            "tags_all": {
              "Name": "Y\u0026R-EKS-Node-SG"
            },
            "timeouts": null,
            "vpc_id": "vpc-0e89afbfe0f5becbd"
          },
          "sensitive_attributes": [],
          "private": "eyJlMmJmYjczMC1lY2FhLTExZTYtOGY4OC0zNDM2M2JjN2M0YzAiOnsiY3JlYXRlIjo2MDAwMDAwMDAwMDAsImRlbGV0ZSI6OTAwMDAwMDAwMDAwfSwic2NoZW1hX3ZlcnNpb24iOiIxIn0=",
          "dependencies": [
            "module.vpc.aws_vpc.main"
          ]
        }
      ]
    },
    {
      "module": "module.vpc",
      "mode": "managed",
      "type": "aws_subnet",
      "name": "private",
      "provider": "provider[\"registry.terraform.io/hashicorp/aws\"]",
      "instances": [
        {
          "index_key": 0,
          "schema_version": 1,
          "attributes": {
            "arn": "arn:aws:ec2:us-east-1:266735819819:subnet/subnet-0d49067333f9ae19f",
            "assign_ipv6_address_on_creation": false,
            "availability_zone": "us-east-1a",
            "availability_zone_id": "use1-az2",
            "cidr_block": "10.0.2.0/24",
            "customer_owned_ipv4_pool": "",
            "enable_dns64": false,
            "enable_lni_at_device_index": 0,
            "enable_resource_name_dns_a_record_on_launch": false,
            "enable_resource_name_dns_aaaa_record_on_launch": false,
            "id": "subnet-0d49067333f9ae19f",
            "ipv6_cidr_block": "",
            "ipv6_cidr_block_association_id": "",
            "ipv6_native": false,
            "map_customer_owned_ip_on_launch": false,
            "map_public_ip_on_launch": false,
            "outpost_arn": "",
            "owner_id": "266735819819",
            "private_dns_hostname_type_on_launch": "ip-name",
            "tags": {
              "Name": "Y\u0026R Private Subnet 1"
            },
            "tags_all": {
              "Name": "Y\u0026R Private Subnet 1"
            },
            "timeouts": null,
            "vpc_id": "vpc-0e89afbfe0f5becbd"
          },
          "sensitive_attributes": [],
          "private": "eyJlMmJmYjczMC1lY2FhLTExZTYtOGY4OC0zNDM2M2JjN2M0YzAiOnsiY3JlYXRlIjo2MDAwMDAwMDAwMDAsImRlbGV0ZSI6MTIwMDAwMDAwMDAwMH0sInNjaGVtYV92ZXJzaW9uIjoiMSJ9",
          "dependencies": [
            "module.vpc.aws_vpc.main",
            "module.vpc.data.aws_availability_zones.available"
          ]
        },
        {
          "index_key": 1,
          "schema_version": 1,
          "attributes": {
            "arn": "arn:aws:ec2:us-east-1:266735819819:subnet/subnet-0ae0cf2f94d5d0ff2",
            "assign_ipv6_address_on_creation": false,
            "availability_zone": "us-east-1b",
            "availability_zone_id": "use1-az4",
            "cidr_block": "10.0.3.0/24",
            "customer_owned_ipv4_pool": "",
            "enable_dns64": false,
            "enable_lni_at_device_index": 0,
            "enable_resource_name_dns_a_record_on_launch": false,
            "enable_resource_name_dns_aaaa_record_on_launch": false,
            "id": "subnet-0ae0cf2f94d5d0ff2",
            "ipv6_cidr_block": "",
            "ipv6_cidr_block_association_id": "",
            "ipv6_native": false,
            "map_customer_owned_ip_on_launch": false,
            "map_public_ip_on_launch": false,
            "outpost_arn": "",
            "owner_id": "266735819819",
            "private_dns_hostname_type_on_launch": "ip-name",
            "tags": {
              "Name": "Y\u0026R Private Subnet 2"
            },
            "tags_all": {
              "Name": "Y\u0026R Private Subnet 2"
            },
            "timeouts": null,
            "vpc_id": "vpc-0e89afbfe0f5becbd"
          },
          "sensitive_attributes": [],
          "private": "eyJlMmJmYjczMC1lY2FhLTExZTYtOGY4OC0zNDM2M2JjN2M0YzAiOnsiY3JlYXRlIjo2MDAwMDAwMDAwMDAsImRlbGV0ZSI6MTIwMDAwMDAwMDAwMH0sInNjaGVtYV92ZXJzaW9uIjoiMSJ9",
          "dependencies": [
            "module.vpc.aws_vpc.main",
            "module.vpc.data.aws_availability_zones.available"
          ]
        }
      ]
    },
    {
      "module": "module.vpc",
      "mode": "managed",
      "type": "aws_subnet",
      "name": "public",
      "provider": "provider[\"registry.terraform.io/hashicorp/aws\"]",
      "instances": [
        {
          "index_key": 0,
          "schema_version": 1,
          "attributes": {
            "arn": "arn:aws:ec2:us-east-1:266735819819:subnet/subnet-09ec6f38fd81e5961",
            "assign_ipv6_address_on_creation": false,
            "availability_zone": "us-east-1a",
            "availability_zone_id": "use1-az2",
            "cidr_block": "10.0.0.0/24",
            "customer_owned_ipv4_pool": "",
            "enable_dns64": false,
            "enable_lni_at_device_index": 0,
            "enable_resource_name_dns_a_record_on_launch": false,
            "enable_resource_name_dns_aaaa_record_on_launch": false,
            "id": "subnet-09ec6f38fd81e5961",
            "ipv6_cidr_block": "",
            "ipv6_cidr_block_association_id": "",
            "ipv6_native": false,
            "map_customer_owned_ip_on_launch": false,
            "map_public_ip_on_launch": true,
            "outpost_arn": "",
            "owner_id": "266735819819",
            "private_dns_hostname_type_on_launch": "ip-name",
            "tags": {
              "Name": "Y\u0026R Public Subnet 1"
            },
            "tags_all": {
              "Name": "Y\u0026R Public Subnet 1"
            },
            "timeouts": null,
            "vpc_id": "vpc-0e89afbfe0f5becbd"
          },
          "sensitive_attributes": [],
          "private": "eyJlMmJmYjczMC1lY2FhLTExZTYtOGY4OC0zNDM2M2JjN2M0YzAiOnsiY3JlYXRlIjo2MDAwMDAwMDAwMDAsImRlbGV0ZSI6MTIwMDAwMDAwMDAwMH0sInNjaGVtYV92ZXJzaW9uIjoiMSJ9",
          "dependencies": [
            "module.vpc.aws_vpc.main",
            "module.vpc.data.aws_availability_zones.available"
          ]
        },
        {
          "index_key": 1,
          "schema_version": 1,
          "attributes": {
            "arn": "arn:aws:ec2:us-east-1:266735819819:subnet/subnet-065cc42077979f674",
            "assign_ipv6_address_on_creation": false,
            "availability_zone": "us-east-1b",
            "availability_zone_id": "use1-az4",
            "cidr_block": "10.0.1.0/24",
            "customer_owned_ipv4_pool": "",
            "enable_dns64": false,
            "enable_lni_at_device_index": 0,
            "enable_resource_name_dns_a_record_on_launch": false,
            "enable_resource_name_dns_aaaa_record_on_launch": false,
            "id": "subnet-065cc42077979f674",
            "ipv6_cidr_block": "",
            "ipv6_cidr_block_association_id": "",
            "ipv6_native": false,
            "map_customer_owned_ip_on_launch": false,
            "map_public_ip_on_launch": true,
            "outpost_arn": "",
            "owner_id": "266735819819",
            "private_dns_hostname_type_on_launch": "ip-name",
            "tags": {
              "Name": "Y\u0026R Public Subnet 2"
            },
            "tags_all": {
              "Name": "Y\u0026R Public Subnet 2"
            },
            "timeouts": null,
            "vpc_id": "vpc-0e89afbfe0f5becbd"
          },
          "sensitive_attributes": [],
          "private": "eyJlMmJmYjczMC1lY2FhLTExZTYtOGY4OC0zNDM2M2JjN2M0YzAiOnsiY3JlYXRlIjo2MDAwMDAwMDAwMDAsImRlbGV0ZSI6MTIwMDAwMDAwMDAwMH0sInNjaGVtYV92ZXJzaW9uIjoiMSJ9",
          "dependencies": [
            "module.vpc.aws_vpc.main",
            "module.vpc.data.aws_availability_zones.available"
          ]
        }
      ]
    },
    {
      "module": "module.vpc",
      "mode": "managed",
      "type": "aws_vpc",
      "name": "main",
      "provider": "provider[\"registry.terraform.io/hashicorp/aws\"]",
      "instances": [
        {
          "schema_version": 1,
          "attributes": {
            "arn": "arn:aws:ec2:us-east-1:266735819819:vpc/vpc-0e89afbfe0f5becbd",
            "assign_generated_ipv6_cidr_block": false,
            "cidr_block": "10.0.0.0/16",
            "default_network_acl_id": "acl-02699e87b2f477329",
            "default_route_table_id": "rtb-08eef64573de91272",
            "default_security_group_id": "sg-0b3d6a4e90b973a29",
            "dhcp_options_id": "dopt-0cc7c285b90edddf3",
            "enable_dns_hostnames": true,
            "enable_dns_support": true,
            "enable_network_address_usage_metrics": false,
            "id": "vpc-0e89afbfe0f5becbd",
            "instance_tenancy": "default",
            "ipv4_ipam_pool_id": null,
            "ipv4_netmask_length": null,
            "ipv6_association_id": "",
            "ipv6_cidr_block": "",
            "ipv6_cidr_block_network_border_group": "",
            "ipv6_ipam_pool_id": "",
            "ipv6_netmask_length": 0,
            "main_route_table_id": "rtb-08eef64573de91272",
            "owner_id": "266735819819",
            "tags": {
              "Name": "Y\u0026R VPC"
            },
            "tags_all": {
              "Name": "Y\u0026R VPC"
            }
          },
          "sensitive_attributes": [],
          "private": "eyJzY2hlbWFfdmVyc2lvbiI6IjEifQ=="
        }
      ]
    }
  ],
  "check_results": null
}
